
Microsoft Visual Studio Solution File, Format Version 12.00
# Visual Studio 2013
VisualStudioVersion = 12.0.21005.1
MinimumVisualStudioVersion = 10.0.40219.1
Project("{2150E333-8FDC-42A3-9474-1A3956D46DE8}") = "SMT.Workflow.EngineTimer", "SMT.Workflow.EngineTimer", "{8EC487AC-1896-46C4-A4B7-18641F3DCBCD}"
EndProject
Project("{2150E333-8FDC-42A3-9474-1A3956D46DE8}") = "SMT.Workflow.UI", "SMT.Workflow.UI", "{A9B2EF2B-E975-4515-A8BC-FC5CA49F4714}"
EndProject
Project("{2150E333-8FDC-42A3-9474-1A3956D46DE8}") = "SMT.Workflow.Services", "SMT.Workflow.Services", "{09C9792A-9838-4094-B2BC-CBB3BA42CD7A}"
EndProject
Project("{2150E333-8FDC-42A3-9474-1A3956D46DE8}") = "SMT.Workflow.Services.Engine", "SMT.Workflow.Services.Engine", "{91BC8C1C-DB9C-48D2-BCAA-5D1D2C7F4776}"
EndProject
Project("{2150E333-8FDC-42A3-9474-1A3956D46DE8}") = "SMT.Workflow.UIServices", "SMT.Workflow.UIServices", "{17316E6C-30F2-4F6A-A4AC-38BD5E516772}"
EndProject
Project("{2150E333-8FDC-42A3-9474-1A3956D46DE8}") = "SMT.Workflow.Common", "SMT.Workflow.Common", "{79F4D87B-1DD7-48EE-8FA9-1C92B6F30DE3}"
EndProject
Project("{2150E333-8FDC-42A3-9474-1A3956D46DE8}") = "业务系统", "业务系统", "{379B0614-FFAF-46AB-B816-EF5CB7B1AFB0}"
EndProject
Project("{2150E333-8FDC-42A3-9474-1A3956D46DE8}") = "测试", "测试", "{951497F5-58C7-4775-8E16-35FD6E2F4644}"
EndProject
Project("{2150E333-8FDC-42A3-9474-1A3956D46DE8}") = "SMT.Flow.WFService", "SMT.Flow.WFService", "{E005B207-CFB9-4BC7-96C4-178F61723510}"
EndProject
Project("{FAE04EC0-301F-11D3-BF4B-00C04F79EFBC}") = "SMT.Workflow.Engine.DAL", "SMT.Workflow.Engine\SMT.Workflow.Engine.DAL\SMT.Workflow.Engine.DAL.csproj", "{AA5D10E0-B6A9-42D2-BEED-8615921BB1FE}"
EndProject
Project("{FAE04EC0-301F-11D3-BF4B-00C04F79EFBC}") = "SMT.Workflow.Platform.Designer", "SMT.Workflow.Platform\SMT.Workflow.Platform.Designer\SMT.Workflow.Platform.Designer.csproj", "{060003E7-5A4D-4B47-91D1-32D1A356014A}"
	ProjectSection(ProjectDependencies) = postProject
		{CD948523-9F33-43E7-AB12-6F9BBD7F4104} = {CD948523-9F33-43E7-AB12-6F9BBD7F4104}
	EndProjectSection
EndProject
Project("{FAE04EC0-301F-11D3-BF4B-00C04F79EFBC}") = "SMT.Workflow.Common.Model", "SMT.Workflow.Common\SMT.Workflow.Common.Model\SMT.Workflow.Common.Model.csproj", "{AA1B3B25-A276-4B58-A255-79B71B01B048}"
EndProject
Project("{FAE04EC0-301F-11D3-BF4B-00C04F79EFBC}") = "SMT.Workflow.Engine.Services", "SMT.Workflow.Services\SMT.Workflow.Services.Engine\SMT.Workflow.Engine.Services\SMT.Workflow.Engine.Services.csproj", "{8F3DBFF0-D1D6-4C1E-A11C-6D4C730E9E3B}"
EndProject
Project("{FAE04EC0-301F-11D3-BF4B-00C04F79EFBC}") = "SMT.Workflow.Platform.DAL", "SMT.Workflow.Services\SMT.Workflow.Services.Platform\SMT.Workflow.Platform.DAL\SMT.Workflow.Platform.DAL.csproj", "{03383FE0-2C9E-41CA-B693-8949F79AE0BB}"
EndProject
Project("{FAE04EC0-301F-11D3-BF4B-00C04F79EFBC}") = "SMT.Workflow.Platform.BLL", "SMT.Workflow.Services\SMT.Workflow.Services.Platform\SMT.Workflow.Platform.BLL\SMT.Workflow.Platform.BLL.csproj", "{6424D743-8F3C-48D1-8969-B7D382C84017}"
EndProject
Project("{FAE04EC0-301F-11D3-BF4B-00C04F79EFBC}") = "SMT.Workflow.Platform.Services", "SMT.Workflow.Services\SMT.Workflow.Services.Platform\SMT.Workflow.Platform.Services\SMT.Workflow.Platform.Services.csproj", "{CD948523-9F33-43E7-AB12-6F9BBD7F4104}"
EndProject
Project("{FAE04EC0-301F-11D3-BF4B-00C04F79EFBC}") = "SMT.Workflow.Engine.BLL", "SMT.Workflow.Engine\SMT.Workflow.Engine.BLL\SMT.Workflow.Engine.BLL.csproj", "{069C7DF7-469D-4D57-A3FE-E4C03C1C3C16}"
EndProject
Project("{FAE04EC0-301F-11D3-BF4B-00C04F79EFBC}") = "SMT.Workflow.Engine.IContract", "SMT.Workflow.Engine\SMT.Workflow.Engine.IContract\SMT.Workflow.Engine.IContract.csproj", "{49697E41-FBD9-4BF8-A69D-A9447777E345}"
EndProject
Project("{FAE04EC0-301F-11D3-BF4B-00C04F79EFBC}") = "SMT.Workflow.Engine.TimingService", "SMT.Workflow.Engine\SMT.Workflow.Engine.TimingService\SMT.Workflow.Engine.TimingService.csproj", "{B717EB89-F873-49CF-BF41-A957E77951FF}"
EndProject
Project("{FAE04EC0-301F-11D3-BF4B-00C04F79EFBC}") = "SMT.Workflow.Engine.Services.DAL", "SMT.Workflow.Services\SMT.Workflow.Services.Engine\SMT.Workflow.Engine.Services.DAL\SMT.Workflow.Engine.Services.DAL.csproj", "{A7327528-F1EA-414B-A5AE-DE76FFD4379B}"
EndProject
Project("{FAE04EC0-301F-11D3-BF4B-00C04F79EFBC}") = "SMT.Workflow.Engine.Services.BLL", "SMT.Workflow.Services\SMT.Workflow.Services.Engine\SMT.Workflow.Engine.Services.BLL\SMT.Workflow.Engine.Services.BLL.csproj", "{9C6AB590-1072-4EA7-B7DA-FC33B765EE2D}"
EndProject
Project("{FAE04EC0-301F-11D3-BF4B-00C04F79EFBC}") = "SMT.Workflow.SMTCache", "SMT.Workflow.Common\SMT.Workflow.SMTCache\SMT.Workflow.SMTCache.csproj", "{7B000B9A-4C3D-484B-AA43-82280A5226FC}"
EndProject
Project("{FAE04EC0-301F-11D3-BF4B-00C04F79EFBC}") = "SMT.Foundation.Core", "..\..\OA\源码\SMT.Foundation.NewCore\SMT.Foundation.Core.csproj", "{9D2F51E2-9710-4C91-A66B-823EB72437FD}"
EndProject
Project("{FAE04EC0-301F-11D3-BF4B-00C04F79EFBC}") = "SMT.FlowDAL", "SMT.SaaS.FlowSystem\SMT.FlowDAL\SMT.FlowDAL.csproj", "{6B61ACF2-41B8-45FA-AED3-1AC9D5950135}"
EndProject
Project("{FAE04EC0-301F-11D3-BF4B-00C04F79EFBC}") = "SMT.FlowWFService", "SMT.SaaS.FlowSystem\SMT.FlowWFService\SMT.FlowWFService.csproj", "{10EFAFD0-B2C8-4F13-B8F5-68FB97EB4117}"
EndProject
Project("{FAE04EC0-301F-11D3-BF4B-00C04F79EFBC}") = "SMT.FlowWFService.Host", "SMT.SaaS.FlowSystem\SMT.FlowWFService.Host\SMT.FlowWFService.Host.csproj", "{31EA4738-0BEE-4ACC-B1AA-0CC422F08078}"
EndProject
Project("{FAE04EC0-301F-11D3-BF4B-00C04F79EFBC}") = "SMT.WFLib", "SMT.SaaS.FlowSystem\SMT.WFLib\SMT.WFLib.csproj", "{39945946-45EE-418B-8B20-8BFAC13AB2F8}"
EndProject
Project("{FAE04EC0-301F-11D3-BF4B-00C04F79EFBC}") = "WinFlowTest", "SMT.SaaS.FlowSystem\WinFlowTest\WinFlowTest.csproj", "{F4DCD0A7-520B-41AC-9688-F5EA14345A78}"
EndProject
Project("{FAE04EC0-301F-11D3-BF4B-00C04F79EFBC}") = "SMTWFTest", "SMT.SaaS.FlowSystem\SMTWFTest\SMTWFTest.csproj", "{01E1800E-4ED3-4A0B-88D7-B278FCD72E40}"
EndProject
Project("{2150E333-8FDC-42A3-9474-1A3956D46DE8}") = "HRPM", "HRPM", "{8DF1949C-0120-4412-9DCF-22EAB25601D1}"
EndProject
Project("{FAE04EC0-301F-11D3-BF4B-00C04F79EFBC}") = "SMT.HRM.BLL", "..\..\OA\TM.SaaS.OA\HR\SMT.HRM.BLL\SMT.HRM.BLL.csproj", "{B35234A0-7BF1-49B6-BDF2-4041D0763D9B}"
EndProject
Project("{FAE04EC0-301F-11D3-BF4B-00C04F79EFBC}") = "SMT.HRM.DAL", "..\..\OA\TM.SaaS.OA\HR\SMT.HRM.DAL\SMT.HRM.DAL.csproj", "{D7D1B61B-CD35-46EA-8575-3CF42D8F4F9D}"
EndProject
Project("{FAE04EC0-301F-11D3-BF4B-00C04F79EFBC}") = "SMT.HRM.CustomModel", "..\..\OA\TM.SaaS.OA\HR\SMT.HRM.CustomModel\SMT.HRM.CustomModel.csproj", "{0E45B937-670F-49E1-8EF1-A4BD312B94DA}"
EndProject
Project("{FAE04EC0-301F-11D3-BF4B-00C04F79EFBC}") = "SMT.HRM.Services", "..\..\OA\TM.SaaS.OA\HR\SMT.HRM.Services\SMT.HRM.Services.csproj", "{F41CE952-0A8E-488C-BD79-05BE26D28801}"
EndProject
Project("{FAE04EC0-301F-11D3-BF4B-00C04F79EFBC}") = "TM_SaaS_OA_EFModel", "..\..\OA\TM.SaaS.OA\TM_SaaS_OA_EFModel\TM_SaaS_OA_EFModel.csproj", "{7571BCE6-3B80-41C1-AF97-9118E7F41845}"
EndProject
Project("{FAE04EC0-301F-11D3-BF4B-00C04F79EFBC}") = "SMT.SAAS.BLLCommonServices", "..\..\OA\TM.SaaS.OA\FrameWork\SMT.SaaS.BLLCommonServices\SMT.SAAS.BLLCommonServices.csproj", "{6673751A-D03D-4D7A-ACF3-F363469B73AE}"
EndProject
Project("{FAE04EC0-301F-11D3-BF4B-00C04F79EFBC}") = "TM.SaaS.WFUpdateBIsystem", "TM.SaaS.WFUpdateBIsystem\TM.SaaS.WFUpdateBIsystem.csproj", "{56218535-E677-4E29-86D4-A7A72DEB8255}"
EndProject
Project("{2150E333-8FDC-42A3-9474-1A3956D46DE8}") = "OA", "OA", "{3F302F47-8302-44EA-BCFF-B6EA0C75F9F4}"
EndProject
Project("{FAE04EC0-301F-11D3-BF4B-00C04F79EFBC}") = "SMT.SaaS.OA.Services", "..\..\OA\TM.SaaS.OA\OA\SMT.Saas.OA.Services\SMT.SaaS.OA.Services.csproj", "{BD2D3466-50B3-42C5-B9AB-2463E8AE8493}"
EndProject
Project("{FAE04EC0-301F-11D3-BF4B-00C04F79EFBC}") = "SMT.SaaS.OA.BLL", "..\..\OA\TM.SaaS.OA\OA\SMT.SaaS.OA.BLL\SMT.SaaS.OA.BLL.csproj", "{3AA2D961-12FA-4B92-AB37-E4A2556AD1B4}"
EndProject
Project("{FAE04EC0-301F-11D3-BF4B-00C04F79EFBC}") = "SMT.SaaS.OA.DAL", "..\..\OA\TM.SaaS.OA\OA\SMT.SaaS.OA.DAL\SMT.SaaS.OA.DAL.csproj", "{4B906A26-7F19-4707-A3DA-61482FE72BA4}"
EndProject
Project("{2150E333-8FDC-42A3-9474-1A3956D46DE8}") = "FBA", "FBA", "{59A447AC-D738-45BB-A8C0-2170122E3983}"
EndProject
Project("{FAE04EC0-301F-11D3-BF4B-00C04F79EFBC}") = "SMT.FBAnalysis.Service", "..\..\OA\TM.SaaS.OA\FBA\SMT.FBAnalysis.Service\SMT.FBAnalysis.Service.csproj", "{4D11E775-0EF0-470C-84A2-AAB6318AFC80}"
EndProject
Project("{FAE04EC0-301F-11D3-BF4B-00C04F79EFBC}") = "SMT.FBAnalysis.BLL", "..\..\OA\TM.SaaS.OA\FBA\SMT.FBAnalysis.BLL\SMT.FBAnalysis.BLL.csproj", "{3F51B547-F9DC-4028-8B84-4855F028DCB0}"
EndProject
Project("{FAE04EC0-301F-11D3-BF4B-00C04F79EFBC}") = "SMT.FBAnalysis.DAL", "..\..\OA\TM.SaaS.OA\FBA\SMT.FBAnalysis.DAL\SMT.FBAnalysis.DAL.csproj", "{F44EE046-87BE-45C8-9F9C-17A8B26DE720}"
EndProject
Project("{FAE04EC0-301F-11D3-BF4B-00C04F79EFBC}") = "SMT.FBAnalysis.CustomModel", "..\..\OA\TM.SaaS.OA\FBA\SMT.FBAnalysis.CustomModel\SMT.FBAnalysis.CustomModel.csproj", "{84CCC052-4DD1-4153-9A04-27A43BEEE4F7}"
EndProject
Project("{2150E333-8FDC-42A3-9474-1A3956D46DE8}") = "FB", "FB", "{E92B82CB-AC9C-4B52-A7A9-C91CBF8361DC}"
EndProject
Project("{FAE04EC0-301F-11D3-BF4B-00C04F79EFBC}") = "SMT.FB.Services", "..\..\OA\TM.SaaS.OA\FB\SMT.FB.Services\SMT.FB.Services.csproj", "{04344C11-F088-4C2E-8395-91D74CB33204}"
EndProject
Project("{FAE04EC0-301F-11D3-BF4B-00C04F79EFBC}") = "SMT.FB.BLL", "..\..\OA\TM.SaaS.OA\FB\SMT.FB.BLL\SMT.FB.BLL.csproj", "{08A41840-AC4A-4D1E-8CF5-881E968B44AE}"
EndProject
Project("{FAE04EC0-301F-11D3-BF4B-00C04F79EFBC}") = "SMT.FB.DAL", "..\..\OA\TM.SaaS.OA\FB\SMT.FB.DAL\SMT.FB.DAL.csproj", "{3526EE5B-5BDE-4D92-8C7E-BF2DB4DE983C}"
EndProject
Project("{FAE04EC0-301F-11D3-BF4B-00C04F79EFBC}") = "SMT.HRM.IMServices", "..\..\OA\TM.SaaS.OA\HR\SMT.HRM.IMServices\SMT.HRM.IMServices.csproj", "{113E2BE3-0473-4BE2-A065-293A73391331}"
EndProject
Project("{FAE04EC0-301F-11D3-BF4B-00C04F79EFBC}") = "TM.SaaS.CommonBll", "..\..\OA\TM.SaaS.OA\TM.SaaS.CommonBll\TM.SaaS.CommonBll.csproj", "{DE9BE954-EF76-41C2-A6B8-D62E3E2775A3}"
EndProject
Global
	GlobalSection(SolutionConfigurationPlatforms) = preSolution
		Debug|Any CPU = Debug|Any CPU
		Debug|Mixed Platforms = Debug|Mixed Platforms
		Debug|x86 = Debug|x86
		Release|Any CPU = Release|Any CPU
		Release|Mixed Platforms = Release|Mixed Platforms
		Release|x86 = Release|x86
		UI|Any CPU = UI|Any CPU
		UI|Mixed Platforms = UI|Mixed Platforms
		UI|x86 = UI|x86
		UIDebug|Any CPU = UIDebug|Any CPU
		UIDebug|Mixed Platforms = UIDebug|Mixed Platforms
		UIDebug|x86 = UIDebug|x86
	EndGlobalSection
	GlobalSection(ProjectConfigurationPlatforms) = postSolution
		{AA5D10E0-B6A9-42D2-BEED-8615921BB1FE}.Debug|Any CPU.ActiveCfg = Debug|Any CPU
		{AA5D10E0-B6A9-42D2-BEED-8615921BB1FE}.Debug|Any CPU.Build.0 = Debug|Any CPU
		{AA5D10E0-B6A9-42D2-BEED-8615921BB1FE}.Debug|Mixed Platforms.ActiveCfg = Debug|Any CPU
		{AA5D10E0-B6A9-42D2-BEED-8615921BB1FE}.Debug|Mixed Platforms.Build.0 = Debug|Any CPU
		{AA5D10E0-B6A9-42D2-BEED-8615921BB1FE}.Debug|x86.ActiveCfg = Debug|Any CPU
		{AA5D10E0-B6A9-42D2-BEED-8615921BB1FE}.Release|Any CPU.ActiveCfg = Release|Any CPU
		{AA5D10E0-B6A9-42D2-BEED-8615921BB1FE}.Release|Any CPU.Build.0 = Release|Any CPU
		{AA5D10E0-B6A9-42D2-BEED-8615921BB1FE}.Release|Mixed Platforms.ActiveCfg = Release|Any CPU
		{AA5D10E0-B6A9-42D2-BEED-8615921BB1FE}.Release|Mixed Platforms.Build.0 = Release|Any CPU
		{AA5D10E0-B6A9-42D2-BEED-8615921BB1FE}.Release|x86.ActiveCfg = Release|Any CPU
		{AA5D10E0-B6A9-42D2-BEED-8615921BB1FE}.UI|Any CPU.ActiveCfg = Release|Any CPU
		{AA5D10E0-B6A9-42D2-BEED-8615921BB1FE}.UI|Any CPU.Build.0 = Release|Any CPU
		{AA5D10E0-B6A9-42D2-BEED-8615921BB1FE}.UI|Mixed Platforms.ActiveCfg = Release|Any CPU
		{AA5D10E0-B6A9-42D2-BEED-8615921BB1FE}.UI|Mixed Platforms.Build.0 = Release|Any CPU
		{AA5D10E0-B6A9-42D2-BEED-8615921BB1FE}.UI|x86.ActiveCfg = Release|Any CPU
		{AA5D10E0-B6A9-42D2-BEED-8615921BB1FE}.UIDebug|Any CPU.ActiveCfg = Debug|Any CPU
		{AA5D10E0-B6A9-42D2-BEED-8615921BB1FE}.UIDebug|Any CPU.Build.0 = Debug|Any CPU
		{AA5D10E0-B6A9-42D2-BEED-8615921BB1FE}.UIDebug|Mixed Platforms.ActiveCfg = Debug|Any CPU
		{AA5D10E0-B6A9-42D2-BEED-8615921BB1FE}.UIDebug|Mixed Platforms.Build.0 = Debug|Any CPU
		{AA5D10E0-B6A9-42D2-BEED-8615921BB1FE}.UIDebug|x86.ActiveCfg = Debug|Any CPU
		{060003E7-5A4D-4B47-91D1-32D1A356014A}.Debug|Any CPU.ActiveCfg = Debug|Any CPU
		{060003E7-5A4D-4B47-91D1-32D1A356014A}.Debug|Any CPU.Build.0 = Debug|Any CPU
		{060003E7-5A4D-4B47-91D1-32D1A356014A}.Debug|Mixed Platforms.ActiveCfg = Debug|Any CPU
		{060003E7-5A4D-4B47-91D1-32D1A356014A}.Debug|Mixed Platforms.Build.0 = Debug|Any CPU
		{060003E7-5A4D-4B47-91D1-32D1A356014A}.Debug|x86.ActiveCfg = Debug|Any CPU
		{060003E7-5A4D-4B47-91D1-32D1A356014A}.Release|Any CPU.ActiveCfg = Release|Any CPU
		{060003E7-5A4D-4B47-91D1-32D1A356014A}.Release|Any CPU.Build.0 = Release|Any CPU
		{060003E7-5A4D-4B47-91D1-32D1A356014A}.Release|Mixed Platforms.ActiveCfg = Release|Any CPU
		{060003E7-5A4D-4B47-91D1-32D1A356014A}.Release|Mixed Platforms.Build.0 = Release|Any CPU
		{060003E7-5A4D-4B47-91D1-32D1A356014A}.Release|x86.ActiveCfg = Release|Any CPU
		{060003E7-5A4D-4B47-91D1-32D1A356014A}.UI|Any CPU.ActiveCfg = Release|Any CPU
		{060003E7-5A4D-4B47-91D1-32D1A356014A}.UI|Any CPU.Build.0 = Release|Any CPU
		{060003E7-5A4D-4B47-91D1-32D1A356014A}.UI|Mixed Platforms.ActiveCfg = Release|Any CPU
		{060003E7-5A4D-4B47-91D1-32D1A356014A}.UI|Mixed Platforms.Build.0 = Release|Any CPU
		{060003E7-5A4D-4B47-91D1-32D1A356014A}.UI|x86.ActiveCfg = Release|Any CPU
		{060003E7-5A4D-4B47-91D1-32D1A356014A}.UIDebug|Any CPU.ActiveCfg = Debug|Any CPU
		{060003E7-5A4D-4B47-91D1-32D1A356014A}.UIDebug|Any CPU.Build.0 = Debug|Any CPU
		{060003E7-5A4D-4B47-91D1-32D1A356014A}.UIDebug|Mixed Platforms.ActiveCfg = Debug|Any CPU
		{060003E7-5A4D-4B47-91D1-32D1A356014A}.UIDebug|Mixed Platforms.Build.0 = Debug|Any CPU
		{060003E7-5A4D-4B47-91D1-32D1A356014A}.UIDebug|x86.ActiveCfg = Debug|Any CPU
		{AA1B3B25-A276-4B58-A255-79B71B01B048}.Debug|Any CPU.ActiveCfg = Debug|Any CPU
		{AA1B3B25-A276-4B58-A255-79B71B01B048}.Debug|Any CPU.Build.0 = Debug|Any CPU
		{AA1B3B25-A276-4B58-A255-79B71B01B048}.Debug|Mixed Platforms.ActiveCfg = Debug|Any CPU
		{AA1B3B25-A276-4B58-A255-79B71B01B048}.Debug|Mixed Platforms.Build.0 = Debug|Any CPU
		{AA1B3B25-A276-4B58-A255-79B71B01B048}.Debug|x86.ActiveCfg = Debug|Any CPU
		{AA1B3B25-A276-4B58-A255-79B71B01B048}.Release|Any CPU.ActiveCfg = Release|Any CPU
		{AA1B3B25-A276-4B58-A255-79B71B01B048}.Release|Any CPU.Build.0 = Release|Any CPU
		{AA1B3B25-A276-4B58-A255-79B71B01B048}.Release|Mixed Platforms.ActiveCfg = Release|Any CPU
		{AA1B3B25-A276-4B58-A255-79B71B01B048}.Release|Mixed Platforms.Build.0 = Release|Any CPU
		{AA1B3B25-A276-4B58-A255-79B71B01B048}.Release|x86.ActiveCfg = Release|Any CPU
		{AA1B3B25-A276-4B58-A255-79B71B01B048}.UI|Any CPU.ActiveCfg = Release|Any CPU
		{AA1B3B25-A276-4B58-A255-79B71B01B048}.UI|Any CPU.Build.0 = Release|Any CPU
		{AA1B3B25-A276-4B58-A255-79B71B01B048}.UI|Mixed Platforms.ActiveCfg = Release|Any CPU
		{AA1B3B25-A276-4B58-A255-79B71B01B048}.UI|Mixed Platforms.Build.0 = Release|Any CPU
		{AA1B3B25-A276-4B58-A255-79B71B01B048}.UI|x86.ActiveCfg = Release|Any CPU
		{AA1B3B25-A276-4B58-A255-79B71B01B048}.UIDebug|Any CPU.ActiveCfg = Debug|Any CPU
		{AA1B3B25-A276-4B58-A255-79B71B01B048}.UIDebug|Any CPU.Build.0 = Debug|Any CPU
		{AA1B3B25-A276-4B58-A255-79B71B01B048}.UIDebug|Mixed Platforms.ActiveCfg = Debug|Any CPU
		{AA1B3B25-A276-4B58-A255-79B71B01B048}.UIDebug|Mixed Platforms.Build.0 = Debug|Any CPU
		{AA1B3B25-A276-4B58-A255-79B71B01B048}.UIDebug|x86.ActiveCfg = Debug|Any CPU
		{8F3DBFF0-D1D6-4C1E-A11C-6D4C730E9E3B}.Debug|Any CPU.ActiveCfg = Debug|Any CPU
		{8F3DBFF0-D1D6-4C1E-A11C-6D4C730E9E3B}.Debug|Any CPU.Build.0 = Debug|Any CPU
		{8F3DBFF0-D1D6-4C1E-A11C-6D4C730E9E3B}.Debug|Mixed Platforms.ActiveCfg = Debug|Any CPU
		{8F3DBFF0-D1D6-4C1E-A11C-6D4C730E9E3B}.Debug|Mixed Platforms.Build.0 = Debug|Any CPU
		{8F3DBFF0-D1D6-4C1E-A11C-6D4C730E9E3B}.Debug|x86.ActiveCfg = Debug|Any CPU
		{8F3DBFF0-D1D6-4C1E-A11C-6D4C730E9E3B}.Release|Any CPU.ActiveCfg = Release|Any CPU
		{8F3DBFF0-D1D6-4C1E-A11C-6D4C730E9E3B}.Release|Any CPU.Build.0 = Release|Any CPU
		{8F3DBFF0-D1D6-4C1E-A11C-6D4C730E9E3B}.Release|Mixed Platforms.ActiveCfg = Release|Any CPU
		{8F3DBFF0-D1D6-4C1E-A11C-6D4C730E9E3B}.Release|Mixed Platforms.Build.0 = Release|Any CPU
		{8F3DBFF0-D1D6-4C1E-A11C-6D4C730E9E3B}.Release|x86.ActiveCfg = Release|Any CPU
		{8F3DBFF0-D1D6-4C1E-A11C-6D4C730E9E3B}.UI|Any CPU.ActiveCfg = Release|Any CPU
		{8F3DBFF0-D1D6-4C1E-A11C-6D4C730E9E3B}.UI|Any CPU.Build.0 = Release|Any CPU
		{8F3DBFF0-D1D6-4C1E-A11C-6D4C730E9E3B}.UI|Mixed Platforms.ActiveCfg = Release|Any CPU
		{8F3DBFF0-D1D6-4C1E-A11C-6D4C730E9E3B}.UI|Mixed Platforms.Build.0 = Release|Any CPU
		{8F3DBFF0-D1D6-4C1E-A11C-6D4C730E9E3B}.UI|x86.ActiveCfg = Release|Any CPU
		{8F3DBFF0-D1D6-4C1E-A11C-6D4C730E9E3B}.UIDebug|Any CPU.ActiveCfg = Debug|Any CPU
		{8F3DBFF0-D1D6-4C1E-A11C-6D4C730E9E3B}.UIDebug|Any CPU.Build.0 = Debug|Any CPU
		{8F3DBFF0-D1D6-4C1E-A11C-6D4C730E9E3B}.UIDebug|Mixed Platforms.ActiveCfg = Debug|Any CPU
		{8F3DBFF0-D1D6-4C1E-A11C-6D4C730E9E3B}.UIDebug|Mixed Platforms.Build.0 = Debug|Any CPU
		{8F3DBFF0-D1D6-4C1E-A11C-6D4C730E9E3B}.UIDebug|x86.ActiveCfg = Debug|Any CPU
		{03383FE0-2C9E-41CA-B693-8949F79AE0BB}.Debug|Any CPU.ActiveCfg = Debug|Any CPU
		{03383FE0-2C9E-41CA-B693-8949F79AE0BB}.Debug|Any CPU.Build.0 = Debug|Any CPU
		{03383FE0-2C9E-41CA-B693-8949F79AE0BB}.Debug|Mixed Platforms.ActiveCfg = Debug|Any CPU
		{03383FE0-2C9E-41CA-B693-8949F79AE0BB}.Debug|Mixed Platforms.Build.0 = Debug|Any CPU
		{03383FE0-2C9E-41CA-B693-8949F79AE0BB}.Debug|x86.ActiveCfg = Debug|Any CPU
		{03383FE0-2C9E-41CA-B693-8949F79AE0BB}.Release|Any CPU.ActiveCfg = Release|Any CPU
		{03383FE0-2C9E-41CA-B693-8949F79AE0BB}.Release|Any CPU.Build.0 = Release|Any CPU
		{03383FE0-2C9E-41CA-B693-8949F79AE0BB}.Release|Mixed Platforms.ActiveCfg = Release|Any CPU
		{03383FE0-2C9E-41CA-B693-8949F79AE0BB}.Release|Mixed Platforms.Build.0 = Release|Any CPU
		{03383FE0-2C9E-41CA-B693-8949F79AE0BB}.Release|x86.ActiveCfg = Release|Any CPU
		{03383FE0-2C9E-41CA-B693-8949F79AE0BB}.UI|Any CPU.ActiveCfg = Release|Any CPU
		{03383FE0-2C9E-41CA-B693-8949F79AE0BB}.UI|Any CPU.Build.0 = Release|Any CPU
		{03383FE0-2C9E-41CA-B693-8949F79AE0BB}.UI|Mixed Platforms.ActiveCfg = Release|Any CPU
		{03383FE0-2C9E-41CA-B693-8949F79AE0BB}.UI|Mixed Platforms.Build.0 = Release|Any CPU
		{03383FE0-2C9E-41CA-B693-8949F79AE0BB}.UI|x86.ActiveCfg = Release|Any CPU
		{03383FE0-2C9E-41CA-B693-8949F79AE0BB}.UIDebug|Any CPU.ActiveCfg = Debug|Any CPU
		{03383FE0-2C9E-41CA-B693-8949F79AE0BB}.UIDebug|Any CPU.Build.0 = Debug|Any CPU
		{03383FE0-2C9E-41CA-B693-8949F79AE0BB}.UIDebug|Mixed Platforms.ActiveCfg = Debug|Any CPU
		{03383FE0-2C9E-41CA-B693-8949F79AE0BB}.UIDebug|Mixed Platforms.Build.0 = Debug|Any CPU
		{03383FE0-2C9E-41CA-B693-8949F79AE0BB}.UIDebug|x86.ActiveCfg = Debug|Any CPU
		{6424D743-8F3C-48D1-8969-B7D382C84017}.Debug|Any CPU.ActiveCfg = Debug|Any CPU
		{6424D743-8F3C-48D1-8969-B7D382C84017}.Debug|Any CPU.Build.0 = Debug|Any CPU
		{6424D743-8F3C-48D1-8969-B7D382C84017}.Debug|Mixed Platforms.ActiveCfg = Debug|Any CPU
		{6424D743-8F3C-48D1-8969-B7D382C84017}.Debug|Mixed Platforms.Build.0 = Debug|Any CPU
		{6424D743-8F3C-48D1-8969-B7D382C84017}.Debug|x86.ActiveCfg = Debug|Any CPU
		{6424D743-8F3C-48D1-8969-B7D382C84017}.Release|Any CPU.ActiveCfg = Release|Any CPU
		{6424D743-8F3C-48D1-8969-B7D382C84017}.Release|Any CPU.Build.0 = Release|Any CPU
		{6424D743-8F3C-48D1-8969-B7D382C84017}.Release|Mixed Platforms.ActiveCfg = Release|Any CPU
		{6424D743-8F3C-48D1-8969-B7D382C84017}.Release|Mixed Platforms.Build.0 = Release|Any CPU
		{6424D743-8F3C-48D1-8969-B7D382C84017}.Release|x86.ActiveCfg = Release|Any CPU
		{6424D743-8F3C-48D1-8969-B7D382C84017}.UI|Any CPU.ActiveCfg = Release|Any CPU
		{6424D743-8F3C-48D1-8969-B7D382C84017}.UI|Any CPU.Build.0 = Release|Any CPU
		{6424D743-8F3C-48D1-8969-B7D382C84017}.UI|Mixed Platforms.ActiveCfg = Release|Any CPU
		{6424D743-8F3C-48D1-8969-B7D382C84017}.UI|Mixed Platforms.Build.0 = Release|Any CPU
		{6424D743-8F3C-48D1-8969-B7D382C84017}.UI|x86.ActiveCfg = Release|Any CPU
		{6424D743-8F3C-48D1-8969-B7D382C84017}.UIDebug|Any CPU.ActiveCfg = Debug|Any CPU
		{6424D743-8F3C-48D1-8969-B7D382C84017}.UIDebug|Any CPU.Build.0 = Debug|Any CPU
		{6424D743-8F3C-48D1-8969-B7D382C84017}.UIDebug|Mixed Platforms.ActiveCfg = Debug|Any CPU
		{6424D743-8F3C-48D1-8969-B7D382C84017}.UIDebug|Mixed Platforms.Build.0 = Debug|Any CPU
		{6424D743-8F3C-48D1-8969-B7D382C84017}.UIDebug|x86.ActiveCfg = Debug|Any CPU
		{CD948523-9F33-43E7-AB12-6F9BBD7F4104}.Debug|Any CPU.ActiveCfg = Debug|Any CPU
		{CD948523-9F33-43E7-AB12-6F9BBD7F4104}.Debug|Any CPU.Build.0 = Debug|Any CPU
		{CD948523-9F33-43E7-AB12-6F9BBD7F4104}.Debug|Mixed Platforms.ActiveCfg = Debug|Any CPU
		{CD948523-9F33-43E7-AB12-6F9BBD7F4104}.Debug|Mixed Platforms.Build.0 = Debug|Any CPU
		{CD948523-9F33-43E7-AB12-6F9BBD7F4104}.Debug|x86.ActiveCfg = Debug|Any CPU
		{CD948523-9F33-43E7-AB12-6F9BBD7F4104}.Release|Any CPU.ActiveCfg = Release|Any CPU
		{CD948523-9F33-43E7-AB12-6F9BBD7F4104}.Release|Any CPU.Build.0 = Release|Any CPU
		{CD948523-9F33-43E7-AB12-6F9BBD7F4104}.Release|Mixed Platforms.ActiveCfg = Release|Any CPU
		{CD948523-9F33-43E7-AB12-6F9BBD7F4104}.Release|Mixed Platforms.Build.0 = Release|Any CPU
		{CD948523-9F33-43E7-AB12-6F9BBD7F4104}.Release|x86.ActiveCfg = Release|Any CPU
		{CD948523-9F33-43E7-AB12-6F9BBD7F4104}.UI|Any CPU.ActiveCfg = Release|Any CPU
		{CD948523-9F33-43E7-AB12-6F9BBD7F4104}.UI|Any CPU.Build.0 = Release|Any CPU
		{CD948523-9F33-43E7-AB12-6F9BBD7F4104}.UI|Mixed Platforms.ActiveCfg = Release|Any CPU
		{CD948523-9F33-43E7-AB12-6F9BBD7F4104}.UI|Mixed Platforms.Build.0 = Release|Any CPU
		{CD948523-9F33-43E7-AB12-6F9BBD7F4104}.UI|x86.ActiveCfg = Release|Any CPU
		{CD948523-9F33-43E7-AB12-6F9BBD7F4104}.UIDebug|Any CPU.ActiveCfg = Debug|Any CPU
		{CD948523-9F33-43E7-AB12-6F9BBD7F4104}.UIDebug|Any CPU.Build.0 = Debug|Any CPU
		{CD948523-9F33-43E7-AB12-6F9BBD7F4104}.UIDebug|Mixed Platforms.ActiveCfg = Debug|Any CPU
		{CD948523-9F33-43E7-AB12-6F9BBD7F4104}.UIDebug|Mixed Platforms.Build.0 = Debug|Any CPU
		{CD948523-9F33-43E7-AB12-6F9BBD7F4104}.UIDebug|x86.ActiveCfg = Debug|Any CPU
		{069C7DF7-469D-4D57-A3FE-E4C03C1C3C16}.Debug|Any CPU.ActiveCfg = Debug|Any CPU
		{069C7DF7-469D-4D57-A3FE-E4C03C1C3C16}.Debug|Any CPU.Build.0 = Debug|Any CPU
		{069C7DF7-469D-4D57-A3FE-E4C03C1C3C16}.Debug|Mixed Platforms.ActiveCfg = Debug|Any CPU
		{069C7DF7-469D-4D57-A3FE-E4C03C1C3C16}.Debug|Mixed Platforms.Build.0 = Debug|Any CPU
		{069C7DF7-469D-4D57-A3FE-E4C03C1C3C16}.Debug|x86.ActiveCfg = Debug|Any CPU
		{069C7DF7-469D-4D57-A3FE-E4C03C1C3C16}.Release|Any CPU.ActiveCfg = Release|Any CPU
		{069C7DF7-469D-4D57-A3FE-E4C03C1C3C16}.Release|Any CPU.Build.0 = Release|Any CPU
		{069C7DF7-469D-4D57-A3FE-E4C03C1C3C16}.Release|Mixed Platforms.ActiveCfg = Release|Any CPU
		{069C7DF7-469D-4D57-A3FE-E4C03C1C3C16}.Release|Mixed Platforms.Build.0 = Release|Any CPU
		{069C7DF7-469D-4D57-A3FE-E4C03C1C3C16}.Release|x86.ActiveCfg = Release|Any CPU
		{069C7DF7-469D-4D57-A3FE-E4C03C1C3C16}.UI|Any CPU.ActiveCfg = Release|Any CPU
		{069C7DF7-469D-4D57-A3FE-E4C03C1C3C16}.UI|Any CPU.Build.0 = Release|Any CPU
		{069C7DF7-469D-4D57-A3FE-E4C03C1C3C16}.UI|Mixed Platforms.ActiveCfg = Release|Any CPU
		{069C7DF7-469D-4D57-A3FE-E4C03C1C3C16}.UI|Mixed Platforms.Build.0 = Release|Any CPU
		{069C7DF7-469D-4D57-A3FE-E4C03C1C3C16}.UI|x86.ActiveCfg = Release|Any CPU
		{069C7DF7-469D-4D57-A3FE-E4C03C1C3C16}.UIDebug|Any CPU.ActiveCfg = Debug|Any CPU
		{069C7DF7-469D-4D57-A3FE-E4C03C1C3C16}.UIDebug|Any CPU.Build.0 = Debug|Any CPU
		{069C7DF7-469D-4D57-A3FE-E4C03C1C3C16}.UIDebug|Mixed Platforms.ActiveCfg = Debug|Any CPU
		{069C7DF7-469D-4D57-A3FE-E4C03C1C3C16}.UIDebug|Mixed Platforms.Build.0 = Debug|Any CPU
		{069C7DF7-469D-4D57-A3FE-E4C03C1C3C16}.UIDebug|x86.ActiveCfg = Debug|Any CPU
		{49697E41-FBD9-4BF8-A69D-A9447777E345}.Debug|Any CPU.ActiveCfg = Debug|Any CPU
		{49697E41-FBD9-4BF8-A69D-A9447777E345}.Debug|Any CPU.Build.0 = Debug|Any CPU
		{49697E41-FBD9-4BF8-A69D-A9447777E345}.Debug|Mixed Platforms.ActiveCfg = Debug|Any CPU
		{49697E41-FBD9-4BF8-A69D-A9447777E345}.Debug|Mixed Platforms.Build.0 = Debug|Any CPU
		{49697E41-FBD9-4BF8-A69D-A9447777E345}.Debug|x86.ActiveCfg = Debug|Any CPU
		{49697E41-FBD9-4BF8-A69D-A9447777E345}.Release|Any CPU.ActiveCfg = Release|Any CPU
		{49697E41-FBD9-4BF8-A69D-A9447777E345}.Release|Any CPU.Build.0 = Release|Any CPU
		{49697E41-FBD9-4BF8-A69D-A9447777E345}.Release|Mixed Platforms.ActiveCfg = Release|Any CPU
		{49697E41-FBD9-4BF8-A69D-A9447777E345}.Release|Mixed Platforms.Build.0 = Release|Any CPU
		{49697E41-FBD9-4BF8-A69D-A9447777E345}.Release|x86.ActiveCfg = Release|Any CPU
		{49697E41-FBD9-4BF8-A69D-A9447777E345}.UI|Any CPU.ActiveCfg = Release|Any CPU
		{49697E41-FBD9-4BF8-A69D-A9447777E345}.UI|Any CPU.Build.0 = Release|Any CPU
		{49697E41-FBD9-4BF8-A69D-A9447777E345}.UI|Mixed Platforms.ActiveCfg = Release|Any CPU
		{49697E41-FBD9-4BF8-A69D-A9447777E345}.UI|Mixed Platforms.Build.0 = Release|Any CPU
		{49697E41-FBD9-4BF8-A69D-A9447777E345}.UI|x86.ActiveCfg = Release|Any CPU
		{49697E41-FBD9-4BF8-A69D-A9447777E345}.UIDebug|Any CPU.ActiveCfg = Debug|Any CPU
		{49697E41-FBD9-4BF8-A69D-A9447777E345}.UIDebug|Any CPU.Build.0 = Debug|Any CPU
		{49697E41-FBD9-4BF8-A69D-A9447777E345}.UIDebug|Mixed Platforms.ActiveCfg = Debug|Any CPU
		{49697E41-FBD9-4BF8-A69D-A9447777E345}.UIDebug|Mixed Platforms.Build.0 = Debug|Any CPU
		{49697E41-FBD9-4BF8-A69D-A9447777E345}.UIDebug|x86.ActiveCfg = Debug|Any CPU
		{B717EB89-F873-49CF-BF41-A957E77951FF}.Debug|Any CPU.ActiveCfg = Debug|x86
		{B717EB89-F873-49CF-BF41-A957E77951FF}.Debug|Mixed Platforms.ActiveCfg = Debug|x86
		{B717EB89-F873-49CF-BF41-A957E77951FF}.Debug|Mixed Platforms.Build.0 = Debug|x86
		{B717EB89-F873-49CF-BF41-A957E77951FF}.Debug|x86.ActiveCfg = Debug|x86
		{B717EB89-F873-49CF-BF41-A957E77951FF}.Debug|x86.Build.0 = Debug|x86
		{B717EB89-F873-49CF-BF41-A957E77951FF}.Release|Any CPU.ActiveCfg = Release|x86
		{B717EB89-F873-49CF-BF41-A957E77951FF}.Release|Mixed Platforms.ActiveCfg = Release|x86
		{B717EB89-F873-49CF-BF41-A957E77951FF}.Release|Mixed Platforms.Build.0 = Release|x86
		{B717EB89-F873-49CF-BF41-A957E77951FF}.Release|x86.ActiveCfg = Release|x86
		{B717EB89-F873-49CF-BF41-A957E77951FF}.Release|x86.Build.0 = Release|x86
		{B717EB89-F873-49CF-BF41-A957E77951FF}.UI|Any CPU.ActiveCfg = Release|x86
		{B717EB89-F873-49CF-BF41-A957E77951FF}.UI|Mixed Platforms.ActiveCfg = Release|x86
		{B717EB89-F873-49CF-BF41-A957E77951FF}.UI|Mixed Platforms.Build.0 = Release|x86
		{B717EB89-F873-49CF-BF41-A957E77951FF}.UI|x86.ActiveCfg = Release|x86
		{B717EB89-F873-49CF-BF41-A957E77951FF}.UI|x86.Build.0 = Release|x86
		{B717EB89-F873-49CF-BF41-A957E77951FF}.UIDebug|Any CPU.ActiveCfg = Debug|x86
		{B717EB89-F873-49CF-BF41-A957E77951FF}.UIDebug|Mixed Platforms.ActiveCfg = Debug|x86
		{B717EB89-F873-49CF-BF41-A957E77951FF}.UIDebug|Mixed Platforms.Build.0 = Debug|x86
		{B717EB89-F873-49CF-BF41-A957E77951FF}.UIDebug|x86.ActiveCfg = Debug|x86
		{B717EB89-F873-49CF-BF41-A957E77951FF}.UIDebug|x86.Build.0 = Debug|x86
		{A7327528-F1EA-414B-A5AE-DE76FFD4379B}.Debug|Any CPU.ActiveCfg = Debug|Any CPU
		{A7327528-F1EA-414B-A5AE-DE76FFD4379B}.Debug|Any CPU.Build.0 = Debug|Any CPU
		{A7327528-F1EA-414B-A5AE-DE76FFD4379B}.Debug|Mixed Platforms.ActiveCfg = Debug|Any CPU
		{A7327528-F1EA-414B-A5AE-DE76FFD4379B}.Debug|Mixed Platforms.Build.0 = Debug|Any CPU
		{A7327528-F1EA-414B-A5AE-DE76FFD4379B}.Debug|x86.ActiveCfg = Debug|Any CPU
		{A7327528-F1EA-414B-A5AE-DE76FFD4379B}.Release|Any CPU.ActiveCfg = Release|Any CPU
		{A7327528-F1EA-414B-A5AE-DE76FFD4379B}.Release|Any CPU.Build.0 = Release|Any CPU
		{A7327528-F1EA-414B-A5AE-DE76FFD4379B}.Release|Mixed Platforms.ActiveCfg = Release|Any CPU
		{A7327528-F1EA-414B-A5AE-DE76FFD4379B}.Release|Mixed Platforms.Build.0 = Release|Any CPU
		{A7327528-F1EA-414B-A5AE-DE76FFD4379B}.Release|x86.ActiveCfg = Release|Any CPU
		{A7327528-F1EA-414B-A5AE-DE76FFD4379B}.UI|Any CPU.ActiveCfg = Release|Any CPU
		{A7327528-F1EA-414B-A5AE-DE76FFD4379B}.UI|Any CPU.Build.0 = Release|Any CPU
		{A7327528-F1EA-414B-A5AE-DE76FFD4379B}.UI|Mixed Platforms.ActiveCfg = Release|Any CPU
		{A7327528-F1EA-414B-A5AE-DE76FFD4379B}.UI|Mixed Platforms.Build.0 = Release|Any CPU
		{A7327528-F1EA-414B-A5AE-DE76FFD4379B}.UI|x86.ActiveCfg = Release|Any CPU
		{A7327528-F1EA-414B-A5AE-DE76FFD4379B}.UIDebug|Any CPU.ActiveCfg = Debug|Any CPU
		{A7327528-F1EA-414B-A5AE-DE76FFD4379B}.UIDebug|Any CPU.Build.0 = Debug|Any CPU
		{A7327528-F1EA-414B-A5AE-DE76FFD4379B}.UIDebug|Mixed Platforms.ActiveCfg = Debug|Any CPU
		{A7327528-F1EA-414B-A5AE-DE76FFD4379B}.UIDebug|Mixed Platforms.Build.0 = Debug|Any CPU
		{A7327528-F1EA-414B-A5AE-DE76FFD4379B}.UIDebug|x86.ActiveCfg = Debug|Any CPU
		{9C6AB590-1072-4EA7-B7DA-FC33B765EE2D}.Debug|Any CPU.ActiveCfg = Debug|Any CPU
		{9C6AB590-1072-4EA7-B7DA-FC33B765EE2D}.Debug|Any CPU.Build.0 = Debug|Any CPU
		{9C6AB590-1072-4EA7-B7DA-FC33B765EE2D}.Debug|Mixed Platforms.ActiveCfg = Debug|Any CPU
		{9C6AB590-1072-4EA7-B7DA-FC33B765EE2D}.Debug|Mixed Platforms.Build.0 = Debug|Any CPU
		{9C6AB590-1072-4EA7-B7DA-FC33B765EE2D}.Debug|x86.ActiveCfg = Debug|Any CPU
		{9C6AB590-1072-4EA7-B7DA-FC33B765EE2D}.Release|Any CPU.ActiveCfg = Release|Any CPU
		{9C6AB590-1072-4EA7-B7DA-FC33B765EE2D}.Release|Any CPU.Build.0 = Release|Any CPU
		{9C6AB590-1072-4EA7-B7DA-FC33B765EE2D}.Release|Mixed Platforms.ActiveCfg = Release|Any CPU
		{9C6AB590-1072-4EA7-B7DA-FC33B765EE2D}.Release|Mixed Platforms.Build.0 = Release|Any CPU
		{9C6AB590-1072-4EA7-B7DA-FC33B765EE2D}.Release|x86.ActiveCfg = Release|Any CPU
		{9C6AB590-1072-4EA7-B7DA-FC33B765EE2D}.UI|Any CPU.ActiveCfg = Release|Any CPU
		{9C6AB590-1072-4EA7-B7DA-FC33B765EE2D}.UI|Any CPU.Build.0 = Release|Any CPU
		{9C6AB590-1072-4EA7-B7DA-FC33B765EE2D}.UI|Mixed Platforms.ActiveCfg = Release|Any CPU
		{9C6AB590-1072-4EA7-B7DA-FC33B765EE2D}.UI|Mixed Platforms.Build.0 = Release|Any CPU
		{9C6AB590-1072-4EA7-B7DA-FC33B765EE2D}.UI|x86.ActiveCfg = Release|Any CPU
		{9C6AB590-1072-4EA7-B7DA-FC33B765EE2D}.UIDebug|Any CPU.ActiveCfg = Debug|Any CPU
		{9C6AB590-1072-4EA7-B7DA-FC33B765EE2D}.UIDebug|Any CPU.Build.0 = Debug|Any CPU
		{9C6AB590-1072-4EA7-B7DA-FC33B765EE2D}.UIDebug|Mixed Platforms.ActiveCfg = Debug|Any CPU
		{9C6AB590-1072-4EA7-B7DA-FC33B765EE2D}.UIDebug|Mixed Platforms.Build.0 = Debug|Any CPU
		{9C6AB590-1072-4EA7-B7DA-FC33B765EE2D}.UIDebug|x86.ActiveCfg = Debug|Any CPU
		{7B000B9A-4C3D-484B-AA43-82280A5226FC}.Debug|Any CPU.ActiveCfg = Debug|Any CPU
		{7B000B9A-4C3D-484B-AA43-82280A5226FC}.Debug|Any CPU.Build.0 = Debug|Any CPU
		{7B000B9A-4C3D-484B-AA43-82280A5226FC}.Debug|Mixed Platforms.ActiveCfg = Debug|Any CPU
		{7B000B9A-4C3D-484B-AA43-82280A5226FC}.Debug|Mixed Platforms.Build.0 = Debug|Any CPU
		{7B000B9A-4C3D-484B-AA43-82280A5226FC}.Debug|x86.ActiveCfg = Debug|Any CPU
		{7B000B9A-4C3D-484B-AA43-82280A5226FC}.Release|Any CPU.ActiveCfg = Release|Any CPU
		{7B000B9A-4C3D-484B-AA43-82280A5226FC}.Release|Any CPU.Build.0 = Release|Any CPU
		{7B000B9A-4C3D-484B-AA43-82280A5226FC}.Release|Mixed Platforms.ActiveCfg = Release|Any CPU
		{7B000B9A-4C3D-484B-AA43-82280A5226FC}.Release|Mixed Platforms.Build.0 = Release|Any CPU
		{7B000B9A-4C3D-484B-AA43-82280A5226FC}.Release|x86.ActiveCfg = Release|Any CPU
		{7B000B9A-4C3D-484B-AA43-82280A5226FC}.UI|Any CPU.ActiveCfg = Release|Any CPU
		{7B000B9A-4C3D-484B-AA43-82280A5226FC}.UI|Any CPU.Build.0 = Release|Any CPU
		{7B000B9A-4C3D-484B-AA43-82280A5226FC}.UI|Mixed Platforms.ActiveCfg = Release|Any CPU
		{7B000B9A-4C3D-484B-AA43-82280A5226FC}.UI|Mixed Platforms.Build.0 = Release|Any CPU
		{7B000B9A-4C3D-484B-AA43-82280A5226FC}.UI|x86.ActiveCfg = Release|Any CPU
		{7B000B9A-4C3D-484B-AA43-82280A5226FC}.UIDebug|Any CPU.ActiveCfg = Debug|Any CPU
		{7B000B9A-4C3D-484B-AA43-82280A5226FC}.UIDebug|Any CPU.Build.0 = Debug|Any CPU
		{7B000B9A-4C3D-484B-AA43-82280A5226FC}.UIDebug|Mixed Platforms.ActiveCfg = Debug|Any CPU
		{7B000B9A-4C3D-484B-AA43-82280A5226FC}.UIDebug|Mixed Platforms.Build.0 = Debug|Any CPU
		{7B000B9A-4C3D-484B-AA43-82280A5226FC}.UIDebug|x86.ActiveCfg = Debug|Any CPU
		{9D2F51E2-9710-4C91-A66B-823EB72437FD}.Debug|Any CPU.ActiveCfg = Debug|Any CPU
		{9D2F51E2-9710-4C91-A66B-823EB72437FD}.Debug|Any CPU.Build.0 = Debug|Any CPU
		{9D2F51E2-9710-4C91-A66B-823EB72437FD}.Debug|Mixed Platforms.ActiveCfg = Debug|Any CPU
		{9D2F51E2-9710-4C91-A66B-823EB72437FD}.Debug|Mixed Platforms.Build.0 = Debug|Any CPU
		{9D2F51E2-9710-4C91-A66B-823EB72437FD}.Debug|x86.ActiveCfg = Debug|Any CPU
		{9D2F51E2-9710-4C91-A66B-823EB72437FD}.Release|Any CPU.ActiveCfg = Release|Any CPU
		{9D2F51E2-9710-4C91-A66B-823EB72437FD}.Release|Any CPU.Build.0 = Release|Any CPU
		{9D2F51E2-9710-4C91-A66B-823EB72437FD}.Release|Mixed Platforms.ActiveCfg = Release|Any CPU
		{9D2F51E2-9710-4C91-A66B-823EB72437FD}.Release|Mixed Platforms.Build.0 = Release|Any CPU
		{9D2F51E2-9710-4C91-A66B-823EB72437FD}.Release|x86.ActiveCfg = Release|Any CPU
		{9D2F51E2-9710-4C91-A66B-823EB72437FD}.UI|Any CPU.ActiveCfg = Release|Any CPU
		{9D2F51E2-9710-4C91-A66B-823EB72437FD}.UI|Any CPU.Build.0 = Release|Any CPU
		{9D2F51E2-9710-4C91-A66B-823EB72437FD}.UI|Mixed Platforms.ActiveCfg = Release|Any CPU
		{9D2F51E2-9710-4C91-A66B-823EB72437FD}.UI|Mixed Platforms.Build.0 = Release|Any CPU
		{9D2F51E2-9710-4C91-A66B-823EB72437FD}.UI|x86.ActiveCfg = Release|Any CPU
		{9D2F51E2-9710-4C91-A66B-823EB72437FD}.UIDebug|Any CPU.ActiveCfg = Debug|Any CPU
		{9D2F51E2-9710-4C91-A66B-823EB72437FD}.UIDebug|Any CPU.Build.0 = Debug|Any CPU
		{9D2F51E2-9710-4C91-A66B-823EB72437FD}.UIDebug|Mixed Platforms.ActiveCfg = Debug|Any CPU
		{9D2F51E2-9710-4C91-A66B-823EB72437FD}.UIDebug|Mixed Platforms.Build.0 = Debug|Any CPU
		{9D2F51E2-9710-4C91-A66B-823EB72437FD}.UIDebug|x86.ActiveCfg = Debug|Any CPU
		{6B61ACF2-41B8-45FA-AED3-1AC9D5950135}.Debug|Any CPU.ActiveCfg = Debug|Any CPU
		{6B61ACF2-41B8-45FA-AED3-1AC9D5950135}.Debug|Any CPU.Build.0 = Debug|Any CPU
		{6B61ACF2-41B8-45FA-AED3-1AC9D5950135}.Debug|Mixed Platforms.ActiveCfg = Debug|Any CPU
		{6B61ACF2-41B8-45FA-AED3-1AC9D5950135}.Debug|Mixed Platforms.Build.0 = Debug|Any CPU
		{6B61ACF2-41B8-45FA-AED3-1AC9D5950135}.Debug|x86.ActiveCfg = Debug|Any CPU
		{6B61ACF2-41B8-45FA-AED3-1AC9D5950135}.Release|Any CPU.ActiveCfg = Release|Any CPU
		{6B61ACF2-41B8-45FA-AED3-1AC9D5950135}.Release|Any CPU.Build.0 = Release|Any CPU
		{6B61ACF2-41B8-45FA-AED3-1AC9D5950135}.Release|Mixed Platforms.ActiveCfg = Release|Any CPU
		{6B61ACF2-41B8-45FA-AED3-1AC9D5950135}.Release|Mixed Platforms.Build.0 = Release|Any CPU
		{6B61ACF2-41B8-45FA-AED3-1AC9D5950135}.Release|x86.ActiveCfg = Release|Any CPU
		{6B61ACF2-41B8-45FA-AED3-1AC9D5950135}.UI|Any CPU.ActiveCfg = Release|Any CPU
		{6B61ACF2-41B8-45FA-AED3-1AC9D5950135}.UI|Any CPU.Build.0 = Release|Any CPU
		{6B61ACF2-41B8-45FA-AED3-1AC9D5950135}.UI|Mixed Platforms.ActiveCfg = Release|Any CPU
		{6B61ACF2-41B8-45FA-AED3-1AC9D5950135}.UI|Mixed Platforms.Build.0 = Release|Any CPU
		{6B61ACF2-41B8-45FA-AED3-1AC9D5950135}.UI|x86.ActiveCfg = Release|Any CPU
		{6B61ACF2-41B8-45FA-AED3-1AC9D5950135}.UIDebug|Any CPU.ActiveCfg = Debug|Any CPU
		{6B61ACF2-41B8-45FA-AED3-1AC9D5950135}.UIDebug|Any CPU.Build.0 = Debug|Any CPU
		{6B61ACF2-41B8-45FA-AED3-1AC9D5950135}.UIDebug|Mixed Platforms.ActiveCfg = Debug|Any CPU
		{6B61ACF2-41B8-45FA-AED3-1AC9D5950135}.UIDebug|Mixed Platforms.Build.0 = Debug|Any CPU
		{6B61ACF2-41B8-45FA-AED3-1AC9D5950135}.UIDebug|x86.ActiveCfg = Debug|Any CPU
		{10EFAFD0-B2C8-4F13-B8F5-68FB97EB4117}.Debug|Any CPU.ActiveCfg = Debug|Any CPU
		{10EFAFD0-B2C8-4F13-B8F5-68FB97EB4117}.Debug|Any CPU.Build.0 = Debug|Any CPU
		{10EFAFD0-B2C8-4F13-B8F5-68FB97EB4117}.Debug|Mixed Platforms.ActiveCfg = Debug|Any CPU
		{10EFAFD0-B2C8-4F13-B8F5-68FB97EB4117}.Debug|Mixed Platforms.Build.0 = Debug|Any CPU
		{10EFAFD0-B2C8-4F13-B8F5-68FB97EB4117}.Debug|x86.ActiveCfg = Debug|Any CPU
		{10EFAFD0-B2C8-4F13-B8F5-68FB97EB4117}.Release|Any CPU.ActiveCfg = Release|Any CPU
		{10EFAFD0-B2C8-4F13-B8F5-68FB97EB4117}.Release|Any CPU.Build.0 = Release|Any CPU
		{10EFAFD0-B2C8-4F13-B8F5-68FB97EB4117}.Release|Mixed Platforms.ActiveCfg = Release|Any CPU
		{10EFAFD0-B2C8-4F13-B8F5-68FB97EB4117}.Release|Mixed Platforms.Build.0 = Release|Any CPU
		{10EFAFD0-B2C8-4F13-B8F5-68FB97EB4117}.Release|x86.ActiveCfg = Release|Any CPU
		{10EFAFD0-B2C8-4F13-B8F5-68FB97EB4117}.UI|Any CPU.ActiveCfg = Release|Any CPU
		{10EFAFD0-B2C8-4F13-B8F5-68FB97EB4117}.UI|Any CPU.Build.0 = Release|Any CPU
		{10EFAFD0-B2C8-4F13-B8F5-68FB97EB4117}.UI|Mixed Platforms.ActiveCfg = Release|Any CPU
		{10EFAFD0-B2C8-4F13-B8F5-68FB97EB4117}.UI|Mixed Platforms.Build.0 = Release|Any CPU
		{10EFAFD0-B2C8-4F13-B8F5-68FB97EB4117}.UI|x86.ActiveCfg = Release|Any CPU
		{10EFAFD0-B2C8-4F13-B8F5-68FB97EB4117}.UIDebug|Any CPU.ActiveCfg = Debug|Any CPU
		{10EFAFD0-B2C8-4F13-B8F5-68FB97EB4117}.UIDebug|Any CPU.Build.0 = Debug|Any CPU
		{10EFAFD0-B2C8-4F13-B8F5-68FB97EB4117}.UIDebug|Mixed Platforms.ActiveCfg = Debug|Any CPU
		{10EFAFD0-B2C8-4F13-B8F5-68FB97EB4117}.UIDebug|Mixed Platforms.Build.0 = Debug|Any CPU
		{10EFAFD0-B2C8-4F13-B8F5-68FB97EB4117}.UIDebug|x86.ActiveCfg = Debug|Any CPU
		{31EA4738-0BEE-4ACC-B1AA-0CC422F08078}.Debug|Any CPU.ActiveCfg = Debug|Any CPU
		{31EA4738-0BEE-4ACC-B1AA-0CC422F08078}.Debug|Any CPU.Build.0 = Debug|Any CPU
		{31EA4738-0BEE-4ACC-B1AA-0CC422F08078}.Debug|Mixed Platforms.ActiveCfg = Debug|Any CPU
		{31EA4738-0BEE-4ACC-B1AA-0CC422F08078}.Debug|Mixed Platforms.Build.0 = Debug|Any CPU
		{31EA4738-0BEE-4ACC-B1AA-0CC422F08078}.Debug|x86.ActiveCfg = Debug|Any CPU
		{31EA4738-0BEE-4ACC-B1AA-0CC422F08078}.Release|Any CPU.ActiveCfg = Release|Any CPU
		{31EA4738-0BEE-4ACC-B1AA-0CC422F08078}.Release|Any CPU.Build.0 = Release|Any CPU
		{31EA4738-0BEE-4ACC-B1AA-0CC422F08078}.Release|Mixed Platforms.ActiveCfg = Release|Any CPU
		{31EA4738-0BEE-4ACC-B1AA-0CC422F08078}.Release|Mixed Platforms.Build.0 = Release|Any CPU
		{31EA4738-0BEE-4ACC-B1AA-0CC422F08078}.Release|x86.ActiveCfg = Release|Any CPU
		{31EA4738-0BEE-4ACC-B1AA-0CC422F08078}.UI|Any CPU.ActiveCfg = Release|Any CPU
		{31EA4738-0BEE-4ACC-B1AA-0CC422F08078}.UI|Any CPU.Build.0 = Release|Any CPU
		{31EA4738-0BEE-4ACC-B1AA-0CC422F08078}.UI|Mixed Platforms.ActiveCfg = Release|Any CPU
		{31EA4738-0BEE-4ACC-B1AA-0CC422F08078}.UI|Mixed Platforms.Build.0 = Release|Any CPU
		{31EA4738-0BEE-4ACC-B1AA-0CC422F08078}.UI|x86.ActiveCfg = Release|Any CPU
		{31EA4738-0BEE-4ACC-B1AA-0CC422F08078}.UIDebug|Any CPU.ActiveCfg = Debug|Any CPU
		{31EA4738-0BEE-4ACC-B1AA-0CC422F08078}.UIDebug|Any CPU.Build.0 = Debug|Any CPU
		{31EA4738-0BEE-4ACC-B1AA-0CC422F08078}.UIDebug|Mixed Platforms.ActiveCfg = Debug|Any CPU
		{31EA4738-0BEE-4ACC-B1AA-0CC422F08078}.UIDebug|Mixed Platforms.Build.0 = Debug|Any CPU
		{31EA4738-0BEE-4ACC-B1AA-0CC422F08078}.UIDebug|x86.ActiveCfg = Debug|Any CPU
		{39945946-45EE-418B-8B20-8BFAC13AB2F8}.Debug|Any CPU.ActiveCfg = Debug|Any CPU
		{39945946-45EE-418B-8B20-8BFAC13AB2F8}.Debug|Any CPU.Build.0 = Debug|Any CPU
		{39945946-45EE-418B-8B20-8BFAC13AB2F8}.Debug|Mixed Platforms.ActiveCfg = Debug|Any CPU
		{39945946-45EE-418B-8B20-8BFAC13AB2F8}.Debug|Mixed Platforms.Build.0 = Debug|Any CPU
		{39945946-45EE-418B-8B20-8BFAC13AB2F8}.Debug|x86.ActiveCfg = Debug|Any CPU
		{39945946-45EE-418B-8B20-8BFAC13AB2F8}.Release|Any CPU.ActiveCfg = Release|Any CPU
		{39945946-45EE-418B-8B20-8BFAC13AB2F8}.Release|Any CPU.Build.0 = Release|Any CPU
		{39945946-45EE-418B-8B20-8BFAC13AB2F8}.Release|Mixed Platforms.ActiveCfg = Release|Any CPU
		{39945946-45EE-418B-8B20-8BFAC13AB2F8}.Release|Mixed Platforms.Build.0 = Release|Any CPU
		{39945946-45EE-418B-8B20-8BFAC13AB2F8}.Release|x86.ActiveCfg = Release|Any CPU
		{39945946-45EE-418B-8B20-8BFAC13AB2F8}.UI|Any CPU.ActiveCfg = Release|Any CPU
		{39945946-45EE-418B-8B20-8BFAC13AB2F8}.UI|Any CPU.Build.0 = Release|Any CPU
		{39945946-45EE-418B-8B20-8BFAC13AB2F8}.UI|Mixed Platforms.ActiveCfg = Release|Any CPU
		{39945946-45EE-418B-8B20-8BFAC13AB2F8}.UI|Mixed Platforms.Build.0 = Release|Any CPU
		{39945946-45EE-418B-8B20-8BFAC13AB2F8}.UI|x86.ActiveCfg = Release|Any CPU
		{39945946-45EE-418B-8B20-8BFAC13AB2F8}.UIDebug|Any CPU.ActiveCfg = Debug|Any CPU
		{39945946-45EE-418B-8B20-8BFAC13AB2F8}.UIDebug|Any CPU.Build.0 = Debug|Any CPU
		{39945946-45EE-418B-8B20-8BFAC13AB2F8}.UIDebug|Mixed Platforms.ActiveCfg = Debug|Any CPU
		{39945946-45EE-418B-8B20-8BFAC13AB2F8}.UIDebug|Mixed Platforms.Build.0 = Debug|Any CPU
		{39945946-45EE-418B-8B20-8BFAC13AB2F8}.UIDebug|x86.ActiveCfg = Debug|Any CPU
		{F4DCD0A7-520B-41AC-9688-F5EA14345A78}.Debug|Any CPU.ActiveCfg = Debug|x86
		{F4DCD0A7-520B-41AC-9688-F5EA14345A78}.Debug|Mixed Platforms.ActiveCfg = Debug|x86
		{F4DCD0A7-520B-41AC-9688-F5EA14345A78}.Debug|Mixed Platforms.Build.0 = Debug|x86
		{F4DCD0A7-520B-41AC-9688-F5EA14345A78}.Debug|x86.ActiveCfg = Debug|x86
		{F4DCD0A7-520B-41AC-9688-F5EA14345A78}.Debug|x86.Build.0 = Debug|x86
		{F4DCD0A7-520B-41AC-9688-F5EA14345A78}.Release|Any CPU.ActiveCfg = Release|x86
		{F4DCD0A7-520B-41AC-9688-F5EA14345A78}.Release|Mixed Platforms.ActiveCfg = Release|x86
		{F4DCD0A7-520B-41AC-9688-F5EA14345A78}.Release|Mixed Platforms.Build.0 = Release|x86
		{F4DCD0A7-520B-41AC-9688-F5EA14345A78}.Release|x86.ActiveCfg = Release|x86
		{F4DCD0A7-520B-41AC-9688-F5EA14345A78}.Release|x86.Build.0 = Release|x86
		{F4DCD0A7-520B-41AC-9688-F5EA14345A78}.UI|Any CPU.ActiveCfg = Release|x86
		{F4DCD0A7-520B-41AC-9688-F5EA14345A78}.UI|Mixed Platforms.ActiveCfg = Release|x86
		{F4DCD0A7-520B-41AC-9688-F5EA14345A78}.UI|Mixed Platforms.Build.0 = Release|x86
		{F4DCD0A7-520B-41AC-9688-F5EA14345A78}.UI|x86.ActiveCfg = Release|x86
		{F4DCD0A7-520B-41AC-9688-F5EA14345A78}.UI|x86.Build.0 = Release|x86
		{F4DCD0A7-520B-41AC-9688-F5EA14345A78}.UIDebug|Any CPU.ActiveCfg = Debug|x86
		{F4DCD0A7-520B-41AC-9688-F5EA14345A78}.UIDebug|Mixed Platforms.ActiveCfg = Debug|x86
		{F4DCD0A7-520B-41AC-9688-F5EA14345A78}.UIDebug|Mixed Platforms.Build.0 = Debug|x86
		{F4DCD0A7-520B-41AC-9688-F5EA14345A78}.UIDebug|x86.ActiveCfg = Debug|x86
		{F4DCD0A7-520B-41AC-9688-F5EA14345A78}.UIDebug|x86.Build.0 = Debug|x86
		{01E1800E-4ED3-4A0B-88D7-B278FCD72E40}.Debug|Any CPU.ActiveCfg = Debug|Any CPU
		{01E1800E-4ED3-4A0B-88D7-B278FCD72E40}.Debug|Any CPU.Build.0 = Debug|Any CPU
		{01E1800E-4ED3-4A0B-88D7-B278FCD72E40}.Debug|Mixed Platforms.ActiveCfg = Debug|Any CPU
		{01E1800E-4ED3-4A0B-88D7-B278FCD72E40}.Debug|Mixed Platforms.Build.0 = Debug|Any CPU
		{01E1800E-4ED3-4A0B-88D7-B278FCD72E40}.Debug|x86.ActiveCfg = Debug|Any CPU
		{01E1800E-4ED3-4A0B-88D7-B278FCD72E40}.Release|Any CPU.ActiveCfg = Release|Any CPU
		{01E1800E-4ED3-4A0B-88D7-B278FCD72E40}.Release|Any CPU.Build.0 = Release|Any CPU
		{01E1800E-4ED3-4A0B-88D7-B278FCD72E40}.Release|Mixed Platforms.ActiveCfg = Release|Any CPU
		{01E1800E-4ED3-4A0B-88D7-B278FCD72E40}.Release|Mixed Platforms.Build.0 = Release|Any CPU
		{01E1800E-4ED3-4A0B-88D7-B278FCD72E40}.Release|x86.ActiveCfg = Release|Any CPU
		{01E1800E-4ED3-4A0B-88D7-B278FCD72E40}.UI|Any CPU.ActiveCfg = Release|Any CPU
		{01E1800E-4ED3-4A0B-88D7-B278FCD72E40}.UI|Any CPU.Build.0 = Release|Any CPU
		{01E1800E-4ED3-4A0B-88D7-B278FCD72E40}.UI|Mixed Platforms.ActiveCfg = Release|Any CPU
		{01E1800E-4ED3-4A0B-88D7-B278FCD72E40}.UI|Mixed Platforms.Build.0 = Release|Any CPU
		{01E1800E-4ED3-4A0B-88D7-B278FCD72E40}.UI|x86.ActiveCfg = Release|Any CPU
		{01E1800E-4ED3-4A0B-88D7-B278FCD72E40}.UIDebug|Any CPU.ActiveCfg = Debug|Any CPU
		{01E1800E-4ED3-4A0B-88D7-B278FCD72E40}.UIDebug|Any CPU.Build.0 = Debug|Any CPU
		{01E1800E-4ED3-4A0B-88D7-B278FCD72E40}.UIDebug|Mixed Platforms.ActiveCfg = Debug|Any CPU
		{01E1800E-4ED3-4A0B-88D7-B278FCD72E40}.UIDebug|Mixed Platforms.Build.0 = Debug|Any CPU
		{01E1800E-4ED3-4A0B-88D7-B278FCD72E40}.UIDebug|x86.ActiveCfg = Debug|Any CPU
		{B35234A0-7BF1-49B6-BDF2-4041D0763D9B}.Debug|Any CPU.ActiveCfg = Debug|Any CPU
		{B35234A0-7BF1-49B6-BDF2-4041D0763D9B}.Debug|Any CPU.Build.0 = Debug|Any CPU
		{B35234A0-7BF1-49B6-BDF2-4041D0763D9B}.Debug|Mixed Platforms.ActiveCfg = Debug|Any CPU
		{B35234A0-7BF1-49B6-BDF2-4041D0763D9B}.Debug|Mixed Platforms.Build.0 = Debug|Any CPU
		{B35234A0-7BF1-49B6-BDF2-4041D0763D9B}.Debug|x86.ActiveCfg = Debug|Any CPU
		{B35234A0-7BF1-49B6-BDF2-4041D0763D9B}.Release|Any CPU.ActiveCfg = Release|Any CPU
		{B35234A0-7BF1-49B6-BDF2-4041D0763D9B}.Release|Any CPU.Build.0 = Release|Any CPU
		{B35234A0-7BF1-49B6-BDF2-4041D0763D9B}.Release|Mixed Platforms.ActiveCfg = Release|Any CPU
		{B35234A0-7BF1-49B6-BDF2-4041D0763D9B}.Release|Mixed Platforms.Build.0 = Release|Any CPU
		{B35234A0-7BF1-49B6-BDF2-4041D0763D9B}.Release|x86.ActiveCfg = Release|Any CPU
		{B35234A0-7BF1-49B6-BDF2-4041D0763D9B}.UI|Any CPU.ActiveCfg = Release|Any CPU
		{B35234A0-7BF1-49B6-BDF2-4041D0763D9B}.UI|Any CPU.Build.0 = Release|Any CPU
		{B35234A0-7BF1-49B6-BDF2-4041D0763D9B}.UI|Mixed Platforms.ActiveCfg = Release|Any CPU
		{B35234A0-7BF1-49B6-BDF2-4041D0763D9B}.UI|Mixed Platforms.Build.0 = Release|Any CPU
		{B35234A0-7BF1-49B6-BDF2-4041D0763D9B}.UI|x86.ActiveCfg = Release|Any CPU
		{B35234A0-7BF1-49B6-BDF2-4041D0763D9B}.UIDebug|Any CPU.ActiveCfg = Debug|Any CPU
		{B35234A0-7BF1-49B6-BDF2-4041D0763D9B}.UIDebug|Any CPU.Build.0 = Debug|Any CPU
		{B35234A0-7BF1-49B6-BDF2-4041D0763D9B}.UIDebug|Mixed Platforms.ActiveCfg = Debug|Any CPU
		{B35234A0-7BF1-49B6-BDF2-4041D0763D9B}.UIDebug|Mixed Platforms.Build.0 = Debug|Any CPU
		{B35234A0-7BF1-49B6-BDF2-4041D0763D9B}.UIDebug|x86.ActiveCfg = Debug|Any CPU
		{D7D1B61B-CD35-46EA-8575-3CF42D8F4F9D}.Debug|Any CPU.ActiveCfg = Debug|Any CPU
		{D7D1B61B-CD35-46EA-8575-3CF42D8F4F9D}.Debug|Any CPU.Build.0 = Debug|Any CPU
		{D7D1B61B-CD35-46EA-8575-3CF42D8F4F9D}.Debug|Mixed Platforms.ActiveCfg = Debug|Any CPU
		{D7D1B61B-CD35-46EA-8575-3CF42D8F4F9D}.Debug|Mixed Platforms.Build.0 = Debug|Any CPU
		{D7D1B61B-CD35-46EA-8575-3CF42D8F4F9D}.Debug|x86.ActiveCfg = Debug|Any CPU
		{D7D1B61B-CD35-46EA-8575-3CF42D8F4F9D}.Release|Any CPU.ActiveCfg = Release|Any CPU
		{D7D1B61B-CD35-46EA-8575-3CF42D8F4F9D}.Release|Any CPU.Build.0 = Release|Any CPU
		{D7D1B61B-CD35-46EA-8575-3CF42D8F4F9D}.Release|Mixed Platforms.ActiveCfg = Release|Any CPU
		{D7D1B61B-CD35-46EA-8575-3CF42D8F4F9D}.Release|Mixed Platforms.Build.0 = Release|Any CPU
		{D7D1B61B-CD35-46EA-8575-3CF42D8F4F9D}.Release|x86.ActiveCfg = Release|Any CPU
		{D7D1B61B-CD35-46EA-8575-3CF42D8F4F9D}.UI|Any CPU.ActiveCfg = Release|Any CPU
		{D7D1B61B-CD35-46EA-8575-3CF42D8F4F9D}.UI|Any CPU.Build.0 = Release|Any CPU
		{D7D1B61B-CD35-46EA-8575-3CF42D8F4F9D}.UI|Mixed Platforms.ActiveCfg = Release|Any CPU
		{D7D1B61B-CD35-46EA-8575-3CF42D8F4F9D}.UI|Mixed Platforms.Build.0 = Release|Any CPU
		{D7D1B61B-CD35-46EA-8575-3CF42D8F4F9D}.UI|x86.ActiveCfg = Release|Any CPU
		{D7D1B61B-CD35-46EA-8575-3CF42D8F4F9D}.UIDebug|Any CPU.ActiveCfg = Debug|Any CPU
		{D7D1B61B-CD35-46EA-8575-3CF42D8F4F9D}.UIDebug|Any CPU.Build.0 = Debug|Any CPU
		{D7D1B61B-CD35-46EA-8575-3CF42D8F4F9D}.UIDebug|Mixed Platforms.ActiveCfg = Debug|Any CPU
		{D7D1B61B-CD35-46EA-8575-3CF42D8F4F9D}.UIDebug|Mixed Platforms.Build.0 = Debug|Any CPU
		{D7D1B61B-CD35-46EA-8575-3CF42D8F4F9D}.UIDebug|x86.ActiveCfg = Debug|Any CPU
		{0E45B937-670F-49E1-8EF1-A4BD312B94DA}.Debug|Any CPU.ActiveCfg = Debug|Any CPU
		{0E45B937-670F-49E1-8EF1-A4BD312B94DA}.Debug|Any CPU.Build.0 = Debug|Any CPU
		{0E45B937-670F-49E1-8EF1-A4BD312B94DA}.Debug|Mixed Platforms.ActiveCfg = Debug|Any CPU
		{0E45B937-670F-49E1-8EF1-A4BD312B94DA}.Debug|Mixed Platforms.Build.0 = Debug|Any CPU
		{0E45B937-670F-49E1-8EF1-A4BD312B94DA}.Debug|x86.ActiveCfg = Debug|Any CPU
		{0E45B937-670F-49E1-8EF1-A4BD312B94DA}.Release|Any CPU.ActiveCfg = Release|Any CPU
		{0E45B937-670F-49E1-8EF1-A4BD312B94DA}.Release|Any CPU.Build.0 = Release|Any CPU
		{0E45B937-670F-49E1-8EF1-A4BD312B94DA}.Release|Mixed Platforms.ActiveCfg = Release|Any CPU
		{0E45B937-670F-49E1-8EF1-A4BD312B94DA}.Release|Mixed Platforms.Build.0 = Release|Any CPU
		{0E45B937-670F-49E1-8EF1-A4BD312B94DA}.Release|x86.ActiveCfg = Release|Any CPU
		{0E45B937-670F-49E1-8EF1-A4BD312B94DA}.UI|Any CPU.ActiveCfg = Release|Any CPU
		{0E45B937-670F-49E1-8EF1-A4BD312B94DA}.UI|Any CPU.Build.0 = Release|Any CPU
		{0E45B937-670F-49E1-8EF1-A4BD312B94DA}.UI|Mixed Platforms.ActiveCfg = Release|Any CPU
		{0E45B937-670F-49E1-8EF1-A4BD312B94DA}.UI|Mixed Platforms.Build.0 = Release|Any CPU
		{0E45B937-670F-49E1-8EF1-A4BD312B94DA}.UI|x86.ActiveCfg = Release|Any CPU
		{0E45B937-670F-49E1-8EF1-A4BD312B94DA}.UIDebug|Any CPU.ActiveCfg = Debug|Any CPU
		{0E45B937-670F-49E1-8EF1-A4BD312B94DA}.UIDebug|Any CPU.Build.0 = Debug|Any CPU
		{0E45B937-670F-49E1-8EF1-A4BD312B94DA}.UIDebug|Mixed Platforms.ActiveCfg = Debug|Any CPU
		{0E45B937-670F-49E1-8EF1-A4BD312B94DA}.UIDebug|Mixed Platforms.Build.0 = Debug|Any CPU
		{0E45B937-670F-49E1-8EF1-A4BD312B94DA}.UIDebug|x86.ActiveCfg = Debug|Any CPU
		{F41CE952-0A8E-488C-BD79-05BE26D28801}.Debug|Any CPU.ActiveCfg = Debug|Any CPU
		{F41CE952-0A8E-488C-BD79-05BE26D28801}.Debug|Any CPU.Build.0 = Debug|Any CPU
		{F41CE952-0A8E-488C-BD79-05BE26D28801}.Debug|Mixed Platforms.ActiveCfg = Debug|Any CPU
		{F41CE952-0A8E-488C-BD79-05BE26D28801}.Debug|Mixed Platforms.Build.0 = Debug|Any CPU
		{F41CE952-0A8E-488C-BD79-05BE26D28801}.Debug|x86.ActiveCfg = Debug|Any CPU
		{F41CE952-0A8E-488C-BD79-05BE26D28801}.Release|Any CPU.ActiveCfg = Release|Any CPU
		{F41CE952-0A8E-488C-BD79-05BE26D28801}.Release|Any CPU.Build.0 = Release|Any CPU
		{F41CE952-0A8E-488C-BD79-05BE26D28801}.Release|Mixed Platforms.ActiveCfg = Release|Any CPU
		{F41CE952-0A8E-488C-BD79-05BE26D28801}.Release|Mixed Platforms.Build.0 = Release|Any CPU
		{F41CE952-0A8E-488C-BD79-05BE26D28801}.Release|x86.ActiveCfg = Release|Any CPU
		{F41CE952-0A8E-488C-BD79-05BE26D28801}.UI|Any CPU.ActiveCfg = Release|Any CPU
		{F41CE952-0A8E-488C-BD79-05BE26D28801}.UI|Any CPU.Build.0 = Release|Any CPU
		{F41CE952-0A8E-488C-BD79-05BE26D28801}.UI|Mixed Platforms.ActiveCfg = Release|Any CPU
		{F41CE952-0A8E-488C-BD79-05BE26D28801}.UI|Mixed Platforms.Build.0 = Release|Any CPU
		{F41CE952-0A8E-488C-BD79-05BE26D28801}.UI|x86.ActiveCfg = Release|Any CPU
		{F41CE952-0A8E-488C-BD79-05BE26D28801}.UIDebug|Any CPU.ActiveCfg = Debug|Any CPU
		{F41CE952-0A8E-488C-BD79-05BE26D28801}.UIDebug|Any CPU.Build.0 = Debug|Any CPU
		{F41CE952-0A8E-488C-BD79-05BE26D28801}.UIDebug|Mixed Platforms.ActiveCfg = Debug|Any CPU
		{F41CE952-0A8E-488C-BD79-05BE26D28801}.UIDebug|Mixed Platforms.Build.0 = Debug|Any CPU
		{F41CE952-0A8E-488C-BD79-05BE26D28801}.UIDebug|x86.ActiveCfg = Debug|Any CPU
		{7571BCE6-3B80-41C1-AF97-9118E7F41845}.Debug|Any CPU.ActiveCfg = Debug|Any CPU
		{7571BCE6-3B80-41C1-AF97-9118E7F41845}.Debug|Any CPU.Build.0 = Debug|Any CPU
		{7571BCE6-3B80-41C1-AF97-9118E7F41845}.Debug|Mixed Platforms.ActiveCfg = Debug|Any CPU
		{7571BCE6-3B80-41C1-AF97-9118E7F41845}.Debug|Mixed Platforms.Build.0 = Debug|Any CPU
		{7571BCE6-3B80-41C1-AF97-9118E7F41845}.Debug|x86.ActiveCfg = Debug|Any CPU
		{7571BCE6-3B80-41C1-AF97-9118E7F41845}.Release|Any CPU.ActiveCfg = Release|Any CPU
		{7571BCE6-3B80-41C1-AF97-9118E7F41845}.Release|Any CPU.Build.0 = Release|Any CPU
		{7571BCE6-3B80-41C1-AF97-9118E7F41845}.Release|Mixed Platforms.ActiveCfg = Release|Any CPU
		{7571BCE6-3B80-41C1-AF97-9118E7F41845}.Release|Mixed Platforms.Build.0 = Release|Any CPU
		{7571BCE6-3B80-41C1-AF97-9118E7F41845}.Release|x86.ActiveCfg = Release|Any CPU
		{7571BCE6-3B80-41C1-AF97-9118E7F41845}.UI|Any CPU.ActiveCfg = Release|Any CPU
		{7571BCE6-3B80-41C1-AF97-9118E7F41845}.UI|Any CPU.Build.0 = Release|Any CPU
		{7571BCE6-3B80-41C1-AF97-9118E7F41845}.UI|Mixed Platforms.ActiveCfg = Release|Any CPU
		{7571BCE6-3B80-41C1-AF97-9118E7F41845}.UI|Mixed Platforms.Build.0 = Release|Any CPU
		{7571BCE6-3B80-41C1-AF97-9118E7F41845}.UI|x86.ActiveCfg = Release|Any CPU
		{7571BCE6-3B80-41C1-AF97-9118E7F41845}.UIDebug|Any CPU.ActiveCfg = Debug|Any CPU
		{7571BCE6-3B80-41C1-AF97-9118E7F41845}.UIDebug|Any CPU.Build.0 = Debug|Any CPU
		{7571BCE6-3B80-41C1-AF97-9118E7F41845}.UIDebug|Mixed Platforms.ActiveCfg = Debug|Any CPU
		{7571BCE6-3B80-41C1-AF97-9118E7F41845}.UIDebug|Mixed Platforms.Build.0 = Debug|Any CPU
		{7571BCE6-3B80-41C1-AF97-9118E7F41845}.UIDebug|x86.ActiveCfg = Debug|Any CPU
		{6673751A-D03D-4D7A-ACF3-F363469B73AE}.Debug|Any CPU.ActiveCfg = Debug|Any CPU
		{6673751A-D03D-4D7A-ACF3-F363469B73AE}.Debug|Any CPU.Build.0 = Debug|Any CPU
		{6673751A-D03D-4D7A-ACF3-F363469B73AE}.Debug|Mixed Platforms.ActiveCfg = Debug|Any CPU
		{6673751A-D03D-4D7A-ACF3-F363469B73AE}.Debug|Mixed Platforms.Build.0 = Debug|Any CPU
		{6673751A-D03D-4D7A-ACF3-F363469B73AE}.Debug|x86.ActiveCfg = Debug|Any CPU
		{6673751A-D03D-4D7A-ACF3-F363469B73AE}.Release|Any CPU.ActiveCfg = Release|Any CPU
		{6673751A-D03D-4D7A-ACF3-F363469B73AE}.Release|Any CPU.Build.0 = Release|Any CPU
		{6673751A-D03D-4D7A-ACF3-F363469B73AE}.Release|Mixed Platforms.ActiveCfg = Release|Any CPU
		{6673751A-D03D-4D7A-ACF3-F363469B73AE}.Release|Mixed Platforms.Build.0 = Release|Any CPU
		{6673751A-D03D-4D7A-ACF3-F363469B73AE}.Release|x86.ActiveCfg = Release|Any CPU
		{6673751A-D03D-4D7A-ACF3-F363469B73AE}.UI|Any CPU.ActiveCfg = Release|Any CPU
		{6673751A-D03D-4D7A-ACF3-F363469B73AE}.UI|Any CPU.Build.0 = Release|Any CPU
		{6673751A-D03D-4D7A-ACF3-F363469B73AE}.UI|Mixed Platforms.ActiveCfg = Release|Any CPU
		{6673751A-D03D-4D7A-ACF3-F363469B73AE}.UI|Mixed Platforms.Build.0 = Release|Any CPU
		{6673751A-D03D-4D7A-ACF3-F363469B73AE}.UI|x86.ActiveCfg = Release|Any CPU
		{6673751A-D03D-4D7A-ACF3-F363469B73AE}.UIDebug|Any CPU.ActiveCfg = Debug|Any CPU
		{6673751A-D03D-4D7A-ACF3-F363469B73AE}.UIDebug|Any CPU.Build.0 = Debug|Any CPU
		{6673751A-D03D-4D7A-ACF3-F363469B73AE}.UIDebug|Mixed Platforms.ActiveCfg = Debug|Any CPU
		{6673751A-D03D-4D7A-ACF3-F363469B73AE}.UIDebug|Mixed Platforms.Build.0 = Debug|Any CPU
		{6673751A-D03D-4D7A-ACF3-F363469B73AE}.UIDebug|x86.ActiveCfg = Debug|Any CPU
		{56218535-E677-4E29-86D4-A7A72DEB8255}.Debug|Any CPU.ActiveCfg = Debug|Any CPU
		{56218535-E677-4E29-86D4-A7A72DEB8255}.Debug|Any CPU.Build.0 = Debug|Any CPU
		{56218535-E677-4E29-86D4-A7A72DEB8255}.Debug|Mixed Platforms.ActiveCfg = Debug|Any CPU
		{56218535-E677-4E29-86D4-A7A72DEB8255}.Debug|Mixed Platforms.Build.0 = Debug|Any CPU
		{56218535-E677-4E29-86D4-A7A72DEB8255}.Debug|x86.ActiveCfg = Debug|Any CPU
		{56218535-E677-4E29-86D4-A7A72DEB8255}.Release|Any CPU.ActiveCfg = Release|Any CPU
		{56218535-E677-4E29-86D4-A7A72DEB8255}.Release|Any CPU.Build.0 = Release|Any CPU
		{56218535-E677-4E29-86D4-A7A72DEB8255}.Release|Mixed Platforms.ActiveCfg = Release|Any CPU
		{56218535-E677-4E29-86D4-A7A72DEB8255}.Release|Mixed Platforms.Build.0 = Release|Any CPU
		{56218535-E677-4E29-86D4-A7A72DEB8255}.Release|x86.ActiveCfg = Release|Any CPU
		{56218535-E677-4E29-86D4-A7A72DEB8255}.UI|Any CPU.ActiveCfg = Release|Any CPU
		{56218535-E677-4E29-86D4-A7A72DEB8255}.UI|Any CPU.Build.0 = Release|Any CPU
		{56218535-E677-4E29-86D4-A7A72DEB8255}.UI|Mixed Platforms.ActiveCfg = Release|Any CPU
		{56218535-E677-4E29-86D4-A7A72DEB8255}.UI|Mixed Platforms.Build.0 = Release|Any CPU
		{56218535-E677-4E29-86D4-A7A72DEB8255}.UI|x86.ActiveCfg = Release|Any CPU
		{56218535-E677-4E29-86D4-A7A72DEB8255}.UIDebug|Any CPU.ActiveCfg = Debug|Any CPU
		{56218535-E677-4E29-86D4-A7A72DEB8255}.UIDebug|Any CPU.Build.0 = Debug|Any CPU
		{56218535-E677-4E29-86D4-A7A72DEB8255}.UIDebug|Mixed Platforms.ActiveCfg = Debug|Any CPU
		{56218535-E677-4E29-86D4-A7A72DEB8255}.UIDebug|Mixed Platforms.Build.0 = Debug|Any CPU
		{56218535-E677-4E29-86D4-A7A72DEB8255}.UIDebug|x86.ActiveCfg = Debug|Any CPU
		{BD2D3466-50B3-42C5-B9AB-2463E8AE8493}.Debug|Any CPU.ActiveCfg = Debug|Any CPU
		{BD2D3466-50B3-42C5-B9AB-2463E8AE8493}.Debug|Any CPU.Build.0 = Debug|Any CPU
		{BD2D3466-50B3-42C5-B9AB-2463E8AE8493}.Debug|Mixed Platforms.ActiveCfg = Debug|Any CPU
		{BD2D3466-50B3-42C5-B9AB-2463E8AE8493}.Debug|Mixed Platforms.Build.0 = Debug|Any CPU
		{BD2D3466-50B3-42C5-B9AB-2463E8AE8493}.Debug|x86.ActiveCfg = Debug|Any CPU
		{BD2D3466-50B3-42C5-B9AB-2463E8AE8493}.Release|Any CPU.ActiveCfg = Release|Any CPU
		{BD2D3466-50B3-42C5-B9AB-2463E8AE8493}.Release|Any CPU.Build.0 = Release|Any CPU
		{BD2D3466-50B3-42C5-B9AB-2463E8AE8493}.Release|Mixed Platforms.ActiveCfg = Release|Any CPU
		{BD2D3466-50B3-42C5-B9AB-2463E8AE8493}.Release|Mixed Platforms.Build.0 = Release|Any CPU
		{BD2D3466-50B3-42C5-B9AB-2463E8AE8493}.Release|x86.ActiveCfg = Release|Any CPU
		{BD2D3466-50B3-42C5-B9AB-2463E8AE8493}.UI|Any CPU.ActiveCfg = Release|Any CPU
		{BD2D3466-50B3-42C5-B9AB-2463E8AE8493}.UI|Any CPU.Build.0 = Release|Any CPU
		{BD2D3466-50B3-42C5-B9AB-2463E8AE8493}.UI|Mixed Platforms.ActiveCfg = Release|Any CPU
		{BD2D3466-50B3-42C5-B9AB-2463E8AE8493}.UI|Mixed Platforms.Build.0 = Release|Any CPU
		{BD2D3466-50B3-42C5-B9AB-2463E8AE8493}.UI|x86.ActiveCfg = Release|Any CPU
		{BD2D3466-50B3-42C5-B9AB-2463E8AE8493}.UIDebug|Any CPU.ActiveCfg = Debug|Any CPU
		{BD2D3466-50B3-42C5-B9AB-2463E8AE8493}.UIDebug|Any CPU.Build.0 = Debug|Any CPU
		{BD2D3466-50B3-42C5-B9AB-2463E8AE8493}.UIDebug|Mixed Platforms.ActiveCfg = Debug|Any CPU
		{BD2D3466-50B3-42C5-B9AB-2463E8AE8493}.UIDebug|Mixed Platforms.Build.0 = Debug|Any CPU
		{BD2D3466-50B3-42C5-B9AB-2463E8AE8493}.UIDebug|x86.ActiveCfg = Debug|Any CPU
		{3AA2D961-12FA-4B92-AB37-E4A2556AD1B4}.Debug|Any CPU.ActiveCfg = Debug|Any CPU
		{3AA2D961-12FA-4B92-AB37-E4A2556AD1B4}.Debug|Any CPU.Build.0 = Debug|Any CPU
		{3AA2D961-12FA-4B92-AB37-E4A2556AD1B4}.Debug|Mixed Platforms.ActiveCfg = Debug|Any CPU
		{3AA2D961-12FA-4B92-AB37-E4A2556AD1B4}.Debug|Mixed Platforms.Build.0 = Debug|Any CPU
		{3AA2D961-12FA-4B92-AB37-E4A2556AD1B4}.Debug|x86.ActiveCfg = Debug|Any CPU
		{3AA2D961-12FA-4B92-AB37-E4A2556AD1B4}.Release|Any CPU.ActiveCfg = Release|Any CPU
		{3AA2D961-12FA-4B92-AB37-E4A2556AD1B4}.Release|Any CPU.Build.0 = Release|Any CPU
		{3AA2D961-12FA-4B92-AB37-E4A2556AD1B4}.Release|Mixed Platforms.ActiveCfg = Release|Any CPU
		{3AA2D961-12FA-4B92-AB37-E4A2556AD1B4}.Release|Mixed Platforms.Build.0 = Release|Any CPU
		{3AA2D961-12FA-4B92-AB37-E4A2556AD1B4}.Release|x86.ActiveCfg = Release|Any CPU
		{3AA2D961-12FA-4B92-AB37-E4A2556AD1B4}.UI|Any CPU.ActiveCfg = Release|Any CPU
		{3AA2D961-12FA-4B92-AB37-E4A2556AD1B4}.UI|Any CPU.Build.0 = Release|Any CPU
		{3AA2D961-12FA-4B92-AB37-E4A2556AD1B4}.UI|Mixed Platforms.ActiveCfg = Release|Any CPU
		{3AA2D961-12FA-4B92-AB37-E4A2556AD1B4}.UI|Mixed Platforms.Build.0 = Release|Any CPU
		{3AA2D961-12FA-4B92-AB37-E4A2556AD1B4}.UI|x86.ActiveCfg = Release|Any CPU
		{3AA2D961-12FA-4B92-AB37-E4A2556AD1B4}.UIDebug|Any CPU.ActiveCfg = Debug|Any CPU
		{3AA2D961-12FA-4B92-AB37-E4A2556AD1B4}.UIDebug|Any CPU.Build.0 = Debug|Any CPU
		{3AA2D961-12FA-4B92-AB37-E4A2556AD1B4}.UIDebug|Mixed Platforms.ActiveCfg = Debug|Any CPU
		{3AA2D961-12FA-4B92-AB37-E4A2556AD1B4}.UIDebug|Mixed Platforms.Build.0 = Debug|Any CPU
		{3AA2D961-12FA-4B92-AB37-E4A2556AD1B4}.UIDebug|x86.ActiveCfg = Debug|Any CPU
		{4B906A26-7F19-4707-A3DA-61482FE72BA4}.Debug|Any CPU.ActiveCfg = Debug|Any CPU
		{4B906A26-7F19-4707-A3DA-61482FE72BA4}.Debug|Any CPU.Build.0 = Debug|Any CPU
		{4B906A26-7F19-4707-A3DA-61482FE72BA4}.Debug|Mixed Platforms.ActiveCfg = Debug|Any CPU
		{4B906A26-7F19-4707-A3DA-61482FE72BA4}.Debug|Mixed Platforms.Build.0 = Debug|Any CPU
		{4B906A26-7F19-4707-A3DA-61482FE72BA4}.Debug|x86.ActiveCfg = Debug|Any CPU
		{4B906A26-7F19-4707-A3DA-61482FE72BA4}.Release|Any CPU.ActiveCfg = Release|Any CPU
		{4B906A26-7F19-4707-A3DA-61482FE72BA4}.Release|Any CPU.Build.0 = Release|Any CPU
		{4B906A26-7F19-4707-A3DA-61482FE72BA4}.Release|Mixed Platforms.ActiveCfg = Release|Any CPU
		{4B906A26-7F19-4707-A3DA-61482FE72BA4}.Release|Mixed Platforms.Build.0 = Release|Any CPU
		{4B906A26-7F19-4707-A3DA-61482FE72BA4}.Release|x86.ActiveCfg = Release|Any CPU
		{4B906A26-7F19-4707-A3DA-61482FE72BA4}.UI|Any CPU.ActiveCfg = Release|Any CPU
		{4B906A26-7F19-4707-A3DA-61482FE72BA4}.UI|Any CPU.Build.0 = Release|Any CPU
		{4B906A26-7F19-4707-A3DA-61482FE72BA4}.UI|Mixed Platforms.ActiveCfg = Release|Any CPU
		{4B906A26-7F19-4707-A3DA-61482FE72BA4}.UI|Mixed Platforms.Build.0 = Release|Any CPU
		{4B906A26-7F19-4707-A3DA-61482FE72BA4}.UI|x86.ActiveCfg = Release|Any CPU
		{4B906A26-7F19-4707-A3DA-61482FE72BA4}.UIDebug|Any CPU.ActiveCfg = Debug|Any CPU
		{4B906A26-7F19-4707-A3DA-61482FE72BA4}.UIDebug|Any CPU.Build.0 = Debug|Any CPU
		{4B906A26-7F19-4707-A3DA-61482FE72BA4}.UIDebug|Mixed Platforms.ActiveCfg = Debug|Any CPU
		{4B906A26-7F19-4707-A3DA-61482FE72BA4}.UIDebug|Mixed Platforms.Build.0 = Debug|Any CPU
		{4B906A26-7F19-4707-A3DA-61482FE72BA4}.UIDebug|x86.ActiveCfg = Debug|Any CPU
		{4D11E775-0EF0-470C-84A2-AAB6318AFC80}.Debug|Any CPU.ActiveCfg = Debug|Any CPU
		{4D11E775-0EF0-470C-84A2-AAB6318AFC80}.Debug|Any CPU.Build.0 = Debug|Any CPU
		{4D11E775-0EF0-470C-84A2-AAB6318AFC80}.Debug|Mixed Platforms.ActiveCfg = Debug|Any CPU
		{4D11E775-0EF0-470C-84A2-AAB6318AFC80}.Debug|Mixed Platforms.Build.0 = Debug|Any CPU
		{4D11E775-0EF0-470C-84A2-AAB6318AFC80}.Debug|x86.ActiveCfg = Debug|Any CPU
		{4D11E775-0EF0-470C-84A2-AAB6318AFC80}.Release|Any CPU.ActiveCfg = Release|Any CPU
		{4D11E775-0EF0-470C-84A2-AAB6318AFC80}.Release|Any CPU.Build.0 = Release|Any CPU
		{4D11E775-0EF0-470C-84A2-AAB6318AFC80}.Release|Mixed Platforms.ActiveCfg = Release|Any CPU
		{4D11E775-0EF0-470C-84A2-AAB6318AFC80}.Release|Mixed Platforms.Build.0 = Release|Any CPU
		{4D11E775-0EF0-470C-84A2-AAB6318AFC80}.Release|x86.ActiveCfg = Release|Any CPU
		{4D11E775-0EF0-470C-84A2-AAB6318AFC80}.UI|Any CPU.ActiveCfg = Release|Any CPU
		{4D11E775-0EF0-470C-84A2-AAB6318AFC80}.UI|Any CPU.Build.0 = Release|Any CPU
		{4D11E775-0EF0-470C-84A2-AAB6318AFC80}.UI|Mixed Platforms.ActiveCfg = Release|Any CPU
		{4D11E775-0EF0-470C-84A2-AAB6318AFC80}.UI|Mixed Platforms.Build.0 = Release|Any CPU
		{4D11E775-0EF0-470C-84A2-AAB6318AFC80}.UI|x86.ActiveCfg = Release|Any CPU
		{4D11E775-0EF0-470C-84A2-AAB6318AFC80}.UIDebug|Any CPU.ActiveCfg = Debug|Any CPU
		{4D11E775-0EF0-470C-84A2-AAB6318AFC80}.UIDebug|Any CPU.Build.0 = Debug|Any CPU
		{4D11E775-0EF0-470C-84A2-AAB6318AFC80}.UIDebug|Mixed Platforms.ActiveCfg = Debug|Any CPU
		{4D11E775-0EF0-470C-84A2-AAB6318AFC80}.UIDebug|Mixed Platforms.Build.0 = Debug|Any CPU
		{4D11E775-0EF0-470C-84A2-AAB6318AFC80}.UIDebug|x86.ActiveCfg = Debug|Any CPU
		{3F51B547-F9DC-4028-8B84-4855F028DCB0}.Debug|Any CPU.ActiveCfg = Debug|Any CPU
		{3F51B547-F9DC-4028-8B84-4855F028DCB0}.Debug|Any CPU.Build.0 = Debug|Any CPU
		{3F51B547-F9DC-4028-8B84-4855F028DCB0}.Debug|Mixed Platforms.ActiveCfg = Debug|Any CPU
		{3F51B547-F9DC-4028-8B84-4855F028DCB0}.Debug|Mixed Platforms.Build.0 = Debug|Any CPU
		{3F51B547-F9DC-4028-8B84-4855F028DCB0}.Debug|x86.ActiveCfg = Debug|Any CPU
		{3F51B547-F9DC-4028-8B84-4855F028DCB0}.Release|Any CPU.ActiveCfg = Release|Any CPU
		{3F51B547-F9DC-4028-8B84-4855F028DCB0}.Release|Any CPU.Build.0 = Release|Any CPU
		{3F51B547-F9DC-4028-8B84-4855F028DCB0}.Release|Mixed Platforms.ActiveCfg = Release|Any CPU
		{3F51B547-F9DC-4028-8B84-4855F028DCB0}.Release|Mixed Platforms.Build.0 = Release|Any CPU
		{3F51B547-F9DC-4028-8B84-4855F028DCB0}.Release|x86.ActiveCfg = Release|Any CPU
		{3F51B547-F9DC-4028-8B84-4855F028DCB0}.UI|Any CPU.ActiveCfg = Release|Any CPU
		{3F51B547-F9DC-4028-8B84-4855F028DCB0}.UI|Any CPU.Build.0 = Release|Any CPU
		{3F51B547-F9DC-4028-8B84-4855F028DCB0}.UI|Mixed Platforms.ActiveCfg = Release|Any CPU
		{3F51B547-F9DC-4028-8B84-4855F028DCB0}.UI|Mixed Platforms.Build.0 = Release|Any CPU
		{3F51B547-F9DC-4028-8B84-4855F028DCB0}.UI|x86.ActiveCfg = Release|Any CPU
		{3F51B547-F9DC-4028-8B84-4855F028DCB0}.UIDebug|Any CPU.ActiveCfg = Debug|Any CPU
		{3F51B547-F9DC-4028-8B84-4855F028DCB0}.UIDebug|Any CPU.Build.0 = Debug|Any CPU
		{3F51B547-F9DC-4028-8B84-4855F028DCB0}.UIDebug|Mixed Platforms.ActiveCfg = Debug|Any CPU
		{3F51B547-F9DC-4028-8B84-4855F028DCB0}.UIDebug|Mixed Platforms.Build.0 = Debug|Any CPU
		{3F51B547-F9DC-4028-8B84-4855F028DCB0}.UIDebug|x86.ActiveCfg = Debug|Any CPU
		{F44EE046-87BE-45C8-9F9C-17A8B26DE720}.Debug|Any CPU.ActiveCfg = Debug|Any CPU
		{F44EE046-87BE-45C8-9F9C-17A8B26DE720}.Debug|Any CPU.Build.0 = Debug|Any CPU
		{F44EE046-87BE-45C8-9F9C-17A8B26DE720}.Debug|Mixed Platforms.ActiveCfg = Debug|Any CPU
		{F44EE046-87BE-45C8-9F9C-17A8B26DE720}.Debug|Mixed Platforms.Build.0 = Debug|Any CPU
		{F44EE046-87BE-45C8-9F9C-17A8B26DE720}.Debug|x86.ActiveCfg = Debug|Any CPU
		{F44EE046-87BE-45C8-9F9C-17A8B26DE720}.Release|Any CPU.ActiveCfg = Release|Any CPU
		{F44EE046-87BE-45C8-9F9C-17A8B26DE720}.Release|Any CPU.Build.0 = Release|Any CPU
		{F44EE046-87BE-45C8-9F9C-17A8B26DE720}.Release|Mixed Platforms.ActiveCfg = Release|Any CPU
		{F44EE046-87BE-45C8-9F9C-17A8B26DE720}.Release|Mixed Platforms.Build.0 = Release|Any CPU
		{F44EE046-87BE-45C8-9F9C-17A8B26DE720}.Release|x86.ActiveCfg = Release|Any CPU
		{F44EE046-87BE-45C8-9F9C-17A8B26DE720}.UI|Any CPU.ActiveCfg = Release|Any CPU
		{F44EE046-87BE-45C8-9F9C-17A8B26DE720}.UI|Any CPU.Build.0 = Release|Any CPU
		{F44EE046-87BE-45C8-9F9C-17A8B26DE720}.UI|Mixed Platforms.ActiveCfg = Release|Any CPU
		{F44EE046-87BE-45C8-9F9C-17A8B26DE720}.UI|Mixed Platforms.Build.0 = Release|Any CPU
		{F44EE046-87BE-45C8-9F9C-17A8B26DE720}.UI|x86.ActiveCfg = Release|Any CPU
		{F44EE046-87BE-45C8-9F9C-17A8B26DE720}.UIDebug|Any CPU.ActiveCfg = Debug|Any CPU
		{F44EE046-87BE-45C8-9F9C-17A8B26DE720}.UIDebug|Any CPU.Build.0 = Debug|Any CPU
		{F44EE046-87BE-45C8-9F9C-17A8B26DE720}.UIDebug|Mixed Platforms.ActiveCfg = Debug|Any CPU
		{F44EE046-87BE-45C8-9F9C-17A8B26DE720}.UIDebug|Mixed Platforms.Build.0 = Debug|Any CPU
		{F44EE046-87BE-45C8-9F9C-17A8B26DE720}.UIDebug|x86.ActiveCfg = Debug|Any CPU
		{84CCC052-4DD1-4153-9A04-27A43BEEE4F7}.Debug|Any CPU.ActiveCfg = Debug|Any CPU
		{84CCC052-4DD1-4153-9A04-27A43BEEE4F7}.Debug|Any CPU.Build.0 = Debug|Any CPU
		{84CCC052-4DD1-4153-9A04-27A43BEEE4F7}.Debug|Mixed Platforms.ActiveCfg = Debug|Any CPU
		{84CCC052-4DD1-4153-9A04-27A43BEEE4F7}.Debug|Mixed Platforms.Build.0 = Debug|Any CPU
		{84CCC052-4DD1-4153-9A04-27A43BEEE4F7}.Debug|x86.ActiveCfg = Debug|Any CPU
		{84CCC052-4DD1-4153-9A04-27A43BEEE4F7}.Release|Any CPU.ActiveCfg = Release|Any CPU
		{84CCC052-4DD1-4153-9A04-27A43BEEE4F7}.Release|Any CPU.Build.0 = Release|Any CPU
		{84CCC052-4DD1-4153-9A04-27A43BEEE4F7}.Release|Mixed Platforms.ActiveCfg = Release|Any CPU
		{84CCC052-4DD1-4153-9A04-27A43BEEE4F7}.Release|Mixed Platforms.Build.0 = Release|Any CPU
		{84CCC052-4DD1-4153-9A04-27A43BEEE4F7}.Release|x86.ActiveCfg = Release|Any CPU
		{84CCC052-4DD1-4153-9A04-27A43BEEE4F7}.UI|Any CPU.ActiveCfg = Release|Any CPU
		{84CCC052-4DD1-4153-9A04-27A43BEEE4F7}.UI|Any CPU.Build.0 = Release|Any CPU
		{84CCC052-4DD1-4153-9A04-27A43BEEE4F7}.UI|Mixed Platforms.ActiveCfg = Release|Any CPU
		{84CCC052-4DD1-4153-9A04-27A43BEEE4F7}.UI|Mixed Platforms.Build.0 = Release|Any CPU
		{84CCC052-4DD1-4153-9A04-27A43BEEE4F7}.UI|x86.ActiveCfg = Release|Any CPU
		{84CCC052-4DD1-4153-9A04-27A43BEEE4F7}.UIDebug|Any CPU.ActiveCfg = Debug|Any CPU
		{84CCC052-4DD1-4153-9A04-27A43BEEE4F7}.UIDebug|Any CPU.Build.0 = Debug|Any CPU
		{84CCC052-4DD1-4153-9A04-27A43BEEE4F7}.UIDebug|Mixed Platforms.ActiveCfg = Debug|Any CPU
		{84CCC052-4DD1-4153-9A04-27A43BEEE4F7}.UIDebug|Mixed Platforms.Build.0 = Debug|Any CPU
		{84CCC052-4DD1-4153-9A04-27A43BEEE4F7}.UIDebug|x86.ActiveCfg = Debug|Any CPU
		{04344C11-F088-4C2E-8395-91D74CB33204}.Debug|Any CPU.ActiveCfg = Debug|Any CPU
		{04344C11-F088-4C2E-8395-91D74CB33204}.Debug|Any CPU.Build.0 = Debug|Any CPU
		{04344C11-F088-4C2E-8395-91D74CB33204}.Debug|Mixed Platforms.ActiveCfg = Debug|Any CPU
		{04344C11-F088-4C2E-8395-91D74CB33204}.Debug|Mixed Platforms.Build.0 = Debug|Any CPU
		{04344C11-F088-4C2E-8395-91D74CB33204}.Debug|x86.ActiveCfg = Debug|Any CPU
		{04344C11-F088-4C2E-8395-91D74CB33204}.Release|Any CPU.ActiveCfg = Release|Any CPU
		{04344C11-F088-4C2E-8395-91D74CB33204}.Release|Any CPU.Build.0 = Release|Any CPU
		{04344C11-F088-4C2E-8395-91D74CB33204}.Release|Mixed Platforms.ActiveCfg = Release|Any CPU
		{04344C11-F088-4C2E-8395-91D74CB33204}.Release|Mixed Platforms.Build.0 = Release|Any CPU
		{04344C11-F088-4C2E-8395-91D74CB33204}.Release|x86.ActiveCfg = Release|Any CPU
		{04344C11-F088-4C2E-8395-91D74CB33204}.UI|Any CPU.ActiveCfg = UI|Any CPU
		{04344C11-F088-4C2E-8395-91D74CB33204}.UI|Any CPU.Build.0 = UI|Any CPU
		{04344C11-F088-4C2E-8395-91D74CB33204}.UI|Mixed Platforms.ActiveCfg = UI|Any CPU
		{04344C11-F088-4C2E-8395-91D74CB33204}.UI|Mixed Platforms.Build.0 = UI|Any CPU
		{04344C11-F088-4C2E-8395-91D74CB33204}.UI|x86.ActiveCfg = UI|Any CPU
		{04344C11-F088-4C2E-8395-91D74CB33204}.UIDebug|Any CPU.ActiveCfg = UIDebug|Any CPU
		{04344C11-F088-4C2E-8395-91D74CB33204}.UIDebug|Any CPU.Build.0 = UIDebug|Any CPU
		{04344C11-F088-4C2E-8395-91D74CB33204}.UIDebug|Mixed Platforms.ActiveCfg = UIDebug|Any CPU
		{04344C11-F088-4C2E-8395-91D74CB33204}.UIDebug|Mixed Platforms.Build.0 = UIDebug|Any CPU
		{04344C11-F088-4C2E-8395-91D74CB33204}.UIDebug|x86.ActiveCfg = UIDebug|Any CPU
		{08A41840-AC4A-4D1E-8CF5-881E968B44AE}.Debug|Any CPU.ActiveCfg = Debug|Any CPU
		{08A41840-AC4A-4D1E-8CF5-881E968B44AE}.Debug|Any CPU.Build.0 = Debug|Any CPU
		{08A41840-AC4A-4D1E-8CF5-881E968B44AE}.Debug|Mixed Platforms.ActiveCfg = Debug|Any CPU
		{08A41840-AC4A-4D1E-8CF5-881E968B44AE}.Debug|Mixed Platforms.Build.0 = Debug|Any CPU
		{08A41840-AC4A-4D1E-8CF5-881E968B44AE}.Debug|x86.ActiveCfg = Debug|Any CPU
		{08A41840-AC4A-4D1E-8CF5-881E968B44AE}.Release|Any CPU.ActiveCfg = Release|Any CPU
		{08A41840-AC4A-4D1E-8CF5-881E968B44AE}.Release|Any CPU.Build.0 = Release|Any CPU
		{08A41840-AC4A-4D1E-8CF5-881E968B44AE}.Release|Mixed Platforms.ActiveCfg = Release|Any CPU
		{08A41840-AC4A-4D1E-8CF5-881E968B44AE}.Release|Mixed Platforms.Build.0 = Release|Any CPU
		{08A41840-AC4A-4D1E-8CF5-881E968B44AE}.Release|x86.ActiveCfg = Release|Any CPU
		{08A41840-AC4A-4D1E-8CF5-881E968B44AE}.UI|Any CPU.ActiveCfg = UI|Any CPU
		{08A41840-AC4A-4D1E-8CF5-881E968B44AE}.UI|Any CPU.Build.0 = UI|Any CPU
		{08A41840-AC4A-4D1E-8CF5-881E968B44AE}.UI|Mixed Platforms.ActiveCfg = UI|Any CPU
		{08A41840-AC4A-4D1E-8CF5-881E968B44AE}.UI|Mixed Platforms.Build.0 = UI|Any CPU
		{08A41840-AC4A-4D1E-8CF5-881E968B44AE}.UI|x86.ActiveCfg = UI|Any CPU
		{08A41840-AC4A-4D1E-8CF5-881E968B44AE}.UIDebug|Any CPU.ActiveCfg = UIDebug|Any CPU
		{08A41840-AC4A-4D1E-8CF5-881E968B44AE}.UIDebug|Any CPU.Build.0 = UIDebug|Any CPU
		{08A41840-AC4A-4D1E-8CF5-881E968B44AE}.UIDebug|Mixed Platforms.ActiveCfg = UIDebug|Any CPU
		{08A41840-AC4A-4D1E-8CF5-881E968B44AE}.UIDebug|Mixed Platforms.Build.0 = UIDebug|Any CPU
		{08A41840-AC4A-4D1E-8CF5-881E968B44AE}.UIDebug|x86.ActiveCfg = UIDebug|Any CPU
		{3526EE5B-5BDE-4D92-8C7E-BF2DB4DE983C}.Debug|Any CPU.ActiveCfg = Debug|Any CPU
		{3526EE5B-5BDE-4D92-8C7E-BF2DB4DE983C}.Debug|Any CPU.Build.0 = Debug|Any CPU
		{3526EE5B-5BDE-4D92-8C7E-BF2DB4DE983C}.Debug|Mixed Platforms.ActiveCfg = Debug|Any CPU
		{3526EE5B-5BDE-4D92-8C7E-BF2DB4DE983C}.Debug|Mixed Platforms.Build.0 = Debug|Any CPU
		{3526EE5B-5BDE-4D92-8C7E-BF2DB4DE983C}.Debug|x86.ActiveCfg = Debug|Any CPU
		{3526EE5B-5BDE-4D92-8C7E-BF2DB4DE983C}.Release|Any CPU.ActiveCfg = Release|Any CPU
		{3526EE5B-5BDE-4D92-8C7E-BF2DB4DE983C}.Release|Any CPU.Build.0 = Release|Any CPU
		{3526EE5B-5BDE-4D92-8C7E-BF2DB4DE983C}.Release|Mixed Platforms.ActiveCfg = Release|Any CPU
		{3526EE5B-5BDE-4D92-8C7E-BF2DB4DE983C}.Release|Mixed Platforms.Build.0 = Release|Any CPU
		{3526EE5B-5BDE-4D92-8C7E-BF2DB4DE983C}.Release|x86.ActiveCfg = Release|Any CPU
		{3526EE5B-5BDE-4D92-8C7E-BF2DB4DE983C}.UI|Any CPU.ActiveCfg = UI|Any CPU
		{3526EE5B-5BDE-4D92-8C7E-BF2DB4DE983C}.UI|Any CPU.Build.0 = UI|Any CPU
		{3526EE5B-5BDE-4D92-8C7E-BF2DB4DE983C}.UI|Mixed Platforms.ActiveCfg = UI|Any CPU
		{3526EE5B-5BDE-4D92-8C7E-BF2DB4DE983C}.UI|Mixed Platforms.Build.0 = UI|Any CPU
		{3526EE5B-5BDE-4D92-8C7E-BF2DB4DE983C}.UI|x86.ActiveCfg = UI|Any CPU
		{3526EE5B-5BDE-4D92-8C7E-BF2DB4DE983C}.UIDebug|Any CPU.ActiveCfg = UIDebug|Any CPU
		{3526EE5B-5BDE-4D92-8C7E-BF2DB4DE983C}.UIDebug|Any CPU.Build.0 = UIDebug|Any CPU
		{3526EE5B-5BDE-4D92-8C7E-BF2DB4DE983C}.UIDebug|Mixed Platforms.ActiveCfg = UIDebug|Any CPU
		{3526EE5B-5BDE-4D92-8C7E-BF2DB4DE983C}.UIDebug|Mixed Platforms.Build.0 = UIDebug|Any CPU
		{3526EE5B-5BDE-4D92-8C7E-BF2DB4DE983C}.UIDebug|x86.ActiveCfg = UIDebug|Any CPU
		{113E2BE3-0473-4BE2-A065-293A73391331}.Debug|Any CPU.ActiveCfg = Debug|Any CPU
		{113E2BE3-0473-4BE2-A065-293A73391331}.Debug|Any CPU.Build.0 = Debug|Any CPU
		{113E2BE3-0473-4BE2-A065-293A73391331}.Debug|Mixed Platforms.ActiveCfg = Debug|Any CPU
		{113E2BE3-0473-4BE2-A065-293A73391331}.Debug|Mixed Platforms.Build.0 = Debug|Any CPU
		{113E2BE3-0473-4BE2-A065-293A73391331}.Debug|x86.ActiveCfg = Debug|Any CPU
		{113E2BE3-0473-4BE2-A065-293A73391331}.Release|Any CPU.ActiveCfg = Release|Any CPU
		{113E2BE3-0473-4BE2-A065-293A73391331}.Release|Any CPU.Build.0 = Release|Any CPU
		{113E2BE3-0473-4BE2-A065-293A73391331}.Release|Mixed Platforms.ActiveCfg = Release|Any CPU
		{113E2BE3-0473-4BE2-A065-293A73391331}.Release|Mixed Platforms.Build.0 = Release|Any CPU
		{113E2BE3-0473-4BE2-A065-293A73391331}.Release|x86.ActiveCfg = Release|Any CPU
		{113E2BE3-0473-4BE2-A065-293A73391331}.UI|Any CPU.ActiveCfg = Release|Any CPU
		{113E2BE3-0473-4BE2-A065-293A73391331}.UI|Any CPU.Build.0 = Release|Any CPU
		{113E2BE3-0473-4BE2-A065-293A73391331}.UI|Mixed Platforms.ActiveCfg = Release|Any CPU
		{113E2BE3-0473-4BE2-A065-293A73391331}.UI|Mixed Platforms.Build.0 = Release|Any CPU
		{113E2BE3-0473-4BE2-A065-293A73391331}.UI|x86.ActiveCfg = Release|Any CPU
		{113E2BE3-0473-4BE2-A065-293A73391331}.UIDebug|Any CPU.ActiveCfg = Debug|Any CPU
		{113E2BE3-0473-4BE2-A065-293A73391331}.UIDebug|Any CPU.Build.0 = Debug|Any CPU
		{113E2BE3-0473-4BE2-A065-293A73391331}.UIDebug|Mixed Platforms.ActiveCfg = Debug|Any CPU
		{113E2BE3-0473-4BE2-A065-293A73391331}.UIDebug|Mixed Platforms.Build.0 = Debug|Any CPU
		{113E2BE3-0473-4BE2-A065-293A73391331}.UIDebug|x86.ActiveCfg = Debug|Any CPU
		{DE9BE954-EF76-41C2-A6B8-D62E3E2775A3}.Debug|Any CPU.ActiveCfg = Debug|Any CPU
		{DE9BE954-EF76-41C2-A6B8-D62E3E2775A3}.Debug|Any CPU.Build.0 = Debug|Any CPU
		{DE9BE954-EF76-41C2-A6B8-D62E3E2775A3}.Debug|Mixed Platforms.ActiveCfg = Debug|Any CPU
		{DE9BE954-EF76-41C2-A6B8-D62E3E2775A3}.Debug|Mixed Platforms.Build.0 = Debug|Any CPU
		{DE9BE954-EF76-41C2-A6B8-D62E3E2775A3}.Debug|x86.ActiveCfg = Debug|Any CPU
		{DE9BE954-EF76-41C2-A6B8-D62E3E2775A3}.Release|Any CPU.ActiveCfg = Release|Any CPU
		{DE9BE954-EF76-41C2-A6B8-D62E3E2775A3}.Release|Any CPU.Build.0 = Release|Any CPU
		{DE9BE954-EF76-41C2-A6B8-D62E3E2775A3}.Release|Mixed Platforms.ActiveCfg = Release|Any CPU
		{DE9BE954-EF76-41C2-A6B8-D62E3E2775A3}.Release|Mixed Platforms.Build.0 = Release|Any CPU
		{DE9BE954-EF76-41C2-A6B8-D62E3E2775A3}.Release|x86.ActiveCfg = Release|Any CPU
		{DE9BE954-EF76-41C2-A6B8-D62E3E2775A3}.UI|Any CPU.ActiveCfg = Release|Any CPU
		{DE9BE954-EF76-41C2-A6B8-D62E3E2775A3}.UI|Any CPU.Build.0 = Release|Any CPU
		{DE9BE954-EF76-41C2-A6B8-D62E3E2775A3}.UI|Mixed Platforms.ActiveCfg = Release|Any CPU
		{DE9BE954-EF76-41C2-A6B8-D62E3E2775A3}.UI|Mixed Platforms.Build.0 = Release|Any CPU
		{DE9BE954-EF76-41C2-A6B8-D62E3E2775A3}.UI|x86.ActiveCfg = Release|Any CPU
		{DE9BE954-EF76-41C2-A6B8-D62E3E2775A3}.UIDebug|Any CPU.ActiveCfg = Debug|Any CPU
		{DE9BE954-EF76-41C2-A6B8-D62E3E2775A3}.UIDebug|Any CPU.Build.0 = Debug|Any CPU
		{DE9BE954-EF76-41C2-A6B8-D62E3E2775A3}.UIDebug|Mixed Platforms.ActiveCfg = Debug|Any CPU
		{DE9BE954-EF76-41C2-A6B8-D62E3E2775A3}.UIDebug|Mixed Platforms.Build.0 = Debug|Any CPU
		{DE9BE954-EF76-41C2-A6B8-D62E3E2775A3}.UIDebug|x86.ActiveCfg = Debug|Any CPU
	EndGlobalSection
	GlobalSection(SolutionProperties) = preSolution
		HideSolutionNode = FALSE
	EndGlobalSection
	GlobalSection(NestedProjects) = preSolution
		{91BC8C1C-DB9C-48D2-BCAA-5D1D2C7F4776} = {09C9792A-9838-4094-B2BC-CBB3BA42CD7A}
		{17316E6C-30F2-4F6A-A4AC-38BD5E516772} = {09C9792A-9838-4094-B2BC-CBB3BA42CD7A}
		{E005B207-CFB9-4BC7-96C4-178F61723510} = {09C9792A-9838-4094-B2BC-CBB3BA42CD7A}
		{060003E7-5A4D-4B47-91D1-32D1A356014A} = {A9B2EF2B-E975-4515-A8BC-FC5CA49F4714}
		{8EC487AC-1896-46C4-A4B7-18641F3DCBCD} = {91BC8C1C-DB9C-48D2-BCAA-5D1D2C7F4776}
		{8F3DBFF0-D1D6-4C1E-A11C-6D4C730E9E3B} = {91BC8C1C-DB9C-48D2-BCAA-5D1D2C7F4776}
		{A7327528-F1EA-414B-A5AE-DE76FFD4379B} = {91BC8C1C-DB9C-48D2-BCAA-5D1D2C7F4776}
		{9C6AB590-1072-4EA7-B7DA-FC33B765EE2D} = {91BC8C1C-DB9C-48D2-BCAA-5D1D2C7F4776}
		{AA5D10E0-B6A9-42D2-BEED-8615921BB1FE} = {8EC487AC-1896-46C4-A4B7-18641F3DCBCD}
		{069C7DF7-469D-4D57-A3FE-E4C03C1C3C16} = {8EC487AC-1896-46C4-A4B7-18641F3DCBCD}
		{49697E41-FBD9-4BF8-A69D-A9447777E345} = {8EC487AC-1896-46C4-A4B7-18641F3DCBCD}
		{B717EB89-F873-49CF-BF41-A957E77951FF} = {8EC487AC-1896-46C4-A4B7-18641F3DCBCD}
		{03383FE0-2C9E-41CA-B693-8949F79AE0BB} = {17316E6C-30F2-4F6A-A4AC-38BD5E516772}
		{6424D743-8F3C-48D1-8969-B7D382C84017} = {17316E6C-30F2-4F6A-A4AC-38BD5E516772}
		{CD948523-9F33-43E7-AB12-6F9BBD7F4104} = {17316E6C-30F2-4F6A-A4AC-38BD5E516772}
		{AA1B3B25-A276-4B58-A255-79B71B01B048} = {79F4D87B-1DD7-48EE-8FA9-1C92B6F30DE3}
		{7B000B9A-4C3D-484B-AA43-82280A5226FC} = {79F4D87B-1DD7-48EE-8FA9-1C92B6F30DE3}
		{9D2F51E2-9710-4C91-A66B-823EB72437FD} = {79F4D87B-1DD7-48EE-8FA9-1C92B6F30DE3}
		{7571BCE6-3B80-41C1-AF97-9118E7F41845} = {79F4D87B-1DD7-48EE-8FA9-1C92B6F30DE3}
		{6673751A-D03D-4D7A-ACF3-F363469B73AE} = {79F4D87B-1DD7-48EE-8FA9-1C92B6F30DE3}
		{56218535-E677-4E29-86D4-A7A72DEB8255} = {79F4D87B-1DD7-48EE-8FA9-1C92B6F30DE3}
		{DE9BE954-EF76-41C2-A6B8-D62E3E2775A3} = {79F4D87B-1DD7-48EE-8FA9-1C92B6F30DE3}
		{951497F5-58C7-4775-8E16-35FD6E2F4644} = {379B0614-FFAF-46AB-B816-EF5CB7B1AFB0}
		{8DF1949C-0120-4412-9DCF-22EAB25601D1} = {379B0614-FFAF-46AB-B816-EF5CB7B1AFB0}
		{3F302F47-8302-44EA-BCFF-B6EA0C75F9F4} = {379B0614-FFAF-46AB-B816-EF5CB7B1AFB0}
		{59A447AC-D738-45BB-A8C0-2170122E3983} = {379B0614-FFAF-46AB-B816-EF5CB7B1AFB0}
		{E92B82CB-AC9C-4B52-A7A9-C91CBF8361DC} = {379B0614-FFAF-46AB-B816-EF5CB7B1AFB0}
		{F4DCD0A7-520B-41AC-9688-F5EA14345A78} = {951497F5-58C7-4775-8E16-35FD6E2F4644}
		{01E1800E-4ED3-4A0B-88D7-B278FCD72E40} = {951497F5-58C7-4775-8E16-35FD6E2F4644}
		{6B61ACF2-41B8-45FA-AED3-1AC9D5950135} = {E005B207-CFB9-4BC7-96C4-178F61723510}
		{10EFAFD0-B2C8-4F13-B8F5-68FB97EB4117} = {E005B207-CFB9-4BC7-96C4-178F61723510}
		{31EA4738-0BEE-4ACC-B1AA-0CC422F08078} = {E005B207-CFB9-4BC7-96C4-178F61723510}
		{39945946-45EE-418B-8B20-8BFAC13AB2F8} = {E005B207-CFB9-4BC7-96C4-178F61723510}
		{B35234A0-7BF1-49B6-BDF2-4041D0763D9B} = {8DF1949C-0120-4412-9DCF-22EAB25601D1}
		{D7D1B61B-CD35-46EA-8575-3CF42D8F4F9D} = {8DF1949C-0120-4412-9DCF-22EAB25601D1}
		{0E45B937-670F-49E1-8EF1-A4BD312B94DA} = {8DF1949C-0120-4412-9DCF-22EAB25601D1}
		{F41CE952-0A8E-488C-BD79-05BE26D28801} = {8DF1949C-0120-4412-9DCF-22EAB25601D1}
		{113E2BE3-0473-4BE2-A065-293A73391331} = {8DF1949C-0120-4412-9DCF-22EAB25601D1}
		{BD2D3466-50B3-42C5-B9AB-2463E8AE8493} = {3F302F47-8302-44EA-BCFF-B6EA0C75F9F4}
		{3AA2D961-12FA-4B92-AB37-E4A2556AD1B4} = {3F302F47-8302-44EA-BCFF-B6EA0C75F9F4}
		{4B906A26-7F19-4707-A3DA-61482FE72BA4} = {3F302F47-8302-44EA-BCFF-B6EA0C75F9F4}
		{4D11E775-0EF0-470C-84A2-AAB6318AFC80} = {59A447AC-D738-45BB-A8C0-2170122E3983}
		{3F51B547-F9DC-4028-8B84-4855F028DCB0} = {59A447AC-D738-45BB-A8C0-2170122E3983}
		{F44EE046-87BE-45C8-9F9C-17A8B26DE720} = {59A447AC-D738-45BB-A8C0-2170122E3983}
		{84CCC052-4DD1-4153-9A04-27A43BEEE4F7} = {59A447AC-D738-45BB-A8C0-2170122E3983}
		{04344C11-F088-4C2E-8395-91D74CB33204} = {E92B82CB-AC9C-4B52-A7A9-C91CBF8361DC}
		{08A41840-AC4A-4D1E-8CF5-881E968B44AE} = {E92B82CB-AC9C-4B52-A7A9-C91CBF8361DC}
		{3526EE5B-5BDE-4D92-8C7E-BF2DB4DE983C} = {E92B82CB-AC9C-4B52-A7A9-C91CBF8361DC}
	EndGlobalSection
	GlobalSection(SubversionScc) = preSolution
		Svn-Managed = True
		Manager = AnkhSVN - Subversion Support for Visual Studio
	EndGlobalSection
EndGlobal
