
Microsoft Visual Studio Solution File, Format Version 12.00
# Visual Studio 2013
VisualStudioVersion = 12.0.21005.1
MinimumVisualStudioVersion = 10.0.40219.1
Project("{2150E333-8FDC-42A3-9474-1A3956D46DE8}") = "SMT.Workflow.EngineTimer", "SMT.Workflow.EngineTimer", "{8EC487AC-1896-46C4-A4B7-18641F3DCBCD}"
EndProject
Project("{2150E333-8FDC-42A3-9474-1A3956D46DE8}") = "SMT.Workflow.UI", "SMT.Workflow.UI", "{A9B2EF2B-E975-4515-A8BC-FC5CA49F4714}"
EndProject
Project("{2150E333-8FDC-42A3-9474-1A3956D46DE8}") = "SMT.Workflow.Services", "SMT.Workflow.Services", "{09C9792A-9838-4094-B2BC-CBB3BA42CD7A}"
EndProject
Project("{2150E333-8FDC-42A3-9474-1A3956D46DE8}") = "SMT.Workflow.Services.Engine", "SMT.Workflow.Services.Engine", "{91BC8C1C-DB9C-48D2-BCAA-5D1D2C7F4776}"
EndProject
Project("{2150E333-8FDC-42A3-9474-1A3956D46DE8}") = "SMT.Workflow.UIServices", "SMT.Workflow.UIServices", "{17316E6C-30F2-4F6A-A4AC-38BD5E516772}"
EndProject
Project("{2150E333-8FDC-42A3-9474-1A3956D46DE8}") = "SMT.Workflow.Common", "SMT.Workflow.Common", "{79F4D87B-1DD7-48EE-8FA9-1C92B6F30DE3}"
EndProject
Project("{2150E333-8FDC-42A3-9474-1A3956D46DE8}") = "业务系统", "业务系统", "{379B0614-FFAF-46AB-B816-EF5CB7B1AFB0}"
EndProject
Project("{2150E333-8FDC-42A3-9474-1A3956D46DE8}") = "WFTools", "WFTools", "{1CB6E96B-BB47-447C-A808-81E22985DE72}"
EndProject
Project("{2150E333-8FDC-42A3-9474-1A3956D46DE8}") = "测试", "测试", "{951497F5-58C7-4775-8E16-35FD6E2F4644}"
EndProject
Project("{2150E333-8FDC-42A3-9474-1A3956D46DE8}") = "SMT.Flow.WFService", "SMT.Flow.WFService", "{E005B207-CFB9-4BC7-96C4-178F61723510}"
EndProject
Project("{FAE04EC0-301F-11D3-BF4B-00C04F79EFBC}") = "SMT.Workflow.Engine.DAL", "SMT.Workflow.Engine\SMT.Workflow.Engine.DAL\SMT.Workflow.Engine.DAL.csproj", "{AA5D10E0-B6A9-42D2-BEED-8615921BB1FE}"
EndProject
Project("{FAE04EC0-301F-11D3-BF4B-00C04F79EFBC}") = "SMT.Workflow.Platform.Designer", "SMT.Workflow.Platform\SMT.Workflow.Platform.Designer\SMT.Workflow.Platform.Designer.csproj", "{060003E7-5A4D-4B47-91D1-32D1A356014A}"
	ProjectSection(ProjectDependencies) = postProject
		{CD948523-9F33-43E7-AB12-6F9BBD7F4104} = {CD948523-9F33-43E7-AB12-6F9BBD7F4104}
	EndProjectSection
EndProject
Project("{FAE04EC0-301F-11D3-BF4B-00C04F79EFBC}") = "SMT.Workflow.Common.Model", "SMT.Workflow.Common\SMT.Workflow.Common.Model\SMT.Workflow.Common.Model.csproj", "{AA1B3B25-A276-4B58-A255-79B71B01B048}"
EndProject
Project("{FAE04EC0-301F-11D3-BF4B-00C04F79EFBC}") = "SMT.Workflow.Engine.Services", "SMT.Workflow.Services\SMT.Workflow.Services.Engine\SMT.Workflow.Engine.Services\SMT.Workflow.Engine.Services.csproj", "{8F3DBFF0-D1D6-4C1E-A11C-6D4C730E9E3B}"
EndProject
Project("{FAE04EC0-301F-11D3-BF4B-00C04F79EFBC}") = "SMT.Workflow.Platform.DAL", "SMT.Workflow.Services\SMT.Workflow.Services.Platform\SMT.Workflow.Platform.DAL\SMT.Workflow.Platform.DAL.csproj", "{03383FE0-2C9E-41CA-B693-8949F79AE0BB}"
EndProject
Project("{FAE04EC0-301F-11D3-BF4B-00C04F79EFBC}") = "SMT.Workflow.Platform.BLL", "SMT.Workflow.Services\SMT.Workflow.Services.Platform\SMT.Workflow.Platform.BLL\SMT.Workflow.Platform.BLL.csproj", "{6424D743-8F3C-48D1-8969-B7D382C84017}"
EndProject
Project("{FAE04EC0-301F-11D3-BF4B-00C04F79EFBC}") = "SMT.Workflow.Platform.Services", "SMT.Workflow.Services\SMT.Workflow.Services.Platform\SMT.Workflow.Platform.Services\SMT.Workflow.Platform.Services.csproj", "{CD948523-9F33-43E7-AB12-6F9BBD7F4104}"
EndProject
Project("{FAE04EC0-301F-11D3-BF4B-00C04F79EFBC}") = "SMT.Workflow.Engine.BLL", "SMT.Workflow.Engine\SMT.Workflow.Engine.BLL\SMT.Workflow.Engine.BLL.csproj", "{069C7DF7-469D-4D57-A3FE-E4C03C1C3C16}"
EndProject
Project("{FAE04EC0-301F-11D3-BF4B-00C04F79EFBC}") = "SMT.Workflow.Engine.IContract", "SMT.Workflow.Engine\SMT.Workflow.Engine.IContract\SMT.Workflow.Engine.IContract.csproj", "{49697E41-FBD9-4BF8-A69D-A9447777E345}"
EndProject
Project("{FAE04EC0-301F-11D3-BF4B-00C04F79EFBC}") = "SMT.Workflow.Engine.TimingService", "SMT.Workflow.Engine\SMT.Workflow.Engine.TimingService\SMT.Workflow.Engine.TimingService.csproj", "{B717EB89-F873-49CF-BF41-A957E77951FF}"
EndProject
Project("{FAE04EC0-301F-11D3-BF4B-00C04F79EFBC}") = "SMT.Workflow.Engine.Services.DAL", "SMT.Workflow.Services\SMT.Workflow.Services.Engine\SMT.Workflow.Engine.Services.DAL\SMT.Workflow.Engine.Services.DAL.csproj", "{A7327528-F1EA-414B-A5AE-DE76FFD4379B}"
EndProject
Project("{FAE04EC0-301F-11D3-BF4B-00C04F79EFBC}") = "SMT.Workflow.Engine.Services.BLL", "SMT.Workflow.Services\SMT.Workflow.Services.Engine\SMT.Workflow.Engine.Services.BLL\SMT.Workflow.Engine.Services.BLL.csproj", "{9C6AB590-1072-4EA7-B7DA-FC33B765EE2D}"
EndProject
Project("{FAE04EC0-301F-11D3-BF4B-00C04F79EFBC}") = "SMT.Workflow.SMTCache", "SMT.Workflow.Common\SMT.Workflow.SMTCache\SMT.Workflow.SMTCache.csproj", "{7B000B9A-4C3D-484B-AA43-82280A5226FC}"
EndProject
Project("{FAE04EC0-301F-11D3-BF4B-00C04F79EFBC}") = "SMT.Foundation.Core", "..\..\OA\源码\SMT.Foundation.NewCore\SMT.Foundation.Core.csproj", "{9D2F51E2-9710-4C91-A66B-823EB72437FD}"
EndProject
Project("{FAE04EC0-301F-11D3-BF4B-00C04F79EFBC}") = "SMT.FlowDAL", "SMT.SaaS.FlowSystem\SMT.FlowDAL\SMT.FlowDAL.csproj", "{6B61ACF2-41B8-45FA-AED3-1AC9D5950135}"
EndProject
Project("{FAE04EC0-301F-11D3-BF4B-00C04F79EFBC}") = "SMT.FlowWFService", "SMT.SaaS.FlowSystem\SMT.FlowWFService\SMT.FlowWFService.csproj", "{10EFAFD0-B2C8-4F13-B8F5-68FB97EB4117}"
EndProject
Project("{FAE04EC0-301F-11D3-BF4B-00C04F79EFBC}") = "SMT.FlowWFService.Host", "SMT.SaaS.FlowSystem\SMT.FlowWFService.Host\SMT.FlowWFService.Host.csproj", "{31EA4738-0BEE-4ACC-B1AA-0CC422F08078}"
EndProject
Project("{FAE04EC0-301F-11D3-BF4B-00C04F79EFBC}") = "SMT.WFLib", "SMT.SaaS.FlowSystem\SMT.WFLib\SMT.WFLib.csproj", "{39945946-45EE-418B-8B20-8BFAC13AB2F8}"
EndProject
Project("{FAE04EC0-301F-11D3-BF4B-00C04F79EFBC}") = "WinFlowTest", "SMT.SaaS.FlowSystem\WinFlowTest\WinFlowTest.csproj", "{F4DCD0A7-520B-41AC-9688-F5EA14345A78}"
EndProject
Project("{FAE04EC0-301F-11D3-BF4B-00C04F79EFBC}") = "SMTWFTest", "SMT.SaaS.FlowSystem\SMTWFTest\SMTWFTest.csproj", "{01E1800E-4ED3-4A0B-88D7-B278FCD72E40}"
EndProject
Project("{FAE04EC0-301F-11D3-BF4B-00C04F79EFBC}") = "WFTools.Activities", "SMT.SaaS.FlowSystem\WFTools\Activities\WFTools.Activities.csproj", "{60841268-076B-4A7F-A5DE-B8A1EA3EEC97}"
EndProject
Project("{00D1A9C2-B5F0-4AF3-8072-F6C62B433612}") = "WFTools.DB", "SMT.SaaS.FlowSystem\WFTools\DB\WFTools.DB.sqlproj", "{ABF93F93-4F0C-46B5-968E-2753FE88A33B}"
EndProject
Project("{FAE04EC0-301F-11D3-BF4B-00C04F79EFBC}") = "WFTools.Resources", "SMT.SaaS.FlowSystem\WFTools\Resources\WFTools.Resources.csproj", "{6485DC3F-08A9-4BC9-AEC0-FD37E2717604}"
EndProject
Project("{FAE04EC0-301F-11D3-BF4B-00C04F79EFBC}") = "WFTools.Samples.Windows", "SMT.SaaS.FlowSystem\WFTools\Samples\Windows\WFTools.Samples.Windows.csproj", "{530AB894-3B5E-44E4-AA39-5104ECE8ED6A}"
EndProject
Project("{FAE04EC0-301F-11D3-BF4B-00C04F79EFBC}") = "WFTools.Samples.WorkFlow", "SMT.SaaS.FlowSystem\WFTools\Samples\WorkFlow\WFTools.Samples.WorkFlow.csproj", "{B243A7EA-6D71-4B9D-A8F9-38650B15C0FC}"
EndProject
Project("{FAE04EC0-301F-11D3-BF4B-00C04F79EFBC}") = "WFTools.Services", "SMT.SaaS.FlowSystem\WFTools\Services\WFTools.Services.csproj", "{AFDBD4BB-BC33-421E-8086-68BD23AC90A2}"
EndProject
Project("{FAE04EC0-301F-11D3-BF4B-00C04F79EFBC}") = "WFTools.Utilities", "SMT.SaaS.FlowSystem\WFTools\Utilities\WFTools.Utilities.csproj", "{CB650825-DA70-4B89-9F00-CC5FEA845E26}"
EndProject
Project("{FAE04EC0-301F-11D3-BF4B-00C04F79EFBC}") = "WFTools.Services.Odp", "SMT.SaaS.FlowSystem\WFTools\Services.Odp\WFTools.Services.Odp.csproj", "{E69B5D0F-D58D-447C-87A9-388D1F00EBBA}"
EndProject
Global
	GlobalSection(SolutionConfigurationPlatforms) = preSolution
		Debug|Any CPU = Debug|Any CPU
		Debug|Mixed Platforms = Debug|Mixed Platforms
		Debug|x86 = Debug|x86
		Release|Any CPU = Release|Any CPU
		Release|Mixed Platforms = Release|Mixed Platforms
		Release|x86 = Release|x86
	EndGlobalSection
	GlobalSection(ProjectConfigurationPlatforms) = postSolution
		{AA5D10E0-B6A9-42D2-BEED-8615921BB1FE}.Debug|Any CPU.ActiveCfg = Debug|Any CPU
		{AA5D10E0-B6A9-42D2-BEED-8615921BB1FE}.Debug|Any CPU.Build.0 = Debug|Any CPU
		{AA5D10E0-B6A9-42D2-BEED-8615921BB1FE}.Debug|Mixed Platforms.ActiveCfg = Debug|Any CPU
		{AA5D10E0-B6A9-42D2-BEED-8615921BB1FE}.Debug|Mixed Platforms.Build.0 = Debug|Any CPU
		{AA5D10E0-B6A9-42D2-BEED-8615921BB1FE}.Debug|x86.ActiveCfg = Debug|Any CPU
		{AA5D10E0-B6A9-42D2-BEED-8615921BB1FE}.Release|Any CPU.ActiveCfg = Release|Any CPU
		{AA5D10E0-B6A9-42D2-BEED-8615921BB1FE}.Release|Any CPU.Build.0 = Release|Any CPU
		{AA5D10E0-B6A9-42D2-BEED-8615921BB1FE}.Release|Mixed Platforms.ActiveCfg = Release|Any CPU
		{AA5D10E0-B6A9-42D2-BEED-8615921BB1FE}.Release|Mixed Platforms.Build.0 = Release|Any CPU
		{AA5D10E0-B6A9-42D2-BEED-8615921BB1FE}.Release|x86.ActiveCfg = Release|Any CPU
		{060003E7-5A4D-4B47-91D1-32D1A356014A}.Debug|Any CPU.ActiveCfg = Debug|Any CPU
		{060003E7-5A4D-4B47-91D1-32D1A356014A}.Debug|Any CPU.Build.0 = Debug|Any CPU
		{060003E7-5A4D-4B47-91D1-32D1A356014A}.Debug|Mixed Platforms.ActiveCfg = Debug|Any CPU
		{060003E7-5A4D-4B47-91D1-32D1A356014A}.Debug|Mixed Platforms.Build.0 = Debug|Any CPU
		{060003E7-5A4D-4B47-91D1-32D1A356014A}.Debug|x86.ActiveCfg = Debug|Any CPU
		{060003E7-5A4D-4B47-91D1-32D1A356014A}.Release|Any CPU.ActiveCfg = Release|Any CPU
		{060003E7-5A4D-4B47-91D1-32D1A356014A}.Release|Any CPU.Build.0 = Release|Any CPU
		{060003E7-5A4D-4B47-91D1-32D1A356014A}.Release|Mixed Platforms.ActiveCfg = Release|Any CPU
		{060003E7-5A4D-4B47-91D1-32D1A356014A}.Release|Mixed Platforms.Build.0 = Release|Any CPU
		{060003E7-5A4D-4B47-91D1-32D1A356014A}.Release|x86.ActiveCfg = Release|Any CPU
		{AA1B3B25-A276-4B58-A255-79B71B01B048}.Debug|Any CPU.ActiveCfg = Debug|Any CPU
		{AA1B3B25-A276-4B58-A255-79B71B01B048}.Debug|Any CPU.Build.0 = Debug|Any CPU
		{AA1B3B25-A276-4B58-A255-79B71B01B048}.Debug|Mixed Platforms.ActiveCfg = Debug|Any CPU
		{AA1B3B25-A276-4B58-A255-79B71B01B048}.Debug|Mixed Platforms.Build.0 = Debug|Any CPU
		{AA1B3B25-A276-4B58-A255-79B71B01B048}.Debug|x86.ActiveCfg = Debug|Any CPU
		{AA1B3B25-A276-4B58-A255-79B71B01B048}.Release|Any CPU.ActiveCfg = Release|Any CPU
		{AA1B3B25-A276-4B58-A255-79B71B01B048}.Release|Any CPU.Build.0 = Release|Any CPU
		{AA1B3B25-A276-4B58-A255-79B71B01B048}.Release|Mixed Platforms.ActiveCfg = Release|Any CPU
		{AA1B3B25-A276-4B58-A255-79B71B01B048}.Release|Mixed Platforms.Build.0 = Release|Any CPU
		{AA1B3B25-A276-4B58-A255-79B71B01B048}.Release|x86.ActiveCfg = Release|Any CPU
		{8F3DBFF0-D1D6-4C1E-A11C-6D4C730E9E3B}.Debug|Any CPU.ActiveCfg = Debug|Any CPU
		{8F3DBFF0-D1D6-4C1E-A11C-6D4C730E9E3B}.Debug|Any CPU.Build.0 = Debug|Any CPU
		{8F3DBFF0-D1D6-4C1E-A11C-6D4C730E9E3B}.Debug|Mixed Platforms.ActiveCfg = Debug|Any CPU
		{8F3DBFF0-D1D6-4C1E-A11C-6D4C730E9E3B}.Debug|Mixed Platforms.Build.0 = Debug|Any CPU
		{8F3DBFF0-D1D6-4C1E-A11C-6D4C730E9E3B}.Debug|x86.ActiveCfg = Debug|Any CPU
		{8F3DBFF0-D1D6-4C1E-A11C-6D4C730E9E3B}.Release|Any CPU.ActiveCfg = Release|Any CPU
		{8F3DBFF0-D1D6-4C1E-A11C-6D4C730E9E3B}.Release|Any CPU.Build.0 = Release|Any CPU
		{8F3DBFF0-D1D6-4C1E-A11C-6D4C730E9E3B}.Release|Mixed Platforms.ActiveCfg = Release|Any CPU
		{8F3DBFF0-D1D6-4C1E-A11C-6D4C730E9E3B}.Release|Mixed Platforms.Build.0 = Release|Any CPU
		{8F3DBFF0-D1D6-4C1E-A11C-6D4C730E9E3B}.Release|x86.ActiveCfg = Release|Any CPU
		{03383FE0-2C9E-41CA-B693-8949F79AE0BB}.Debug|Any CPU.ActiveCfg = Debug|Any CPU
		{03383FE0-2C9E-41CA-B693-8949F79AE0BB}.Debug|Any CPU.Build.0 = Debug|Any CPU
		{03383FE0-2C9E-41CA-B693-8949F79AE0BB}.Debug|Mixed Platforms.ActiveCfg = Debug|Any CPU
		{03383FE0-2C9E-41CA-B693-8949F79AE0BB}.Debug|Mixed Platforms.Build.0 = Debug|Any CPU
		{03383FE0-2C9E-41CA-B693-8949F79AE0BB}.Debug|x86.ActiveCfg = Debug|Any CPU
		{03383FE0-2C9E-41CA-B693-8949F79AE0BB}.Release|Any CPU.ActiveCfg = Release|Any CPU
		{03383FE0-2C9E-41CA-B693-8949F79AE0BB}.Release|Any CPU.Build.0 = Release|Any CPU
		{03383FE0-2C9E-41CA-B693-8949F79AE0BB}.Release|Mixed Platforms.ActiveCfg = Release|Any CPU
		{03383FE0-2C9E-41CA-B693-8949F79AE0BB}.Release|Mixed Platforms.Build.0 = Release|Any CPU
		{03383FE0-2C9E-41CA-B693-8949F79AE0BB}.Release|x86.ActiveCfg = Release|Any CPU
		{6424D743-8F3C-48D1-8969-B7D382C84017}.Debug|Any CPU.ActiveCfg = Debug|Any CPU
		{6424D743-8F3C-48D1-8969-B7D382C84017}.Debug|Any CPU.Build.0 = Debug|Any CPU
		{6424D743-8F3C-48D1-8969-B7D382C84017}.Debug|Mixed Platforms.ActiveCfg = Debug|Any CPU
		{6424D743-8F3C-48D1-8969-B7D382C84017}.Debug|Mixed Platforms.Build.0 = Debug|Any CPU
		{6424D743-8F3C-48D1-8969-B7D382C84017}.Debug|x86.ActiveCfg = Debug|Any CPU
		{6424D743-8F3C-48D1-8969-B7D382C84017}.Release|Any CPU.ActiveCfg = Release|Any CPU
		{6424D743-8F3C-48D1-8969-B7D382C84017}.Release|Any CPU.Build.0 = Release|Any CPU
		{6424D743-8F3C-48D1-8969-B7D382C84017}.Release|Mixed Platforms.ActiveCfg = Release|Any CPU
		{6424D743-8F3C-48D1-8969-B7D382C84017}.Release|Mixed Platforms.Build.0 = Release|Any CPU
		{6424D743-8F3C-48D1-8969-B7D382C84017}.Release|x86.ActiveCfg = Release|Any CPU
		{CD948523-9F33-43E7-AB12-6F9BBD7F4104}.Debug|Any CPU.ActiveCfg = Debug|Any CPU
		{CD948523-9F33-43E7-AB12-6F9BBD7F4104}.Debug|Any CPU.Build.0 = Debug|Any CPU
		{CD948523-9F33-43E7-AB12-6F9BBD7F4104}.Debug|Mixed Platforms.ActiveCfg = Debug|Any CPU
		{CD948523-9F33-43E7-AB12-6F9BBD7F4104}.Debug|Mixed Platforms.Build.0 = Debug|Any CPU
		{CD948523-9F33-43E7-AB12-6F9BBD7F4104}.Debug|x86.ActiveCfg = Debug|Any CPU
		{CD948523-9F33-43E7-AB12-6F9BBD7F4104}.Release|Any CPU.ActiveCfg = Release|Any CPU
		{CD948523-9F33-43E7-AB12-6F9BBD7F4104}.Release|Any CPU.Build.0 = Release|Any CPU
		{CD948523-9F33-43E7-AB12-6F9BBD7F4104}.Release|Mixed Platforms.ActiveCfg = Release|Any CPU
		{CD948523-9F33-43E7-AB12-6F9BBD7F4104}.Release|Mixed Platforms.Build.0 = Release|Any CPU
		{CD948523-9F33-43E7-AB12-6F9BBD7F4104}.Release|x86.ActiveCfg = Release|Any CPU
		{069C7DF7-469D-4D57-A3FE-E4C03C1C3C16}.Debug|Any CPU.ActiveCfg = Debug|Any CPU
		{069C7DF7-469D-4D57-A3FE-E4C03C1C3C16}.Debug|Any CPU.Build.0 = Debug|Any CPU
		{069C7DF7-469D-4D57-A3FE-E4C03C1C3C16}.Debug|Mixed Platforms.ActiveCfg = Debug|Any CPU
		{069C7DF7-469D-4D57-A3FE-E4C03C1C3C16}.Debug|Mixed Platforms.Build.0 = Debug|Any CPU
		{069C7DF7-469D-4D57-A3FE-E4C03C1C3C16}.Debug|x86.ActiveCfg = Debug|Any CPU
		{069C7DF7-469D-4D57-A3FE-E4C03C1C3C16}.Release|Any CPU.ActiveCfg = Release|Any CPU
		{069C7DF7-469D-4D57-A3FE-E4C03C1C3C16}.Release|Any CPU.Build.0 = Release|Any CPU
		{069C7DF7-469D-4D57-A3FE-E4C03C1C3C16}.Release|Mixed Platforms.ActiveCfg = Release|Any CPU
		{069C7DF7-469D-4D57-A3FE-E4C03C1C3C16}.Release|Mixed Platforms.Build.0 = Release|Any CPU
		{069C7DF7-469D-4D57-A3FE-E4C03C1C3C16}.Release|x86.ActiveCfg = Release|Any CPU
		{49697E41-FBD9-4BF8-A69D-A9447777E345}.Debug|Any CPU.ActiveCfg = Debug|Any CPU
		{49697E41-FBD9-4BF8-A69D-A9447777E345}.Debug|Any CPU.Build.0 = Debug|Any CPU
		{49697E41-FBD9-4BF8-A69D-A9447777E345}.Debug|Mixed Platforms.ActiveCfg = Debug|Any CPU
		{49697E41-FBD9-4BF8-A69D-A9447777E345}.Debug|Mixed Platforms.Build.0 = Debug|Any CPU
		{49697E41-FBD9-4BF8-A69D-A9447777E345}.Debug|x86.ActiveCfg = Debug|Any CPU
		{49697E41-FBD9-4BF8-A69D-A9447777E345}.Release|Any CPU.ActiveCfg = Release|Any CPU
		{49697E41-FBD9-4BF8-A69D-A9447777E345}.Release|Any CPU.Build.0 = Release|Any CPU
		{49697E41-FBD9-4BF8-A69D-A9447777E345}.Release|Mixed Platforms.ActiveCfg = Release|Any CPU
		{49697E41-FBD9-4BF8-A69D-A9447777E345}.Release|Mixed Platforms.Build.0 = Release|Any CPU
		{49697E41-FBD9-4BF8-A69D-A9447777E345}.Release|x86.ActiveCfg = Release|Any CPU
		{B717EB89-F873-49CF-BF41-A957E77951FF}.Debug|Any CPU.ActiveCfg = Debug|x86
		{B717EB89-F873-49CF-BF41-A957E77951FF}.Debug|Mixed Platforms.ActiveCfg = Debug|x86
		{B717EB89-F873-49CF-BF41-A957E77951FF}.Debug|Mixed Platforms.Build.0 = Debug|x86
		{B717EB89-F873-49CF-BF41-A957E77951FF}.Debug|x86.ActiveCfg = Debug|x86
		{B717EB89-F873-49CF-BF41-A957E77951FF}.Debug|x86.Build.0 = Debug|x86
		{B717EB89-F873-49CF-BF41-A957E77951FF}.Release|Any CPU.ActiveCfg = Release|x86
		{B717EB89-F873-49CF-BF41-A957E77951FF}.Release|Mixed Platforms.ActiveCfg = Release|x86
		{B717EB89-F873-49CF-BF41-A957E77951FF}.Release|Mixed Platforms.Build.0 = Release|x86
		{B717EB89-F873-49CF-BF41-A957E77951FF}.Release|x86.ActiveCfg = Release|x86
		{B717EB89-F873-49CF-BF41-A957E77951FF}.Release|x86.Build.0 = Release|x86
		{A7327528-F1EA-414B-A5AE-DE76FFD4379B}.Debug|Any CPU.ActiveCfg = Debug|Any CPU
		{A7327528-F1EA-414B-A5AE-DE76FFD4379B}.Debug|Any CPU.Build.0 = Debug|Any CPU
		{A7327528-F1EA-414B-A5AE-DE76FFD4379B}.Debug|Mixed Platforms.ActiveCfg = Debug|Any CPU
		{A7327528-F1EA-414B-A5AE-DE76FFD4379B}.Debug|Mixed Platforms.Build.0 = Debug|Any CPU
		{A7327528-F1EA-414B-A5AE-DE76FFD4379B}.Debug|x86.ActiveCfg = Debug|Any CPU
		{A7327528-F1EA-414B-A5AE-DE76FFD4379B}.Release|Any CPU.ActiveCfg = Release|Any CPU
		{A7327528-F1EA-414B-A5AE-DE76FFD4379B}.Release|Any CPU.Build.0 = Release|Any CPU
		{A7327528-F1EA-414B-A5AE-DE76FFD4379B}.Release|Mixed Platforms.ActiveCfg = Release|Any CPU
		{A7327528-F1EA-414B-A5AE-DE76FFD4379B}.Release|Mixed Platforms.Build.0 = Release|Any CPU
		{A7327528-F1EA-414B-A5AE-DE76FFD4379B}.Release|x86.ActiveCfg = Release|Any CPU
		{9C6AB590-1072-4EA7-B7DA-FC33B765EE2D}.Debug|Any CPU.ActiveCfg = Debug|Any CPU
		{9C6AB590-1072-4EA7-B7DA-FC33B765EE2D}.Debug|Any CPU.Build.0 = Debug|Any CPU
		{9C6AB590-1072-4EA7-B7DA-FC33B765EE2D}.Debug|Mixed Platforms.ActiveCfg = Debug|Any CPU
		{9C6AB590-1072-4EA7-B7DA-FC33B765EE2D}.Debug|Mixed Platforms.Build.0 = Debug|Any CPU
		{9C6AB590-1072-4EA7-B7DA-FC33B765EE2D}.Debug|x86.ActiveCfg = Debug|Any CPU
		{9C6AB590-1072-4EA7-B7DA-FC33B765EE2D}.Release|Any CPU.ActiveCfg = Release|Any CPU
		{9C6AB590-1072-4EA7-B7DA-FC33B765EE2D}.Release|Any CPU.Build.0 = Release|Any CPU
		{9C6AB590-1072-4EA7-B7DA-FC33B765EE2D}.Release|Mixed Platforms.ActiveCfg = Release|Any CPU
		{9C6AB590-1072-4EA7-B7DA-FC33B765EE2D}.Release|Mixed Platforms.Build.0 = Release|Any CPU
		{9C6AB590-1072-4EA7-B7DA-FC33B765EE2D}.Release|x86.ActiveCfg = Release|Any CPU
		{7B000B9A-4C3D-484B-AA43-82280A5226FC}.Debug|Any CPU.ActiveCfg = Debug|Any CPU
		{7B000B9A-4C3D-484B-AA43-82280A5226FC}.Debug|Any CPU.Build.0 = Debug|Any CPU
		{7B000B9A-4C3D-484B-AA43-82280A5226FC}.Debug|Mixed Platforms.ActiveCfg = Debug|Any CPU
		{7B000B9A-4C3D-484B-AA43-82280A5226FC}.Debug|Mixed Platforms.Build.0 = Debug|Any CPU
		{7B000B9A-4C3D-484B-AA43-82280A5226FC}.Debug|x86.ActiveCfg = Debug|Any CPU
		{7B000B9A-4C3D-484B-AA43-82280A5226FC}.Release|Any CPU.ActiveCfg = Release|Any CPU
		{7B000B9A-4C3D-484B-AA43-82280A5226FC}.Release|Any CPU.Build.0 = Release|Any CPU
		{7B000B9A-4C3D-484B-AA43-82280A5226FC}.Release|Mixed Platforms.ActiveCfg = Release|Any CPU
		{7B000B9A-4C3D-484B-AA43-82280A5226FC}.Release|Mixed Platforms.Build.0 = Release|Any CPU
		{7B000B9A-4C3D-484B-AA43-82280A5226FC}.Release|x86.ActiveCfg = Release|Any CPU
		{9D2F51E2-9710-4C91-A66B-823EB72437FD}.Debug|Any CPU.ActiveCfg = Debug|Any CPU
		{9D2F51E2-9710-4C91-A66B-823EB72437FD}.Debug|Any CPU.Build.0 = Debug|Any CPU
		{9D2F51E2-9710-4C91-A66B-823EB72437FD}.Debug|Mixed Platforms.ActiveCfg = Debug|Any CPU
		{9D2F51E2-9710-4C91-A66B-823EB72437FD}.Debug|Mixed Platforms.Build.0 = Debug|Any CPU
		{9D2F51E2-9710-4C91-A66B-823EB72437FD}.Debug|x86.ActiveCfg = Debug|Any CPU
		{9D2F51E2-9710-4C91-A66B-823EB72437FD}.Release|Any CPU.ActiveCfg = Release|Any CPU
		{9D2F51E2-9710-4C91-A66B-823EB72437FD}.Release|Any CPU.Build.0 = Release|Any CPU
		{9D2F51E2-9710-4C91-A66B-823EB72437FD}.Release|Mixed Platforms.ActiveCfg = Release|Any CPU
		{9D2F51E2-9710-4C91-A66B-823EB72437FD}.Release|Mixed Platforms.Build.0 = Release|Any CPU
		{9D2F51E2-9710-4C91-A66B-823EB72437FD}.Release|x86.ActiveCfg = Release|Any CPU
		{6B61ACF2-41B8-45FA-AED3-1AC9D5950135}.Debug|Any CPU.ActiveCfg = Debug|Any CPU
		{6B61ACF2-41B8-45FA-AED3-1AC9D5950135}.Debug|Any CPU.Build.0 = Debug|Any CPU
		{6B61ACF2-41B8-45FA-AED3-1AC9D5950135}.Debug|Mixed Platforms.ActiveCfg = Debug|Any CPU
		{6B61ACF2-41B8-45FA-AED3-1AC9D5950135}.Debug|Mixed Platforms.Build.0 = Debug|Any CPU
		{6B61ACF2-41B8-45FA-AED3-1AC9D5950135}.Debug|x86.ActiveCfg = Debug|Any CPU
		{6B61ACF2-41B8-45FA-AED3-1AC9D5950135}.Release|Any CPU.ActiveCfg = Release|Any CPU
		{6B61ACF2-41B8-45FA-AED3-1AC9D5950135}.Release|Any CPU.Build.0 = Release|Any CPU
		{6B61ACF2-41B8-45FA-AED3-1AC9D5950135}.Release|Mixed Platforms.ActiveCfg = Release|Any CPU
		{6B61ACF2-41B8-45FA-AED3-1AC9D5950135}.Release|Mixed Platforms.Build.0 = Release|Any CPU
		{6B61ACF2-41B8-45FA-AED3-1AC9D5950135}.Release|x86.ActiveCfg = Release|Any CPU
		{10EFAFD0-B2C8-4F13-B8F5-68FB97EB4117}.Debug|Any CPU.ActiveCfg = Debug|Any CPU
		{10EFAFD0-B2C8-4F13-B8F5-68FB97EB4117}.Debug|Any CPU.Build.0 = Debug|Any CPU
		{10EFAFD0-B2C8-4F13-B8F5-68FB97EB4117}.Debug|Mixed Platforms.ActiveCfg = Debug|Any CPU
		{10EFAFD0-B2C8-4F13-B8F5-68FB97EB4117}.Debug|Mixed Platforms.Build.0 = Debug|Any CPU
		{10EFAFD0-B2C8-4F13-B8F5-68FB97EB4117}.Debug|x86.ActiveCfg = Debug|Any CPU
		{10EFAFD0-B2C8-4F13-B8F5-68FB97EB4117}.Release|Any CPU.ActiveCfg = Release|Any CPU
		{10EFAFD0-B2C8-4F13-B8F5-68FB97EB4117}.Release|Any CPU.Build.0 = Release|Any CPU
		{10EFAFD0-B2C8-4F13-B8F5-68FB97EB4117}.Release|Mixed Platforms.ActiveCfg = Release|Any CPU
		{10EFAFD0-B2C8-4F13-B8F5-68FB97EB4117}.Release|Mixed Platforms.Build.0 = Release|Any CPU
		{10EFAFD0-B2C8-4F13-B8F5-68FB97EB4117}.Release|x86.ActiveCfg = Release|Any CPU
		{31EA4738-0BEE-4ACC-B1AA-0CC422F08078}.Debug|Any CPU.ActiveCfg = Debug|Any CPU
		{31EA4738-0BEE-4ACC-B1AA-0CC422F08078}.Debug|Any CPU.Build.0 = Debug|Any CPU
		{31EA4738-0BEE-4ACC-B1AA-0CC422F08078}.Debug|Mixed Platforms.ActiveCfg = Debug|Any CPU
		{31EA4738-0BEE-4ACC-B1AA-0CC422F08078}.Debug|Mixed Platforms.Build.0 = Debug|Any CPU
		{31EA4738-0BEE-4ACC-B1AA-0CC422F08078}.Debug|x86.ActiveCfg = Debug|Any CPU
		{31EA4738-0BEE-4ACC-B1AA-0CC422F08078}.Release|Any CPU.ActiveCfg = Release|Any CPU
		{31EA4738-0BEE-4ACC-B1AA-0CC422F08078}.Release|Any CPU.Build.0 = Release|Any CPU
		{31EA4738-0BEE-4ACC-B1AA-0CC422F08078}.Release|Mixed Platforms.ActiveCfg = Release|Any CPU
		{31EA4738-0BEE-4ACC-B1AA-0CC422F08078}.Release|Mixed Platforms.Build.0 = Release|Any CPU
		{31EA4738-0BEE-4ACC-B1AA-0CC422F08078}.Release|x86.ActiveCfg = Release|Any CPU
		{39945946-45EE-418B-8B20-8BFAC13AB2F8}.Debug|Any CPU.ActiveCfg = Debug|Any CPU
		{39945946-45EE-418B-8B20-8BFAC13AB2F8}.Debug|Any CPU.Build.0 = Debug|Any CPU
		{39945946-45EE-418B-8B20-8BFAC13AB2F8}.Debug|Mixed Platforms.ActiveCfg = Debug|Any CPU
		{39945946-45EE-418B-8B20-8BFAC13AB2F8}.Debug|Mixed Platforms.Build.0 = Debug|Any CPU
		{39945946-45EE-418B-8B20-8BFAC13AB2F8}.Debug|x86.ActiveCfg = Debug|Any CPU
		{39945946-45EE-418B-8B20-8BFAC13AB2F8}.Release|Any CPU.ActiveCfg = Release|Any CPU
		{39945946-45EE-418B-8B20-8BFAC13AB2F8}.Release|Any CPU.Build.0 = Release|Any CPU
		{39945946-45EE-418B-8B20-8BFAC13AB2F8}.Release|Mixed Platforms.ActiveCfg = Release|Any CPU
		{39945946-45EE-418B-8B20-8BFAC13AB2F8}.Release|Mixed Platforms.Build.0 = Release|Any CPU
		{39945946-45EE-418B-8B20-8BFAC13AB2F8}.Release|x86.ActiveCfg = Release|Any CPU
		{F4DCD0A7-520B-41AC-9688-F5EA14345A78}.Debug|Any CPU.ActiveCfg = Debug|x86
		{F4DCD0A7-520B-41AC-9688-F5EA14345A78}.Debug|Mixed Platforms.ActiveCfg = Debug|x86
		{F4DCD0A7-520B-41AC-9688-F5EA14345A78}.Debug|Mixed Platforms.Build.0 = Debug|x86
		{F4DCD0A7-520B-41AC-9688-F5EA14345A78}.Debug|x86.ActiveCfg = Debug|x86
		{F4DCD0A7-520B-41AC-9688-F5EA14345A78}.Debug|x86.Build.0 = Debug|x86
		{F4DCD0A7-520B-41AC-9688-F5EA14345A78}.Release|Any CPU.ActiveCfg = Release|x86
		{F4DCD0A7-520B-41AC-9688-F5EA14345A78}.Release|Mixed Platforms.ActiveCfg = Release|x86
		{F4DCD0A7-520B-41AC-9688-F5EA14345A78}.Release|Mixed Platforms.Build.0 = Release|x86
		{F4DCD0A7-520B-41AC-9688-F5EA14345A78}.Release|x86.ActiveCfg = Release|x86
		{F4DCD0A7-520B-41AC-9688-F5EA14345A78}.Release|x86.Build.0 = Release|x86
		{01E1800E-4ED3-4A0B-88D7-B278FCD72E40}.Debug|Any CPU.ActiveCfg = Debug|Any CPU
		{01E1800E-4ED3-4A0B-88D7-B278FCD72E40}.Debug|Any CPU.Build.0 = Debug|Any CPU
		{01E1800E-4ED3-4A0B-88D7-B278FCD72E40}.Debug|Mixed Platforms.ActiveCfg = Debug|Any CPU
		{01E1800E-4ED3-4A0B-88D7-B278FCD72E40}.Debug|Mixed Platforms.Build.0 = Debug|Any CPU
		{01E1800E-4ED3-4A0B-88D7-B278FCD72E40}.Debug|x86.ActiveCfg = Debug|Any CPU
		{01E1800E-4ED3-4A0B-88D7-B278FCD72E40}.Release|Any CPU.ActiveCfg = Release|Any CPU
		{01E1800E-4ED3-4A0B-88D7-B278FCD72E40}.Release|Any CPU.Build.0 = Release|Any CPU
		{01E1800E-4ED3-4A0B-88D7-B278FCD72E40}.Release|Mixed Platforms.ActiveCfg = Release|Any CPU
		{01E1800E-4ED3-4A0B-88D7-B278FCD72E40}.Release|Mixed Platforms.Build.0 = Release|Any CPU
		{01E1800E-4ED3-4A0B-88D7-B278FCD72E40}.Release|x86.ActiveCfg = Release|Any CPU
		{60841268-076B-4A7F-A5DE-B8A1EA3EEC97}.Debug|Any CPU.ActiveCfg = Debug|Any CPU
		{60841268-076B-4A7F-A5DE-B8A1EA3EEC97}.Debug|Any CPU.Build.0 = Debug|Any CPU
		{60841268-076B-4A7F-A5DE-B8A1EA3EEC97}.Debug|Mixed Platforms.ActiveCfg = Debug|Any CPU
		{60841268-076B-4A7F-A5DE-B8A1EA3EEC97}.Debug|Mixed Platforms.Build.0 = Debug|Any CPU
		{60841268-076B-4A7F-A5DE-B8A1EA3EEC97}.Debug|x86.ActiveCfg = Debug|Any CPU
		{60841268-076B-4A7F-A5DE-B8A1EA3EEC97}.Release|Any CPU.ActiveCfg = Release|Any CPU
		{60841268-076B-4A7F-A5DE-B8A1EA3EEC97}.Release|Any CPU.Build.0 = Release|Any CPU
		{60841268-076B-4A7F-A5DE-B8A1EA3EEC97}.Release|Mixed Platforms.ActiveCfg = Release|Any CPU
		{60841268-076B-4A7F-A5DE-B8A1EA3EEC97}.Release|Mixed Platforms.Build.0 = Release|Any CPU
		{60841268-076B-4A7F-A5DE-B8A1EA3EEC97}.Release|x86.ActiveCfg = Release|Any CPU
		{ABF93F93-4F0C-46B5-968E-2753FE88A33B}.Debug|Any CPU.ActiveCfg = Debug|Any CPU
		{ABF93F93-4F0C-46B5-968E-2753FE88A33B}.Debug|Any CPU.Build.0 = Debug|Any CPU
		{ABF93F93-4F0C-46B5-968E-2753FE88A33B}.Debug|Any CPU.Deploy.0 = Debug|Any CPU
		{ABF93F93-4F0C-46B5-968E-2753FE88A33B}.Debug|Mixed Platforms.ActiveCfg = Debug|Any CPU
		{ABF93F93-4F0C-46B5-968E-2753FE88A33B}.Debug|Mixed Platforms.Build.0 = Debug|Any CPU
		{ABF93F93-4F0C-46B5-968E-2753FE88A33B}.Debug|Mixed Platforms.Deploy.0 = Debug|Any CPU
		{ABF93F93-4F0C-46B5-968E-2753FE88A33B}.Debug|x86.ActiveCfg = Debug|Any CPU
		{ABF93F93-4F0C-46B5-968E-2753FE88A33B}.Release|Any CPU.ActiveCfg = Release|Any CPU
		{ABF93F93-4F0C-46B5-968E-2753FE88A33B}.Release|Any CPU.Build.0 = Release|Any CPU
		{ABF93F93-4F0C-46B5-968E-2753FE88A33B}.Release|Any CPU.Deploy.0 = Release|Any CPU
		{ABF93F93-4F0C-46B5-968E-2753FE88A33B}.Release|Mixed Platforms.ActiveCfg = Release|Any CPU
		{ABF93F93-4F0C-46B5-968E-2753FE88A33B}.Release|Mixed Platforms.Build.0 = Release|Any CPU
		{ABF93F93-4F0C-46B5-968E-2753FE88A33B}.Release|Mixed Platforms.Deploy.0 = Release|Any CPU
		{ABF93F93-4F0C-46B5-968E-2753FE88A33B}.Release|x86.ActiveCfg = Release|Any CPU
		{6485DC3F-08A9-4BC9-AEC0-FD37E2717604}.Debug|Any CPU.ActiveCfg = Debug|Any CPU
		{6485DC3F-08A9-4BC9-AEC0-FD37E2717604}.Debug|Any CPU.Build.0 = Debug|Any CPU
		{6485DC3F-08A9-4BC9-AEC0-FD37E2717604}.Debug|Mixed Platforms.ActiveCfg = Debug|Any CPU
		{6485DC3F-08A9-4BC9-AEC0-FD37E2717604}.Debug|Mixed Platforms.Build.0 = Debug|Any CPU
		{6485DC3F-08A9-4BC9-AEC0-FD37E2717604}.Debug|x86.ActiveCfg = Debug|Any CPU
		{6485DC3F-08A9-4BC9-AEC0-FD37E2717604}.Release|Any CPU.ActiveCfg = Release|Any CPU
		{6485DC3F-08A9-4BC9-AEC0-FD37E2717604}.Release|Any CPU.Build.0 = Release|Any CPU
		{6485DC3F-08A9-4BC9-AEC0-FD37E2717604}.Release|Mixed Platforms.ActiveCfg = Release|Any CPU
		{6485DC3F-08A9-4BC9-AEC0-FD37E2717604}.Release|Mixed Platforms.Build.0 = Release|Any CPU
		{6485DC3F-08A9-4BC9-AEC0-FD37E2717604}.Release|x86.ActiveCfg = Release|Any CPU
		{530AB894-3B5E-44E4-AA39-5104ECE8ED6A}.Debug|Any CPU.ActiveCfg = Debug|Any CPU
		{530AB894-3B5E-44E4-AA39-5104ECE8ED6A}.Debug|Any CPU.Build.0 = Debug|Any CPU
		{530AB894-3B5E-44E4-AA39-5104ECE8ED6A}.Debug|Mixed Platforms.ActiveCfg = Debug|Any CPU
		{530AB894-3B5E-44E4-AA39-5104ECE8ED6A}.Debug|Mixed Platforms.Build.0 = Debug|Any CPU
		{530AB894-3B5E-44E4-AA39-5104ECE8ED6A}.Debug|x86.ActiveCfg = Debug|Any CPU
		{530AB894-3B5E-44E4-AA39-5104ECE8ED6A}.Release|Any CPU.ActiveCfg = Release|Any CPU
		{530AB894-3B5E-44E4-AA39-5104ECE8ED6A}.Release|Any CPU.Build.0 = Release|Any CPU
		{530AB894-3B5E-44E4-AA39-5104ECE8ED6A}.Release|Mixed Platforms.ActiveCfg = Release|Any CPU
		{530AB894-3B5E-44E4-AA39-5104ECE8ED6A}.Release|Mixed Platforms.Build.0 = Release|Any CPU
		{530AB894-3B5E-44E4-AA39-5104ECE8ED6A}.Release|x86.ActiveCfg = Release|Any CPU
		{B243A7EA-6D71-4B9D-A8F9-38650B15C0FC}.Debug|Any CPU.ActiveCfg = Debug|Any CPU
		{B243A7EA-6D71-4B9D-A8F9-38650B15C0FC}.Debug|Any CPU.Build.0 = Debug|Any CPU
		{B243A7EA-6D71-4B9D-A8F9-38650B15C0FC}.Debug|Mixed Platforms.ActiveCfg = Debug|Any CPU
		{B243A7EA-6D71-4B9D-A8F9-38650B15C0FC}.Debug|Mixed Platforms.Build.0 = Debug|Any CPU
		{B243A7EA-6D71-4B9D-A8F9-38650B15C0FC}.Debug|x86.ActiveCfg = Debug|Any CPU
		{B243A7EA-6D71-4B9D-A8F9-38650B15C0FC}.Release|Any CPU.ActiveCfg = Release|Any CPU
		{B243A7EA-6D71-4B9D-A8F9-38650B15C0FC}.Release|Any CPU.Build.0 = Release|Any CPU
		{B243A7EA-6D71-4B9D-A8F9-38650B15C0FC}.Release|Mixed Platforms.ActiveCfg = Release|Any CPU
		{B243A7EA-6D71-4B9D-A8F9-38650B15C0FC}.Release|Mixed Platforms.Build.0 = Release|Any CPU
		{B243A7EA-6D71-4B9D-A8F9-38650B15C0FC}.Release|x86.ActiveCfg = Release|Any CPU
		{AFDBD4BB-BC33-421E-8086-68BD23AC90A2}.Debug|Any CPU.ActiveCfg = Debug|Any CPU
		{AFDBD4BB-BC33-421E-8086-68BD23AC90A2}.Debug|Any CPU.Build.0 = Debug|Any CPU
		{AFDBD4BB-BC33-421E-8086-68BD23AC90A2}.Debug|Mixed Platforms.ActiveCfg = Debug|Any CPU
		{AFDBD4BB-BC33-421E-8086-68BD23AC90A2}.Debug|Mixed Platforms.Build.0 = Debug|Any CPU
		{AFDBD4BB-BC33-421E-8086-68BD23AC90A2}.Debug|x86.ActiveCfg = Debug|Any CPU
		{AFDBD4BB-BC33-421E-8086-68BD23AC90A2}.Release|Any CPU.ActiveCfg = Release|Any CPU
		{AFDBD4BB-BC33-421E-8086-68BD23AC90A2}.Release|Any CPU.Build.0 = Release|Any CPU
		{AFDBD4BB-BC33-421E-8086-68BD23AC90A2}.Release|Mixed Platforms.ActiveCfg = Release|Any CPU
		{AFDBD4BB-BC33-421E-8086-68BD23AC90A2}.Release|Mixed Platforms.Build.0 = Release|Any CPU
		{AFDBD4BB-BC33-421E-8086-68BD23AC90A2}.Release|x86.ActiveCfg = Release|Any CPU
		{CB650825-DA70-4B89-9F00-CC5FEA845E26}.Debug|Any CPU.ActiveCfg = Debug|Any CPU
		{CB650825-DA70-4B89-9F00-CC5FEA845E26}.Debug|Any CPU.Build.0 = Debug|Any CPU
		{CB650825-DA70-4B89-9F00-CC5FEA845E26}.Debug|Mixed Platforms.ActiveCfg = Debug|Any CPU
		{CB650825-DA70-4B89-9F00-CC5FEA845E26}.Debug|Mixed Platforms.Build.0 = Debug|Any CPU
		{CB650825-DA70-4B89-9F00-CC5FEA845E26}.Debug|x86.ActiveCfg = Debug|Any CPU
		{CB650825-DA70-4B89-9F00-CC5FEA845E26}.Release|Any CPU.ActiveCfg = Release|Any CPU
		{CB650825-DA70-4B89-9F00-CC5FEA845E26}.Release|Any CPU.Build.0 = Release|Any CPU
		{CB650825-DA70-4B89-9F00-CC5FEA845E26}.Release|Mixed Platforms.ActiveCfg = Release|Any CPU
		{CB650825-DA70-4B89-9F00-CC5FEA845E26}.Release|Mixed Platforms.Build.0 = Release|Any CPU
		{CB650825-DA70-4B89-9F00-CC5FEA845E26}.Release|x86.ActiveCfg = Release|Any CPU
		{E69B5D0F-D58D-447C-87A9-388D1F00EBBA}.Debug|Any CPU.ActiveCfg = Debug|Any CPU
		{E69B5D0F-D58D-447C-87A9-388D1F00EBBA}.Debug|Any CPU.Build.0 = Debug|Any CPU
		{E69B5D0F-D58D-447C-87A9-388D1F00EBBA}.Debug|Mixed Platforms.ActiveCfg = Debug|Any CPU
		{E69B5D0F-D58D-447C-87A9-388D1F00EBBA}.Debug|Mixed Platforms.Build.0 = Debug|Any CPU
		{E69B5D0F-D58D-447C-87A9-388D1F00EBBA}.Debug|x86.ActiveCfg = Debug|Any CPU
		{E69B5D0F-D58D-447C-87A9-388D1F00EBBA}.Release|Any CPU.ActiveCfg = Release|Any CPU
		{E69B5D0F-D58D-447C-87A9-388D1F00EBBA}.Release|Any CPU.Build.0 = Release|Any CPU
		{E69B5D0F-D58D-447C-87A9-388D1F00EBBA}.Release|Mixed Platforms.ActiveCfg = Release|Any CPU
		{E69B5D0F-D58D-447C-87A9-388D1F00EBBA}.Release|Mixed Platforms.Build.0 = Release|Any CPU
		{E69B5D0F-D58D-447C-87A9-388D1F00EBBA}.Release|x86.ActiveCfg = Release|Any CPU
	EndGlobalSection
	GlobalSection(SolutionProperties) = preSolution
		HideSolutionNode = FALSE
	EndGlobalSection
	GlobalSection(NestedProjects) = preSolution
		{91BC8C1C-DB9C-48D2-BCAA-5D1D2C7F4776} = {09C9792A-9838-4094-B2BC-CBB3BA42CD7A}
		{17316E6C-30F2-4F6A-A4AC-38BD5E516772} = {09C9792A-9838-4094-B2BC-CBB3BA42CD7A}
		{E005B207-CFB9-4BC7-96C4-178F61723510} = {09C9792A-9838-4094-B2BC-CBB3BA42CD7A}
		{060003E7-5A4D-4B47-91D1-32D1A356014A} = {A9B2EF2B-E975-4515-A8BC-FC5CA49F4714}
		{8EC487AC-1896-46C4-A4B7-18641F3DCBCD} = {91BC8C1C-DB9C-48D2-BCAA-5D1D2C7F4776}
		{8F3DBFF0-D1D6-4C1E-A11C-6D4C730E9E3B} = {91BC8C1C-DB9C-48D2-BCAA-5D1D2C7F4776}
		{A7327528-F1EA-414B-A5AE-DE76FFD4379B} = {91BC8C1C-DB9C-48D2-BCAA-5D1D2C7F4776}
		{9C6AB590-1072-4EA7-B7DA-FC33B765EE2D} = {91BC8C1C-DB9C-48D2-BCAA-5D1D2C7F4776}
		{AA5D10E0-B6A9-42D2-BEED-8615921BB1FE} = {8EC487AC-1896-46C4-A4B7-18641F3DCBCD}
		{069C7DF7-469D-4D57-A3FE-E4C03C1C3C16} = {8EC487AC-1896-46C4-A4B7-18641F3DCBCD}
		{49697E41-FBD9-4BF8-A69D-A9447777E345} = {8EC487AC-1896-46C4-A4B7-18641F3DCBCD}
		{B717EB89-F873-49CF-BF41-A957E77951FF} = {8EC487AC-1896-46C4-A4B7-18641F3DCBCD}
		{03383FE0-2C9E-41CA-B693-8949F79AE0BB} = {17316E6C-30F2-4F6A-A4AC-38BD5E516772}
		{6424D743-8F3C-48D1-8969-B7D382C84017} = {17316E6C-30F2-4F6A-A4AC-38BD5E516772}
		{CD948523-9F33-43E7-AB12-6F9BBD7F4104} = {17316E6C-30F2-4F6A-A4AC-38BD5E516772}
		{AA1B3B25-A276-4B58-A255-79B71B01B048} = {79F4D87B-1DD7-48EE-8FA9-1C92B6F30DE3}
		{7B000B9A-4C3D-484B-AA43-82280A5226FC} = {79F4D87B-1DD7-48EE-8FA9-1C92B6F30DE3}
		{9D2F51E2-9710-4C91-A66B-823EB72437FD} = {79F4D87B-1DD7-48EE-8FA9-1C92B6F30DE3}
		{1CB6E96B-BB47-447C-A808-81E22985DE72} = {379B0614-FFAF-46AB-B816-EF5CB7B1AFB0}
		{951497F5-58C7-4775-8E16-35FD6E2F4644} = {379B0614-FFAF-46AB-B816-EF5CB7B1AFB0}
		{60841268-076B-4A7F-A5DE-B8A1EA3EEC97} = {1CB6E96B-BB47-447C-A808-81E22985DE72}
		{ABF93F93-4F0C-46B5-968E-2753FE88A33B} = {1CB6E96B-BB47-447C-A808-81E22985DE72}
		{6485DC3F-08A9-4BC9-AEC0-FD37E2717604} = {1CB6E96B-BB47-447C-A808-81E22985DE72}
		{530AB894-3B5E-44E4-AA39-5104ECE8ED6A} = {1CB6E96B-BB47-447C-A808-81E22985DE72}
		{B243A7EA-6D71-4B9D-A8F9-38650B15C0FC} = {1CB6E96B-BB47-447C-A808-81E22985DE72}
		{AFDBD4BB-BC33-421E-8086-68BD23AC90A2} = {1CB6E96B-BB47-447C-A808-81E22985DE72}
		{CB650825-DA70-4B89-9F00-CC5FEA845E26} = {1CB6E96B-BB47-447C-A808-81E22985DE72}
		{E69B5D0F-D58D-447C-87A9-388D1F00EBBA} = {1CB6E96B-BB47-447C-A808-81E22985DE72}
		{F4DCD0A7-520B-41AC-9688-F5EA14345A78} = {951497F5-58C7-4775-8E16-35FD6E2F4644}
		{01E1800E-4ED3-4A0B-88D7-B278FCD72E40} = {951497F5-58C7-4775-8E16-35FD6E2F4644}
		{6B61ACF2-41B8-45FA-AED3-1AC9D5950135} = {E005B207-CFB9-4BC7-96C4-178F61723510}
		{10EFAFD0-B2C8-4F13-B8F5-68FB97EB4117} = {E005B207-CFB9-4BC7-96C4-178F61723510}
		{31EA4738-0BEE-4ACC-B1AA-0CC422F08078} = {E005B207-CFB9-4BC7-96C4-178F61723510}
		{39945946-45EE-418B-8B20-8BFAC13AB2F8} = {E005B207-CFB9-4BC7-96C4-178F61723510}
	EndGlobalSection
	GlobalSection(SubversionScc) = preSolution
		Svn-Managed = True
		Manager = AnkhSVN - Subversion Support for Visual Studio
	EndGlobalSection
EndGlobal
