
Microsoft Visual Studio Solution File, Format Version 12.00
# Visual Studio 2013
VisualStudioVersion = 12.0.21005.1
MinimumVisualStudioVersion = 10.0.40219.1
Project("{2150E333-8FDC-42A3-9474-1A3956D46DE8}") = "SMT.Workflow.EngineTimer", "SMT.Workflow.EngineTimer", "{8EC487AC-1896-46C4-A4B7-18641F3DCBCD}"
EndProject
Project("{2150E333-8FDC-42A3-9474-1A3956D46DE8}") = "SMT.Workflow.UI", "SMT.Workflow.UI", "{A9B2EF2B-E975-4515-A8BC-FC5CA49F4714}"
EndProject
Project("{2150E333-8FDC-42A3-9474-1A3956D46DE8}") = "SMT.Workflow.Services", "SMT.Workflow.Services", "{09C9792A-9838-4094-B2BC-CBB3BA42CD7A}"
EndProject
Project("{2150E333-8FDC-42A3-9474-1A3956D46DE8}") = "SMT.Workflow.Services.Engine", "SMT.Workflow.Services.Engine", "{91BC8C1C-DB9C-48D2-BCAA-5D1D2C7F4776}"
EndProject
Project("{2150E333-8FDC-42A3-9474-1A3956D46DE8}") = "SMT.Workflow.UIServices", "SMT.Workflow.UIServices", "{17316E6C-30F2-4F6A-A4AC-38BD5E516772}"
EndProject
Project("{2150E333-8FDC-42A3-9474-1A3956D46DE8}") = "SMT.Workflow.Common", "SMT.Workflow.Common", "{79F4D87B-1DD7-48EE-8FA9-1C92B6F30DE3}"
EndProject
Project("{2150E333-8FDC-42A3-9474-1A3956D46DE8}") = "业务系统", "业务系统", "{379B0614-FFAF-46AB-B816-EF5CB7B1AFB0}"
EndProject
Project("{2150E333-8FDC-42A3-9474-1A3956D46DE8}") = "测试", "测试", "{951497F5-58C7-4775-8E16-35FD6E2F4644}"
EndProject
Project("{2150E333-8FDC-42A3-9474-1A3956D46DE8}") = "SMT.Flow.WFService", "SMT.Flow.WFService", "{E005B207-CFB9-4BC7-96C4-178F61723510}"
EndProject
Project("{FAE04EC0-301F-11D3-BF4B-00C04F79EFBC}") = "SMT.Workflow.Engine.DAL", "SMT.Workflow.Engine\SMT.Workflow.Engine.DAL\SMT.Workflow.Engine.DAL.csproj", "{AA5D10E0-B6A9-42D2-BEED-8615921BB1FE}"
EndProject
Project("{FAE04EC0-301F-11D3-BF4B-00C04F79EFBC}") = "SMT.Workflow.Platform.Designer", "SMT.Workflow.Platform\SMT.Workflow.Platform.Designer\SMT.Workflow.Platform.Designer.csproj", "{060003E7-5A4D-4B47-91D1-32D1A356014A}"
	ProjectSection(ProjectDependencies) = postProject
		{CD948523-9F33-43E7-AB12-6F9BBD7F4104} = {CD948523-9F33-43E7-AB12-6F9BBD7F4104}
	EndProjectSection
EndProject
Project("{FAE04EC0-301F-11D3-BF4B-00C04F79EFBC}") = "SMT.Workflow.Common.Model", "SMT.Workflow.Common\SMT.Workflow.Common.Model\SMT.Workflow.Common.Model.csproj", "{AA1B3B25-A276-4B58-A255-79B71B01B048}"
EndProject
Project("{FAE04EC0-301F-11D3-BF4B-00C04F79EFBC}") = "SMT.Workflow.Engine.Services", "SMT.Workflow.Services\SMT.Workflow.Services.Engine\SMT.Workflow.Engine.Services\SMT.Workflow.Engine.Services.csproj", "{8F3DBFF0-D1D6-4C1E-A11C-6D4C730E9E3B}"
EndProject
Project("{FAE04EC0-301F-11D3-BF4B-00C04F79EFBC}") = "SMT.Workflow.Platform.DAL", "SMT.Workflow.Services\SMT.Workflow.Services.Platform\SMT.Workflow.Platform.DAL\SMT.Workflow.Platform.DAL.csproj", "{03383FE0-2C9E-41CA-B693-8949F79AE0BB}"
EndProject
Project("{FAE04EC0-301F-11D3-BF4B-00C04F79EFBC}") = "SMT.Workflow.Platform.BLL", "SMT.Workflow.Services\SMT.Workflow.Services.Platform\SMT.Workflow.Platform.BLL\SMT.Workflow.Platform.BLL.csproj", "{6424D743-8F3C-48D1-8969-B7D382C84017}"
EndProject
Project("{FAE04EC0-301F-11D3-BF4B-00C04F79EFBC}") = "SMT.Workflow.Platform.Services", "SMT.Workflow.Services\SMT.Workflow.Services.Platform\SMT.Workflow.Platform.Services\SMT.Workflow.Platform.Services.csproj", "{CD948523-9F33-43E7-AB12-6F9BBD7F4104}"
EndProject
Project("{FAE04EC0-301F-11D3-BF4B-00C04F79EFBC}") = "SMT.Workflow.Engine.BLL", "SMT.Workflow.Engine\SMT.Workflow.Engine.BLL\SMT.Workflow.Engine.BLL.csproj", "{069C7DF7-469D-4D57-A3FE-E4C03C1C3C16}"
EndProject
Project("{FAE04EC0-301F-11D3-BF4B-00C04F79EFBC}") = "SMT.Workflow.Engine.IContract", "SMT.Workflow.Engine\SMT.Workflow.Engine.IContract\SMT.Workflow.Engine.IContract.csproj", "{49697E41-FBD9-4BF8-A69D-A9447777E345}"
EndProject
Project("{FAE04EC0-301F-11D3-BF4B-00C04F79EFBC}") = "SMT.Workflow.Engine.TimingService", "SMT.Workflow.Engine\SMT.Workflow.Engine.TimingService\SMT.Workflow.Engine.TimingService.csproj", "{B717EB89-F873-49CF-BF41-A957E77951FF}"
EndProject
Project("{FAE04EC0-301F-11D3-BF4B-00C04F79EFBC}") = "SMT.Workflow.Engine.Services.DAL", "SMT.Workflow.Services\SMT.Workflow.Services.Engine\SMT.Workflow.Engine.Services.DAL\SMT.Workflow.Engine.Services.DAL.csproj", "{A7327528-F1EA-414B-A5AE-DE76FFD4379B}"
EndProject
Project("{FAE04EC0-301F-11D3-BF4B-00C04F79EFBC}") = "SMT.Workflow.Engine.Services.BLL", "SMT.Workflow.Services\SMT.Workflow.Services.Engine\SMT.Workflow.Engine.Services.BLL\SMT.Workflow.Engine.Services.BLL.csproj", "{9C6AB590-1072-4EA7-B7DA-FC33B765EE2D}"
EndProject
Project("{FAE04EC0-301F-11D3-BF4B-00C04F79EFBC}") = "SMT.Workflow.SMTCache", "SMT.Workflow.Common\SMT.Workflow.SMTCache\SMT.Workflow.SMTCache.csproj", "{7B000B9A-4C3D-484B-AA43-82280A5226FC}"
EndProject
Project("{FAE04EC0-301F-11D3-BF4B-00C04F79EFBC}") = "SMT.Foundation.Core", "..\..\OA\源码\SMT.Foundation.NewCore\SMT.Foundation.Core.csproj", "{9D2F51E2-9710-4C91-A66B-823EB72437FD}"
EndProject
Project("{FAE04EC0-301F-11D3-BF4B-00C04F79EFBC}") = "SMT.FlowDAL", "SMT.SaaS.FlowSystem\SMT.FlowDAL\SMT.FlowDAL.csproj", "{6B61ACF2-41B8-45FA-AED3-1AC9D5950135}"
EndProject
Project("{FAE04EC0-301F-11D3-BF4B-00C04F79EFBC}") = "SMT.FlowWFService", "SMT.SaaS.FlowSystem\SMT.FlowWFService\SMT.FlowWFService.csproj", "{10EFAFD0-B2C8-4F13-B8F5-68FB97EB4117}"
EndProject
Project("{FAE04EC0-301F-11D3-BF4B-00C04F79EFBC}") = "SMT.FlowWFService.Host", "SMT.SaaS.FlowSystem\SMT.FlowWFService.Host\SMT.FlowWFService.Host.csproj", "{31EA4738-0BEE-4ACC-B1AA-0CC422F08078}"
EndProject
Project("{FAE04EC0-301F-11D3-BF4B-00C04F79EFBC}") = "SMT.WFLib", "SMT.SaaS.FlowSystem\SMT.WFLib\SMT.WFLib.csproj", "{39945946-45EE-418B-8B20-8BFAC13AB2F8}"
EndProject
Project("{FAE04EC0-301F-11D3-BF4B-00C04F79EFBC}") = "WinFlowTest", "SMT.SaaS.FlowSystem\WinFlowTest\WinFlowTest.csproj", "{F4DCD0A7-520B-41AC-9688-F5EA14345A78}"
EndProject
Project("{FAE04EC0-301F-11D3-BF4B-00C04F79EFBC}") = "SMTWFTest", "SMT.SaaS.FlowSystem\SMTWFTest\SMTWFTest.csproj", "{01E1800E-4ED3-4A0B-88D7-B278FCD72E40}"
EndProject
Project("{2150E333-8FDC-42A3-9474-1A3956D46DE8}") = "HRPM", "HRPM", "{8DF1949C-0120-4412-9DCF-22EAB25601D1}"
EndProject
Project("{FAE04EC0-301F-11D3-BF4B-00C04F79EFBC}") = "SMT.HRM.BLL", "..\..\OA\TM.SaaS.OA\HR\SMT.HRM.BLL\SMT.HRM.BLL.csproj", "{B35234A0-7BF1-49B6-BDF2-4041D0763D9B}"
EndProject
Project("{FAE04EC0-301F-11D3-BF4B-00C04F79EFBC}") = "SMT.HRM.DAL", "..\..\OA\TM.SaaS.OA\HR\SMT.HRM.DAL\SMT.HRM.DAL.csproj", "{D7D1B61B-CD35-46EA-8575-3CF42D8F4F9D}"
EndProject
Project("{FAE04EC0-301F-11D3-BF4B-00C04F79EFBC}") = "SMT.HRM.CustomModel", "..\..\OA\TM.SaaS.OA\HR\SMT.HRM.CustomModel\SMT.HRM.CustomModel.csproj", "{0E45B937-670F-49E1-8EF1-A4BD312B94DA}"
EndProject
Project("{FAE04EC0-301F-11D3-BF4B-00C04F79EFBC}") = "SMT.HRM.Services", "..\..\OA\TM.SaaS.OA\HR\SMT.HRM.Services\SMT.HRM.Services.csproj", "{F41CE952-0A8E-488C-BD79-05BE26D28801}"
EndProject
Project("{FAE04EC0-301F-11D3-BF4B-00C04F79EFBC}") = "TM_SaaS_OA_EFModel", "..\..\OA\TM.SaaS.OA\TM_SaaS_OA_EFModel\TM_SaaS_OA_EFModel.csproj", "{7571BCE6-3B80-41C1-AF97-9118E7F41845}"
EndProject
Global
	GlobalSection(SolutionConfigurationPlatforms) = preSolution
		Debug|Any CPU = Debug|Any CPU
		Debug|Mixed Platforms = Debug|Mixed Platforms
		Debug|x86 = Debug|x86
		Release|Any CPU = Release|Any CPU
		Release|Mixed Platforms = Release|Mixed Platforms
		Release|x86 = Release|x86
	EndGlobalSection
	GlobalSection(ProjectConfigurationPlatforms) = postSolution
		{AA5D10E0-B6A9-42D2-BEED-8615921BB1FE}.Debug|Any CPU.ActiveCfg = Debug|Any CPU
		{AA5D10E0-B6A9-42D2-BEED-8615921BB1FE}.Debug|Any CPU.Build.0 = Debug|Any CPU
		{AA5D10E0-B6A9-42D2-BEED-8615921BB1FE}.Debug|Mixed Platforms.ActiveCfg = Debug|Any CPU
		{AA5D10E0-B6A9-42D2-BEED-8615921BB1FE}.Debug|Mixed Platforms.Build.0 = Debug|Any CPU
		{AA5D10E0-B6A9-42D2-BEED-8615921BB1FE}.Debug|x86.ActiveCfg = Debug|Any CPU
		{AA5D10E0-B6A9-42D2-BEED-8615921BB1FE}.Release|Any CPU.ActiveCfg = Release|Any CPU
		{AA5D10E0-B6A9-42D2-BEED-8615921BB1FE}.Release|Any CPU.Build.0 = Release|Any CPU
		{AA5D10E0-B6A9-42D2-BEED-8615921BB1FE}.Release|Mixed Platforms.ActiveCfg = Release|Any CPU
		{AA5D10E0-B6A9-42D2-BEED-8615921BB1FE}.Release|Mixed Platforms.Build.0 = Release|Any CPU
		{AA5D10E0-B6A9-42D2-BEED-8615921BB1FE}.Release|x86.ActiveCfg = Release|Any CPU
		{060003E7-5A4D-4B47-91D1-32D1A356014A}.Debug|Any CPU.ActiveCfg = Debug|Any CPU
		{060003E7-5A4D-4B47-91D1-32D1A356014A}.Debug|Any CPU.Build.0 = Debug|Any CPU
		{060003E7-5A4D-4B47-91D1-32D1A356014A}.Debug|Mixed Platforms.ActiveCfg = Debug|Any CPU
		{060003E7-5A4D-4B47-91D1-32D1A356014A}.Debug|Mixed Platforms.Build.0 = Debug|Any CPU
		{060003E7-5A4D-4B47-91D1-32D1A356014A}.Debug|x86.ActiveCfg = Debug|Any CPU
		{060003E7-5A4D-4B47-91D1-32D1A356014A}.Release|Any CPU.ActiveCfg = Release|Any CPU
		{060003E7-5A4D-4B47-91D1-32D1A356014A}.Release|Any CPU.Build.0 = Release|Any CPU
		{060003E7-5A4D-4B47-91D1-32D1A356014A}.Release|Mixed Platforms.ActiveCfg = Release|Any CPU
		{060003E7-5A4D-4B47-91D1-32D1A356014A}.Release|Mixed Platforms.Build.0 = Release|Any CPU
		{060003E7-5A4D-4B47-91D1-32D1A356014A}.Release|x86.ActiveCfg = Release|Any CPU
		{AA1B3B25-A276-4B58-A255-79B71B01B048}.Debug|Any CPU.ActiveCfg = Debug|Any CPU
		{AA1B3B25-A276-4B58-A255-79B71B01B048}.Debug|Any CPU.Build.0 = Debug|Any CPU
		{AA1B3B25-A276-4B58-A255-79B71B01B048}.Debug|Mixed Platforms.ActiveCfg = Debug|Any CPU
		{AA1B3B25-A276-4B58-A255-79B71B01B048}.Debug|Mixed Platforms.Build.0 = Debug|Any CPU
		{AA1B3B25-A276-4B58-A255-79B71B01B048}.Debug|x86.ActiveCfg = Debug|Any CPU
		{AA1B3B25-A276-4B58-A255-79B71B01B048}.Release|Any CPU.ActiveCfg = Release|Any CPU
		{AA1B3B25-A276-4B58-A255-79B71B01B048}.Release|Any CPU.Build.0 = Release|Any CPU
		{AA1B3B25-A276-4B58-A255-79B71B01B048}.Release|Mixed Platforms.ActiveCfg = Release|Any CPU
		{AA1B3B25-A276-4B58-A255-79B71B01B048}.Release|Mixed Platforms.Build.0 = Release|Any CPU
		{AA1B3B25-A276-4B58-A255-79B71B01B048}.Release|x86.ActiveCfg = Release|Any CPU
		{8F3DBFF0-D1D6-4C1E-A11C-6D4C730E9E3B}.Debug|Any CPU.ActiveCfg = Debug|Any CPU
		{8F3DBFF0-D1D6-4C1E-A11C-6D4C730E9E3B}.Debug|Any CPU.Build.0 = Debug|Any CPU
		{8F3DBFF0-D1D6-4C1E-A11C-6D4C730E9E3B}.Debug|Mixed Platforms.ActiveCfg = Debug|Any CPU
		{8F3DBFF0-D1D6-4C1E-A11C-6D4C730E9E3B}.Debug|Mixed Platforms.Build.0 = Debug|Any CPU
		{8F3DBFF0-D1D6-4C1E-A11C-6D4C730E9E3B}.Debug|x86.ActiveCfg = Debug|Any CPU
		{8F3DBFF0-D1D6-4C1E-A11C-6D4C730E9E3B}.Release|Any CPU.ActiveCfg = Release|Any CPU
		{8F3DBFF0-D1D6-4C1E-A11C-6D4C730E9E3B}.Release|Any CPU.Build.0 = Release|Any CPU
		{8F3DBFF0-D1D6-4C1E-A11C-6D4C730E9E3B}.Release|Mixed Platforms.ActiveCfg = Release|Any CPU
		{8F3DBFF0-D1D6-4C1E-A11C-6D4C730E9E3B}.Release|Mixed Platforms.Build.0 = Release|Any CPU
		{8F3DBFF0-D1D6-4C1E-A11C-6D4C730E9E3B}.Release|x86.ActiveCfg = Release|Any CPU
		{03383FE0-2C9E-41CA-B693-8949F79AE0BB}.Debug|Any CPU.ActiveCfg = Debug|Any CPU
		{03383FE0-2C9E-41CA-B693-8949F79AE0BB}.Debug|Any CPU.Build.0 = Debug|Any CPU
		{03383FE0-2C9E-41CA-B693-8949F79AE0BB}.Debug|Mixed Platforms.ActiveCfg = Debug|Any CPU
		{03383FE0-2C9E-41CA-B693-8949F79AE0BB}.Debug|Mixed Platforms.Build.0 = Debug|Any CPU
		{03383FE0-2C9E-41CA-B693-8949F79AE0BB}.Debug|x86.ActiveCfg = Debug|Any CPU
		{03383FE0-2C9E-41CA-B693-8949F79AE0BB}.Release|Any CPU.ActiveCfg = Release|Any CPU
		{03383FE0-2C9E-41CA-B693-8949F79AE0BB}.Release|Any CPU.Build.0 = Release|Any CPU
		{03383FE0-2C9E-41CA-B693-8949F79AE0BB}.Release|Mixed Platforms.ActiveCfg = Release|Any CPU
		{03383FE0-2C9E-41CA-B693-8949F79AE0BB}.Release|Mixed Platforms.Build.0 = Release|Any CPU
		{03383FE0-2C9E-41CA-B693-8949F79AE0BB}.Release|x86.ActiveCfg = Release|Any CPU
		{6424D743-8F3C-48D1-8969-B7D382C84017}.Debug|Any CPU.ActiveCfg = Debug|Any CPU
		{6424D743-8F3C-48D1-8969-B7D382C84017}.Debug|Any CPU.Build.0 = Debug|Any CPU
		{6424D743-8F3C-48D1-8969-B7D382C84017}.Debug|Mixed Platforms.ActiveCfg = Debug|Any CPU
		{6424D743-8F3C-48D1-8969-B7D382C84017}.Debug|Mixed Platforms.Build.0 = Debug|Any CPU
		{6424D743-8F3C-48D1-8969-B7D382C84017}.Debug|x86.ActiveCfg = Debug|Any CPU
		{6424D743-8F3C-48D1-8969-B7D382C84017}.Release|Any CPU.ActiveCfg = Release|Any CPU
		{6424D743-8F3C-48D1-8969-B7D382C84017}.Release|Any CPU.Build.0 = Release|Any CPU
		{6424D743-8F3C-48D1-8969-B7D382C84017}.Release|Mixed Platforms.ActiveCfg = Release|Any CPU
		{6424D743-8F3C-48D1-8969-B7D382C84017}.Release|Mixed Platforms.Build.0 = Release|Any CPU
		{6424D743-8F3C-48D1-8969-B7D382C84017}.Release|x86.ActiveCfg = Release|Any CPU
		{CD948523-9F33-43E7-AB12-6F9BBD7F4104}.Debug|Any CPU.ActiveCfg = Debug|Any CPU
		{CD948523-9F33-43E7-AB12-6F9BBD7F4104}.Debug|Any CPU.Build.0 = Debug|Any CPU
		{CD948523-9F33-43E7-AB12-6F9BBD7F4104}.Debug|Mixed Platforms.ActiveCfg = Debug|Any CPU
		{CD948523-9F33-43E7-AB12-6F9BBD7F4104}.Debug|Mixed Platforms.Build.0 = Debug|Any CPU
		{CD948523-9F33-43E7-AB12-6F9BBD7F4104}.Debug|x86.ActiveCfg = Debug|Any CPU
		{CD948523-9F33-43E7-AB12-6F9BBD7F4104}.Release|Any CPU.ActiveCfg = Release|Any CPU
		{CD948523-9F33-43E7-AB12-6F9BBD7F4104}.Release|Any CPU.Build.0 = Release|Any CPU
		{CD948523-9F33-43E7-AB12-6F9BBD7F4104}.Release|Mixed Platforms.ActiveCfg = Release|Any CPU
		{CD948523-9F33-43E7-AB12-6F9BBD7F4104}.Release|Mixed Platforms.Build.0 = Release|Any CPU
		{CD948523-9F33-43E7-AB12-6F9BBD7F4104}.Release|x86.ActiveCfg = Release|Any CPU
		{069C7DF7-469D-4D57-A3FE-E4C03C1C3C16}.Debug|Any CPU.ActiveCfg = Debug|Any CPU
		{069C7DF7-469D-4D57-A3FE-E4C03C1C3C16}.Debug|Any CPU.Build.0 = Debug|Any CPU
		{069C7DF7-469D-4D57-A3FE-E4C03C1C3C16}.Debug|Mixed Platforms.ActiveCfg = Debug|Any CPU
		{069C7DF7-469D-4D57-A3FE-E4C03C1C3C16}.Debug|Mixed Platforms.Build.0 = Debug|Any CPU
		{069C7DF7-469D-4D57-A3FE-E4C03C1C3C16}.Debug|x86.ActiveCfg = Debug|Any CPU
		{069C7DF7-469D-4D57-A3FE-E4C03C1C3C16}.Release|Any CPU.ActiveCfg = Release|Any CPU
		{069C7DF7-469D-4D57-A3FE-E4C03C1C3C16}.Release|Any CPU.Build.0 = Release|Any CPU
		{069C7DF7-469D-4D57-A3FE-E4C03C1C3C16}.Release|Mixed Platforms.ActiveCfg = Release|Any CPU
		{069C7DF7-469D-4D57-A3FE-E4C03C1C3C16}.Release|Mixed Platforms.Build.0 = Release|Any CPU
		{069C7DF7-469D-4D57-A3FE-E4C03C1C3C16}.Release|x86.ActiveCfg = Release|Any CPU
		{49697E41-FBD9-4BF8-A69D-A9447777E345}.Debug|Any CPU.ActiveCfg = Debug|Any CPU
		{49697E41-FBD9-4BF8-A69D-A9447777E345}.Debug|Any CPU.Build.0 = Debug|Any CPU
		{49697E41-FBD9-4BF8-A69D-A9447777E345}.Debug|Mixed Platforms.ActiveCfg = Debug|Any CPU
		{49697E41-FBD9-4BF8-A69D-A9447777E345}.Debug|Mixed Platforms.Build.0 = Debug|Any CPU
		{49697E41-FBD9-4BF8-A69D-A9447777E345}.Debug|x86.ActiveCfg = Debug|Any CPU
		{49697E41-FBD9-4BF8-A69D-A9447777E345}.Release|Any CPU.ActiveCfg = Release|Any CPU
		{49697E41-FBD9-4BF8-A69D-A9447777E345}.Release|Any CPU.Build.0 = Release|Any CPU
		{49697E41-FBD9-4BF8-A69D-A9447777E345}.Release|Mixed Platforms.ActiveCfg = Release|Any CPU
		{49697E41-FBD9-4BF8-A69D-A9447777E345}.Release|Mixed Platforms.Build.0 = Release|Any CPU
		{49697E41-FBD9-4BF8-A69D-A9447777E345}.Release|x86.ActiveCfg = Release|Any CPU
		{B717EB89-F873-49CF-BF41-A957E77951FF}.Debug|Any CPU.ActiveCfg = Debug|x86
		{B717EB89-F873-49CF-BF41-A957E77951FF}.Debug|Mixed Platforms.ActiveCfg = Debug|x86
		{B717EB89-F873-49CF-BF41-A957E77951FF}.Debug|Mixed Platforms.Build.0 = Debug|x86
		{B717EB89-F873-49CF-BF41-A957E77951FF}.Debug|x86.ActiveCfg = Debug|x86
		{B717EB89-F873-49CF-BF41-A957E77951FF}.Debug|x86.Build.0 = Debug|x86
		{B717EB89-F873-49CF-BF41-A957E77951FF}.Release|Any CPU.ActiveCfg = Release|x86
		{B717EB89-F873-49CF-BF41-A957E77951FF}.Release|Mixed Platforms.ActiveCfg = Release|x86
		{B717EB89-F873-49CF-BF41-A957E77951FF}.Release|Mixed Platforms.Build.0 = Release|x86
		{B717EB89-F873-49CF-BF41-A957E77951FF}.Release|x86.ActiveCfg = Release|x86
		{B717EB89-F873-49CF-BF41-A957E77951FF}.Release|x86.Build.0 = Release|x86
		{A7327528-F1EA-414B-A5AE-DE76FFD4379B}.Debug|Any CPU.ActiveCfg = Debug|Any CPU
		{A7327528-F1EA-414B-A5AE-DE76FFD4379B}.Debug|Any CPU.Build.0 = Debug|Any CPU
		{A7327528-F1EA-414B-A5AE-DE76FFD4379B}.Debug|Mixed Platforms.ActiveCfg = Debug|Any CPU
		{A7327528-F1EA-414B-A5AE-DE76FFD4379B}.Debug|Mixed Platforms.Build.0 = Debug|Any CPU
		{A7327528-F1EA-414B-A5AE-DE76FFD4379B}.Debug|x86.ActiveCfg = Debug|Any CPU
		{A7327528-F1EA-414B-A5AE-DE76FFD4379B}.Release|Any CPU.ActiveCfg = Release|Any CPU
		{A7327528-F1EA-414B-A5AE-DE76FFD4379B}.Release|Any CPU.Build.0 = Release|Any CPU
		{A7327528-F1EA-414B-A5AE-DE76FFD4379B}.Release|Mixed Platforms.ActiveCfg = Release|Any CPU
		{A7327528-F1EA-414B-A5AE-DE76FFD4379B}.Release|Mixed Platforms.Build.0 = Release|Any CPU
		{A7327528-F1EA-414B-A5AE-DE76FFD4379B}.Release|x86.ActiveCfg = Release|Any CPU
		{9C6AB590-1072-4EA7-B7DA-FC33B765EE2D}.Debug|Any CPU.ActiveCfg = Debug|Any CPU
		{9C6AB590-1072-4EA7-B7DA-FC33B765EE2D}.Debug|Any CPU.Build.0 = Debug|Any CPU
		{9C6AB590-1072-4EA7-B7DA-FC33B765EE2D}.Debug|Mixed Platforms.ActiveCfg = Debug|Any CPU
		{9C6AB590-1072-4EA7-B7DA-FC33B765EE2D}.Debug|Mixed Platforms.Build.0 = Debug|Any CPU
		{9C6AB590-1072-4EA7-B7DA-FC33B765EE2D}.Debug|x86.ActiveCfg = Debug|Any CPU
		{9C6AB590-1072-4EA7-B7DA-FC33B765EE2D}.Release|Any CPU.ActiveCfg = Release|Any CPU
		{9C6AB590-1072-4EA7-B7DA-FC33B765EE2D}.Release|Any CPU.Build.0 = Release|Any CPU
		{9C6AB590-1072-4EA7-B7DA-FC33B765EE2D}.Release|Mixed Platforms.ActiveCfg = Release|Any CPU
		{9C6AB590-1072-4EA7-B7DA-FC33B765EE2D}.Release|Mixed Platforms.Build.0 = Release|Any CPU
		{9C6AB590-1072-4EA7-B7DA-FC33B765EE2D}.Release|x86.ActiveCfg = Release|Any CPU
		{7B000B9A-4C3D-484B-AA43-82280A5226FC}.Debug|Any CPU.ActiveCfg = Debug|Any CPU
		{7B000B9A-4C3D-484B-AA43-82280A5226FC}.Debug|Any CPU.Build.0 = Debug|Any CPU
		{7B000B9A-4C3D-484B-AA43-82280A5226FC}.Debug|Mixed Platforms.ActiveCfg = Debug|Any CPU
		{7B000B9A-4C3D-484B-AA43-82280A5226FC}.Debug|Mixed Platforms.Build.0 = Debug|Any CPU
		{7B000B9A-4C3D-484B-AA43-82280A5226FC}.Debug|x86.ActiveCfg = Debug|Any CPU
		{7B000B9A-4C3D-484B-AA43-82280A5226FC}.Release|Any CPU.ActiveCfg = Release|Any CPU
		{7B000B9A-4C3D-484B-AA43-82280A5226FC}.Release|Any CPU.Build.0 = Release|Any CPU
		{7B000B9A-4C3D-484B-AA43-82280A5226FC}.Release|Mixed Platforms.ActiveCfg = Release|Any CPU
		{7B000B9A-4C3D-484B-AA43-82280A5226FC}.Release|Mixed Platforms.Build.0 = Release|Any CPU
		{7B000B9A-4C3D-484B-AA43-82280A5226FC}.Release|x86.ActiveCfg = Release|Any CPU
		{9D2F51E2-9710-4C91-A66B-823EB72437FD}.Debug|Any CPU.ActiveCfg = Debug|Any CPU
		{9D2F51E2-9710-4C91-A66B-823EB72437FD}.Debug|Any CPU.Build.0 = Debug|Any CPU
		{9D2F51E2-9710-4C91-A66B-823EB72437FD}.Debug|Mixed Platforms.ActiveCfg = Debug|Any CPU
		{9D2F51E2-9710-4C91-A66B-823EB72437FD}.Debug|Mixed Platforms.Build.0 = Debug|Any CPU
		{9D2F51E2-9710-4C91-A66B-823EB72437FD}.Debug|x86.ActiveCfg = Debug|Any CPU
		{9D2F51E2-9710-4C91-A66B-823EB72437FD}.Release|Any CPU.ActiveCfg = Release|Any CPU
		{9D2F51E2-9710-4C91-A66B-823EB72437FD}.Release|Any CPU.Build.0 = Release|Any CPU
		{9D2F51E2-9710-4C91-A66B-823EB72437FD}.Release|Mixed Platforms.ActiveCfg = Release|Any CPU
		{9D2F51E2-9710-4C91-A66B-823EB72437FD}.Release|Mixed Platforms.Build.0 = Release|Any CPU
		{9D2F51E2-9710-4C91-A66B-823EB72437FD}.Release|x86.ActiveCfg = Release|Any CPU
		{6B61ACF2-41B8-45FA-AED3-1AC9D5950135}.Debug|Any CPU.ActiveCfg = Debug|Any CPU
		{6B61ACF2-41B8-45FA-AED3-1AC9D5950135}.Debug|Any CPU.Build.0 = Debug|Any CPU
		{6B61ACF2-41B8-45FA-AED3-1AC9D5950135}.Debug|Mixed Platforms.ActiveCfg = Debug|Any CPU
		{6B61ACF2-41B8-45FA-AED3-1AC9D5950135}.Debug|Mixed Platforms.Build.0 = Debug|Any CPU
		{6B61ACF2-41B8-45FA-AED3-1AC9D5950135}.Debug|x86.ActiveCfg = Debug|Any CPU
		{6B61ACF2-41B8-45FA-AED3-1AC9D5950135}.Release|Any CPU.ActiveCfg = Release|Any CPU
		{6B61ACF2-41B8-45FA-AED3-1AC9D5950135}.Release|Any CPU.Build.0 = Release|Any CPU
		{6B61ACF2-41B8-45FA-AED3-1AC9D5950135}.Release|Mixed Platforms.ActiveCfg = Release|Any CPU
		{6B61ACF2-41B8-45FA-AED3-1AC9D5950135}.Release|Mixed Platforms.Build.0 = Release|Any CPU
		{6B61ACF2-41B8-45FA-AED3-1AC9D5950135}.Release|x86.ActiveCfg = Release|Any CPU
		{10EFAFD0-B2C8-4F13-B8F5-68FB97EB4117}.Debug|Any CPU.ActiveCfg = Debug|Any CPU
		{10EFAFD0-B2C8-4F13-B8F5-68FB97EB4117}.Debug|Any CPU.Build.0 = Debug|Any CPU
		{10EFAFD0-B2C8-4F13-B8F5-68FB97EB4117}.Debug|Mixed Platforms.ActiveCfg = Debug|Any CPU
		{10EFAFD0-B2C8-4F13-B8F5-68FB97EB4117}.Debug|Mixed Platforms.Build.0 = Debug|Any CPU
		{10EFAFD0-B2C8-4F13-B8F5-68FB97EB4117}.Debug|x86.ActiveCfg = Debug|Any CPU
		{10EFAFD0-B2C8-4F13-B8F5-68FB97EB4117}.Release|Any CPU.ActiveCfg = Release|Any CPU
		{10EFAFD0-B2C8-4F13-B8F5-68FB97EB4117}.Release|Any CPU.Build.0 = Release|Any CPU
		{10EFAFD0-B2C8-4F13-B8F5-68FB97EB4117}.Release|Mixed Platforms.ActiveCfg = Release|Any CPU
		{10EFAFD0-B2C8-4F13-B8F5-68FB97EB4117}.Release|Mixed Platforms.Build.0 = Release|Any CPU
		{10EFAFD0-B2C8-4F13-B8F5-68FB97EB4117}.Release|x86.ActiveCfg = Release|Any CPU
		{31EA4738-0BEE-4ACC-B1AA-0CC422F08078}.Debug|Any CPU.ActiveCfg = Debug|Any CPU
		{31EA4738-0BEE-4ACC-B1AA-0CC422F08078}.Debug|Any CPU.Build.0 = Debug|Any CPU
		{31EA4738-0BEE-4ACC-B1AA-0CC422F08078}.Debug|Mixed Platforms.ActiveCfg = Debug|Any CPU
		{31EA4738-0BEE-4ACC-B1AA-0CC422F08078}.Debug|Mixed Platforms.Build.0 = Debug|Any CPU
		{31EA4738-0BEE-4ACC-B1AA-0CC422F08078}.Debug|x86.ActiveCfg = Debug|Any CPU
		{31EA4738-0BEE-4ACC-B1AA-0CC422F08078}.Release|Any CPU.ActiveCfg = Release|Any CPU
		{31EA4738-0BEE-4ACC-B1AA-0CC422F08078}.Release|Any CPU.Build.0 = Release|Any CPU
		{31EA4738-0BEE-4ACC-B1AA-0CC422F08078}.Release|Mixed Platforms.ActiveCfg = Release|Any CPU
		{31EA4738-0BEE-4ACC-B1AA-0CC422F08078}.Release|Mixed Platforms.Build.0 = Release|Any CPU
		{31EA4738-0BEE-4ACC-B1AA-0CC422F08078}.Release|x86.ActiveCfg = Release|Any CPU
		{39945946-45EE-418B-8B20-8BFAC13AB2F8}.Debug|Any CPU.ActiveCfg = Debug|Any CPU
		{39945946-45EE-418B-8B20-8BFAC13AB2F8}.Debug|Any CPU.Build.0 = Debug|Any CPU
		{39945946-45EE-418B-8B20-8BFAC13AB2F8}.Debug|Mixed Platforms.ActiveCfg = Debug|Any CPU
		{39945946-45EE-418B-8B20-8BFAC13AB2F8}.Debug|Mixed Platforms.Build.0 = Debug|Any CPU
		{39945946-45EE-418B-8B20-8BFAC13AB2F8}.Debug|x86.ActiveCfg = Debug|Any CPU
		{39945946-45EE-418B-8B20-8BFAC13AB2F8}.Release|Any CPU.ActiveCfg = Release|Any CPU
		{39945946-45EE-418B-8B20-8BFAC13AB2F8}.Release|Any CPU.Build.0 = Release|Any CPU
		{39945946-45EE-418B-8B20-8BFAC13AB2F8}.Release|Mixed Platforms.ActiveCfg = Release|Any CPU
		{39945946-45EE-418B-8B20-8BFAC13AB2F8}.Release|Mixed Platforms.Build.0 = Release|Any CPU
		{39945946-45EE-418B-8B20-8BFAC13AB2F8}.Release|x86.ActiveCfg = Release|Any CPU
		{F4DCD0A7-520B-41AC-9688-F5EA14345A78}.Debug|Any CPU.ActiveCfg = Debug|x86
		{F4DCD0A7-520B-41AC-9688-F5EA14345A78}.Debug|Mixed Platforms.ActiveCfg = Debug|x86
		{F4DCD0A7-520B-41AC-9688-F5EA14345A78}.Debug|Mixed Platforms.Build.0 = Debug|x86
		{F4DCD0A7-520B-41AC-9688-F5EA14345A78}.Debug|x86.ActiveCfg = Debug|x86
		{F4DCD0A7-520B-41AC-9688-F5EA14345A78}.Debug|x86.Build.0 = Debug|x86
		{F4DCD0A7-520B-41AC-9688-F5EA14345A78}.Release|Any CPU.ActiveCfg = Release|x86
		{F4DCD0A7-520B-41AC-9688-F5EA14345A78}.Release|Mixed Platforms.ActiveCfg = Release|x86
		{F4DCD0A7-520B-41AC-9688-F5EA14345A78}.Release|Mixed Platforms.Build.0 = Release|x86
		{F4DCD0A7-520B-41AC-9688-F5EA14345A78}.Release|x86.ActiveCfg = Release|x86
		{F4DCD0A7-520B-41AC-9688-F5EA14345A78}.Release|x86.Build.0 = Release|x86
		{01E1800E-4ED3-4A0B-88D7-B278FCD72E40}.Debug|Any CPU.ActiveCfg = Debug|Any CPU
		{01E1800E-4ED3-4A0B-88D7-B278FCD72E40}.Debug|Any CPU.Build.0 = Debug|Any CPU
		{01E1800E-4ED3-4A0B-88D7-B278FCD72E40}.Debug|Mixed Platforms.ActiveCfg = Debug|Any CPU
		{01E1800E-4ED3-4A0B-88D7-B278FCD72E40}.Debug|Mixed Platforms.Build.0 = Debug|Any CPU
		{01E1800E-4ED3-4A0B-88D7-B278FCD72E40}.Debug|x86.ActiveCfg = Debug|Any CPU
		{01E1800E-4ED3-4A0B-88D7-B278FCD72E40}.Release|Any CPU.ActiveCfg = Release|Any CPU
		{01E1800E-4ED3-4A0B-88D7-B278FCD72E40}.Release|Any CPU.Build.0 = Release|Any CPU
		{01E1800E-4ED3-4A0B-88D7-B278FCD72E40}.Release|Mixed Platforms.ActiveCfg = Release|Any CPU
		{01E1800E-4ED3-4A0B-88D7-B278FCD72E40}.Release|Mixed Platforms.Build.0 = Release|Any CPU
		{01E1800E-4ED3-4A0B-88D7-B278FCD72E40}.Release|x86.ActiveCfg = Release|Any CPU
		{B35234A0-7BF1-49B6-BDF2-4041D0763D9B}.Debug|Any CPU.ActiveCfg = Debug|Any CPU
		{B35234A0-7BF1-49B6-BDF2-4041D0763D9B}.Debug|Any CPU.Build.0 = Debug|Any CPU
		{B35234A0-7BF1-49B6-BDF2-4041D0763D9B}.Debug|Mixed Platforms.ActiveCfg = Debug|Any CPU
		{B35234A0-7BF1-49B6-BDF2-4041D0763D9B}.Debug|Mixed Platforms.Build.0 = Debug|Any CPU
		{B35234A0-7BF1-49B6-BDF2-4041D0763D9B}.Debug|x86.ActiveCfg = Debug|Any CPU
		{B35234A0-7BF1-49B6-BDF2-4041D0763D9B}.Release|Any CPU.ActiveCfg = Release|Any CPU
		{B35234A0-7BF1-49B6-BDF2-4041D0763D9B}.Release|Any CPU.Build.0 = Release|Any CPU
		{B35234A0-7BF1-49B6-BDF2-4041D0763D9B}.Release|Mixed Platforms.ActiveCfg = Release|Any CPU
		{B35234A0-7BF1-49B6-BDF2-4041D0763D9B}.Release|Mixed Platforms.Build.0 = Release|Any CPU
		{B35234A0-7BF1-49B6-BDF2-4041D0763D9B}.Release|x86.ActiveCfg = Release|Any CPU
		{D7D1B61B-CD35-46EA-8575-3CF42D8F4F9D}.Debug|Any CPU.ActiveCfg = Debug|Any CPU
		{D7D1B61B-CD35-46EA-8575-3CF42D8F4F9D}.Debug|Any CPU.Build.0 = Debug|Any CPU
		{D7D1B61B-CD35-46EA-8575-3CF42D8F4F9D}.Debug|Mixed Platforms.ActiveCfg = Debug|Any CPU
		{D7D1B61B-CD35-46EA-8575-3CF42D8F4F9D}.Debug|Mixed Platforms.Build.0 = Debug|Any CPU
		{D7D1B61B-CD35-46EA-8575-3CF42D8F4F9D}.Debug|x86.ActiveCfg = Debug|Any CPU
		{D7D1B61B-CD35-46EA-8575-3CF42D8F4F9D}.Release|Any CPU.ActiveCfg = Release|Any CPU
		{D7D1B61B-CD35-46EA-8575-3CF42D8F4F9D}.Release|Any CPU.Build.0 = Release|Any CPU
		{D7D1B61B-CD35-46EA-8575-3CF42D8F4F9D}.Release|Mixed Platforms.ActiveCfg = Release|Any CPU
		{D7D1B61B-CD35-46EA-8575-3CF42D8F4F9D}.Release|Mixed Platforms.Build.0 = Release|Any CPU
		{D7D1B61B-CD35-46EA-8575-3CF42D8F4F9D}.Release|x86.ActiveCfg = Release|Any CPU
		{0E45B937-670F-49E1-8EF1-A4BD312B94DA}.Debug|Any CPU.ActiveCfg = Debug|Any CPU
		{0E45B937-670F-49E1-8EF1-A4BD312B94DA}.Debug|Any CPU.Build.0 = Debug|Any CPU
		{0E45B937-670F-49E1-8EF1-A4BD312B94DA}.Debug|Mixed Platforms.ActiveCfg = Debug|Any CPU
		{0E45B937-670F-49E1-8EF1-A4BD312B94DA}.Debug|Mixed Platforms.Build.0 = Debug|Any CPU
		{0E45B937-670F-49E1-8EF1-A4BD312B94DA}.Debug|x86.ActiveCfg = Debug|Any CPU
		{0E45B937-670F-49E1-8EF1-A4BD312B94DA}.Release|Any CPU.ActiveCfg = Release|Any CPU
		{0E45B937-670F-49E1-8EF1-A4BD312B94DA}.Release|Any CPU.Build.0 = Release|Any CPU
		{0E45B937-670F-49E1-8EF1-A4BD312B94DA}.Release|Mixed Platforms.ActiveCfg = Release|Any CPU
		{0E45B937-670F-49E1-8EF1-A4BD312B94DA}.Release|Mixed Platforms.Build.0 = Release|Any CPU
		{0E45B937-670F-49E1-8EF1-A4BD312B94DA}.Release|x86.ActiveCfg = Release|Any CPU
		{F41CE952-0A8E-488C-BD79-05BE26D28801}.Debug|Any CPU.ActiveCfg = Debug|Any CPU
		{F41CE952-0A8E-488C-BD79-05BE26D28801}.Debug|Any CPU.Build.0 = Debug|Any CPU
		{F41CE952-0A8E-488C-BD79-05BE26D28801}.Debug|Mixed Platforms.ActiveCfg = Debug|Any CPU
		{F41CE952-0A8E-488C-BD79-05BE26D28801}.Debug|Mixed Platforms.Build.0 = Debug|Any CPU
		{F41CE952-0A8E-488C-BD79-05BE26D28801}.Debug|x86.ActiveCfg = Debug|Any CPU
		{F41CE952-0A8E-488C-BD79-05BE26D28801}.Release|Any CPU.ActiveCfg = Release|Any CPU
		{F41CE952-0A8E-488C-BD79-05BE26D28801}.Release|Any CPU.Build.0 = Release|Any CPU
		{F41CE952-0A8E-488C-BD79-05BE26D28801}.Release|Mixed Platforms.ActiveCfg = Release|Any CPU
		{F41CE952-0A8E-488C-BD79-05BE26D28801}.Release|Mixed Platforms.Build.0 = Release|Any CPU
		{F41CE952-0A8E-488C-BD79-05BE26D28801}.Release|x86.ActiveCfg = Release|Any CPU
		{7571BCE6-3B80-41C1-AF97-9118E7F41845}.Debug|Any CPU.ActiveCfg = Debug|Any CPU
		{7571BCE6-3B80-41C1-AF97-9118E7F41845}.Debug|Any CPU.Build.0 = Debug|Any CPU
		{7571BCE6-3B80-41C1-AF97-9118E7F41845}.Debug|Mixed Platforms.ActiveCfg = Debug|Any CPU
		{7571BCE6-3B80-41C1-AF97-9118E7F41845}.Debug|Mixed Platforms.Build.0 = Debug|Any CPU
		{7571BCE6-3B80-41C1-AF97-9118E7F41845}.Debug|x86.ActiveCfg = Debug|Any CPU
		{7571BCE6-3B80-41C1-AF97-9118E7F41845}.Release|Any CPU.ActiveCfg = Release|Any CPU
		{7571BCE6-3B80-41C1-AF97-9118E7F41845}.Release|Any CPU.Build.0 = Release|Any CPU
		{7571BCE6-3B80-41C1-AF97-9118E7F41845}.Release|Mixed Platforms.ActiveCfg = Release|Any CPU
		{7571BCE6-3B80-41C1-AF97-9118E7F41845}.Release|Mixed Platforms.Build.0 = Release|Any CPU
		{7571BCE6-3B80-41C1-AF97-9118E7F41845}.Release|x86.ActiveCfg = Release|Any CPU
	EndGlobalSection
	GlobalSection(SolutionProperties) = preSolution
		HideSolutionNode = FALSE
	EndGlobalSection
	GlobalSection(NestedProjects) = preSolution
		{91BC8C1C-DB9C-48D2-BCAA-5D1D2C7F4776} = {09C9792A-9838-4094-B2BC-CBB3BA42CD7A}
		{17316E6C-30F2-4F6A-A4AC-38BD5E516772} = {09C9792A-9838-4094-B2BC-CBB3BA42CD7A}
		{E005B207-CFB9-4BC7-96C4-178F61723510} = {09C9792A-9838-4094-B2BC-CBB3BA42CD7A}
		{8DF1949C-0120-4412-9DCF-22EAB25601D1} = {09C9792A-9838-4094-B2BC-CBB3BA42CD7A}
		{060003E7-5A4D-4B47-91D1-32D1A356014A} = {A9B2EF2B-E975-4515-A8BC-FC5CA49F4714}
		{8EC487AC-1896-46C4-A4B7-18641F3DCBCD} = {91BC8C1C-DB9C-48D2-BCAA-5D1D2C7F4776}
		{8F3DBFF0-D1D6-4C1E-A11C-6D4C730E9E3B} = {91BC8C1C-DB9C-48D2-BCAA-5D1D2C7F4776}
		{A7327528-F1EA-414B-A5AE-DE76FFD4379B} = {91BC8C1C-DB9C-48D2-BCAA-5D1D2C7F4776}
		{9C6AB590-1072-4EA7-B7DA-FC33B765EE2D} = {91BC8C1C-DB9C-48D2-BCAA-5D1D2C7F4776}
		{AA5D10E0-B6A9-42D2-BEED-8615921BB1FE} = {8EC487AC-1896-46C4-A4B7-18641F3DCBCD}
		{069C7DF7-469D-4D57-A3FE-E4C03C1C3C16} = {8EC487AC-1896-46C4-A4B7-18641F3DCBCD}
		{49697E41-FBD9-4BF8-A69D-A9447777E345} = {8EC487AC-1896-46C4-A4B7-18641F3DCBCD}
		{B717EB89-F873-49CF-BF41-A957E77951FF} = {8EC487AC-1896-46C4-A4B7-18641F3DCBCD}
		{03383FE0-2C9E-41CA-B693-8949F79AE0BB} = {17316E6C-30F2-4F6A-A4AC-38BD5E516772}
		{6424D743-8F3C-48D1-8969-B7D382C84017} = {17316E6C-30F2-4F6A-A4AC-38BD5E516772}
		{CD948523-9F33-43E7-AB12-6F9BBD7F4104} = {17316E6C-30F2-4F6A-A4AC-38BD5E516772}
		{AA1B3B25-A276-4B58-A255-79B71B01B048} = {79F4D87B-1DD7-48EE-8FA9-1C92B6F30DE3}
		{7B000B9A-4C3D-484B-AA43-82280A5226FC} = {79F4D87B-1DD7-48EE-8FA9-1C92B6F30DE3}
		{9D2F51E2-9710-4C91-A66B-823EB72437FD} = {79F4D87B-1DD7-48EE-8FA9-1C92B6F30DE3}
		{7571BCE6-3B80-41C1-AF97-9118E7F41845} = {79F4D87B-1DD7-48EE-8FA9-1C92B6F30DE3}
		{951497F5-58C7-4775-8E16-35FD6E2F4644} = {379B0614-FFAF-46AB-B816-EF5CB7B1AFB0}
		{F4DCD0A7-520B-41AC-9688-F5EA14345A78} = {951497F5-58C7-4775-8E16-35FD6E2F4644}
		{01E1800E-4ED3-4A0B-88D7-B278FCD72E40} = {951497F5-58C7-4775-8E16-35FD6E2F4644}
		{6B61ACF2-41B8-45FA-AED3-1AC9D5950135} = {E005B207-CFB9-4BC7-96C4-178F61723510}
		{10EFAFD0-B2C8-4F13-B8F5-68FB97EB4117} = {E005B207-CFB9-4BC7-96C4-178F61723510}
		{31EA4738-0BEE-4ACC-B1AA-0CC422F08078} = {E005B207-CFB9-4BC7-96C4-178F61723510}
		{39945946-45EE-418B-8B20-8BFAC13AB2F8} = {E005B207-CFB9-4BC7-96C4-178F61723510}
		{B35234A0-7BF1-49B6-BDF2-4041D0763D9B} = {8DF1949C-0120-4412-9DCF-22EAB25601D1}
		{D7D1B61B-CD35-46EA-8575-3CF42D8F4F9D} = {8DF1949C-0120-4412-9DCF-22EAB25601D1}
		{0E45B937-670F-49E1-8EF1-A4BD312B94DA} = {8DF1949C-0120-4412-9DCF-22EAB25601D1}
		{F41CE952-0A8E-488C-BD79-05BE26D28801} = {8DF1949C-0120-4412-9DCF-22EAB25601D1}
	EndGlobalSection
	GlobalSection(SubversionScc) = preSolution
		Svn-Managed = True
		Manager = AnkhSVN - Subversion Support for Visual Studio
	EndGlobalSection
EndGlobal
